// !$*UTF8*$!
{
	archiveVersion = 1;
	classes = {
	};
	objectVersion = 56;
	objects = {

/* Begin PBXBuildFile section */
		840AB3FF2AAA147500AF21A1 /* AppDelegate.swift in Sources */ = {isa = PBXBuildFile; fileRef = 840AB3FE2AAA147500AF21A1 /* AppDelegate.swift */; };
		840AB4012AAA147500AF21A1 /* SceneDelegate.swift in Sources */ = {isa = PBXBuildFile; fileRef = 840AB4002AAA147500AF21A1 /* SceneDelegate.swift */; };
		840AB4032AAA147500AF21A1 /* ViewController.swift in Sources */ = {isa = PBXBuildFile; fileRef = 840AB4022AAA147500AF21A1 /* ViewController.swift */; };
		840AB4082AAA147700AF21A1 /* Assets.xcassets in Resources */ = {isa = PBXBuildFile; fileRef = 840AB4072AAA147700AF21A1 /* Assets.xcassets */; };
		840AB40B2AAA147700AF21A1 /* LaunchScreen.storyboard in Resources */ = {isa = PBXBuildFile; fileRef = 840AB4092AAA147700AF21A1 /* LaunchScreen.storyboard */; };
		840AB4142AAA276700AF21A1 /* ConfigCommonHeaderCell.swift in Sources */ = {isa = PBXBuildFile; fileRef = 840AB4132AAA276700AF21A1 /* ConfigCommonHeaderCell.swift */; };
		840AB4162AAA27AF00AF21A1 /* ConfigCommonHeaderCell.xib in Resources */ = {isa = PBXBuildFile; fileRef = 840AB4152AAA27AF00AF21A1 /* ConfigCommonHeaderCell.xib */; };
		840C3F572C7B163C00D71821 /* AudioKit.framework in Frameworks */ = {isa = PBXBuildFile; fileRef = 84984F222C7B0D72004B6EDD /* AudioKit.framework */; };
		840C3F592C7B163C00D71821 /* BaseKit.framework in Frameworks */ = {isa = PBXBuildFile; fileRef = 84984F232C7B0D72004B6EDD /* BaseKit.framework */; };
		840C3F5B2C7B163C00D71821 /* GraphicsKit.framework in Frameworks */ = {isa = PBXBuildFile; fileRef = 84984F212C7B0D72004B6EDD /* GraphicsKit.framework */; };
		840C3F5D2C7B163C00D71821 /* IosKit.framework in Frameworks */ = {isa = PBXBuildFile; fileRef = 84984F202C7B0D72004B6EDD /* IosKit.framework */; };
		840C3F5F2C7B163C00D71821 /* IosRes.bundle in Embed PlugIns */ = {isa = PBXBuildFile; fileRef = 84984F1F2C7B0D72004B6EDD /* IosRes.bundle */; settings = {ATTRIBUTES = (CodeSignOnCopy, RemoveHeadersOnCopy, ); }; };
		843A680B2AB44523001199C9 /* Main.storyboard in Resources */ = {isa = PBXBuildFile; fileRef = 843A68092AB44523001199C9 /* Main.storyboard */; };
		845D0FC62AA70B75005EE4A0 /* File.swift in Sources */ = {isa = PBXBuildFile; fileRef = 845D0FC52AA70B75005EE4A0 /* File.swift */; };
		847ACE8F2AC2676A0079F370 /* IndicatorSettingViewController.m in Sources */ = {isa = PBXBuildFile; fileRef = 847ACE8E2AC2676A0079F370 /* IndicatorSettingViewController.m */; };
		847F76EC2AD4FE4A00A04185 /* IndicatorSettingContentController.m in Sources */ = {isa = PBXBuildFile; fileRef = 847F76EB2AD4FE4A00A04185 /* IndicatorSettingContentController.m */; };
		847F76EF2AD502BF00A04185 /* IndicatorSettingCell.m in Sources */ = {isa = PBXBuildFile; fileRef = 847F76EE2AD502BF00A04185 /* IndicatorSettingCell.m */; };
		847F76F22AD504FE00A04185 /* IndicatorSettingViewModel.m in Sources */ = {isa = PBXBuildFile; fileRef = 847F76F12AD504FE00A04185 /* IndicatorSettingViewModel.m */; };
		847F76F62AD7645B00A04185 /* Defines.m in Sources */ = {isa = PBXBuildFile; fileRef = 847F76F52AD7645B00A04185 /* Defines.m */; };
		847F771D2AD7BF8800A04185 /* IndicatorSettingViewController.swift in Sources */ = {isa = PBXBuildFile; fileRef = 847F771C2AD7BF8800A04185 /* IndicatorSettingViewController.swift */; };
		847F771F2AD7C3A500A04185 /* IndicatorSettingContentController.swift in Sources */ = {isa = PBXBuildFile; fileRef = 847F771E2AD7C3A500A04185 /* IndicatorSettingContentController.swift */; };
		847F77212AD7C76D00A04185 /* IndicatorSettingViewModel.swift in Sources */ = {isa = PBXBuildFile; fileRef = 847F77202AD7C76D00A04185 /* IndicatorSettingViewModel.swift */; };
		847F77252AD7DF6400A04185 /* Defines.swift in Sources */ = {isa = PBXBuildFile; fileRef = 847F77242AD7DF6400A04185 /* Defines.swift */; };
		847F77272AD7DFCE00A04185 /* IndicatorSettingCell.swift in Sources */ = {isa = PBXBuildFile; fileRef = 847F77262AD7DFCE00A04185 /* IndicatorSettingCell.swift */; };
		84984F242C7B0D72004B6EDD /* IosRes.bundle in Embed PlugIns */ = {isa = PBXBuildFile; fileRef = 84984F1F2C7B0D72004B6EDD /* IosRes.bundle */; settings = {ATTRIBUTES = (CodeSignOnCopy, RemoveHeadersOnCopy, ); }; };
		84984F252C7B0D72004B6EDD /* IosKit.framework in Frameworks */ = {isa = PBXBuildFile; fileRef = 84984F202C7B0D72004B6EDD /* IosKit.framework */; };
		84984F272C7B0D72004B6EDD /* GraphicsKit.framework in Frameworks */ = {isa = PBXBuildFile; fileRef = 84984F212C7B0D72004B6EDD /* GraphicsKit.framework */; };
		84984F292C7B0D72004B6EDD /* AudioKit.framework in Frameworks */ = {isa = PBXBuildFile; fileRef = 84984F222C7B0D72004B6EDD /* AudioKit.framework */; };
		84984F2B2C7B0D72004B6EDD /* BaseKit.framework in Frameworks */ = {isa = PBXBuildFile; fileRef = 84984F232C7B0D72004B6EDD /* BaseKit.framework */; };
		84ABAF162A949B650012499C /* ConfigCommonHeaderCell.xib in Resources */ = {isa = PBXBuildFile; fileRef = 84ABAF152A949B650012499C /* ConfigCommonHeaderCell.xib */; };
		84ABAF1F2A949BB10012499C /* ConfigCommonHeaderCell.m in Sources */ = {isa = PBXBuildFile; fileRef = 84ABAF1D2A949BB10012499C /* ConfigCommonHeaderCell.m */; };
		84B01BBB2AEA4B6C00B416C0 /* IndicatorSettingDetailCell.m in Sources */ = {isa = PBXBuildFile; fileRef = 84B01BB82AEA4B6C00B416C0 /* IndicatorSettingDetailCell.m */; };
		84B01BBC2AEA4B6C00B416C0 /* IndicatorSettingDetailViewModel.m in Sources */ = {isa = PBXBuildFile; fileRef = 84B01BBA2AEA4B6C00B416C0 /* IndicatorSettingDetailViewModel.m */; };
		84B01BBF2AEA52C700B416C0 /* IndicatorSettingDetailViewModel.swift in Sources */ = {isa = PBXBuildFile; fileRef = 84B01BBE2AEA52C700B416C0 /* IndicatorSettingDetailViewModel.swift */; };
		84B01BC12AEA5DE100B416C0 /* IndicatorSettingDetailCell.swift in Sources */ = {isa = PBXBuildFile; fileRef = 84B01BC02AEA5DE100B416C0 /* IndicatorSettingDetailCell.swift */; };
		84B01BD02AEB557100B416C0 /* IndicatorSettingViewModel+Enum.swift in Sources */ = {isa = PBXBuildFile; fileRef = 84B01BCF2AEB557100B416C0 /* IndicatorSettingViewModel+Enum.swift */; };
		84B01BD32AEB96FF00B416C0 /* IndicatorSettingViewModel+Enum.m in Sources */ = {isa = PBXBuildFile; fileRef = 84B01BD22AEB96FF00B416C0 /* IndicatorSettingViewModel+Enum.m */; };
		84BB8D782AF8FFCD00F6B9D1 /* HelpRanges.json in Resources */ = {isa = PBXBuildFile; fileRef = 84BB8D732AF8FFCD00F6B9D1 /* HelpRanges.json */; };
		84BB8D792AF8FFCD00F6B9D1 /* HelpRanges.json in Resources */ = {isa = PBXBuildFile; fileRef = 84BB8D732AF8FFCD00F6B9D1 /* HelpRanges.json */; };
		84BB8D7A2AF8FFCD00F6B9D1 /* HelpIndica.json in Resources */ = {isa = PBXBuildFile; fileRef = 84BB8D742AF8FFCD00F6B9D1 /* HelpIndica.json */; };
		84BB8D7B2AF8FFCD00F6B9D1 /* HelpIndica.json in Resources */ = {isa = PBXBuildFile; fileRef = 84BB8D742AF8FFCD00F6B9D1 /* HelpIndica.json */; };
		84BB8D7C2AF8FFCD00F6B9D1 /* HelpSignals.json in Resources */ = {isa = PBXBuildFile; fileRef = 84BB8D752AF8FFCD00F6B9D1 /* HelpSignals.json */; };
		84BB8D7D2AF8FFCD00F6B9D1 /* HelpSignals.json in Resources */ = {isa = PBXBuildFile; fileRef = 84BB8D752AF8FFCD00F6B9D1 /* HelpSignals.json */; };
		84BB8D7E2AF8FFCD00F6B9D1 /* HelpPatterns.json in Resources */ = {isa = PBXBuildFile; fileRef = 84BB8D762AF8FFCD00F6B9D1 /* HelpPatterns.json */; };
		84BB8D7F2AF8FFCD00F6B9D1 /* HelpPatterns.json in Resources */ = {isa = PBXBuildFile; fileRef = 84BB8D762AF8FFCD00F6B9D1 /* HelpPatterns.json */; };
		84BB8D802AF8FFCD00F6B9D1 /* HelpFill.json in Resources */ = {isa = PBXBuildFile; fileRef = 84BB8D772AF8FFCD00F6B9D1 /* HelpFill.json */; };
		84BB8D812AF8FFCD00F6B9D1 /* HelpFill.json in Resources */ = {isa = PBXBuildFile; fileRef = 84BB8D772AF8FFCD00F6B9D1 /* HelpFill.json */; };
		84DAFD0A2AE49C44001136FD /* IndicatorSettingDetailController.m in Sources */ = {isa = PBXBuildFile; fileRef = 84DAFD092AE49C44001136FD /* IndicatorSettingDetailController.m */; };
		84DAFD0C2AE49C5C001136FD /* IndicatorSettingDetailController.swift in Sources */ = {isa = PBXBuildFile; fileRef = 84DAFD0B2AE49C5C001136FD /* IndicatorSettingDetailController.swift */; };
		84E161EE2A8E15A30015FAED /* AppDelegate.m in Sources */ = {isa = PBXBuildFile; fileRef = 84E161ED2A8E15A30015FAED /* AppDelegate.m */; };
		84E161F12A8E15A30015FAED /* SceneDelegate.m in Sources */ = {isa = PBXBuildFile; fileRef = 84E161F02A8E15A30015FAED /* SceneDelegate.m */; };
		84E161F72A8E15A30015FAED /* Main.storyboard in Resources */ = {isa = PBXBuildFile; fileRef = 84E161F52A8E15A30015FAED /* Main.storyboard */; };
		84E161F92A8E15A40015FAED /* Assets.xcassets in Resources */ = {isa = PBXBuildFile; fileRef = 84E161F82A8E15A40015FAED /* Assets.xcassets */; };
		84E161FC2A8E15A40015FAED /* LaunchScreen.storyboard in Resources */ = {isa = PBXBuildFile; fileRef = 84E161FA2A8E15A40015FAED /* LaunchScreen.storyboard */; };
		84E161FF2A8E15A40015FAED /* main.m in Sources */ = {isa = PBXBuildFile; fileRef = 84E161FE2A8E15A40015FAED /* main.m */; };
		84E762A02ADEB91D003BC4FD /* indica.json in Resources */ = {isa = PBXBuildFile; fileRef = 84E7629F2ADEB91D003BC4FD /* indica.json */; };
		84E762A12ADEB91D003BC4FD /* indica.json in Resources */ = {isa = PBXBuildFile; fileRef = 84E7629F2ADEB91D003BC4FD /* indica.json */; };
		84E762A52ADEBC56003BC4FD /* signal.json in Resources */ = {isa = PBXBuildFile; fileRef = 84E762A42ADEBC56003BC4FD /* signal.json */; };
		84E762A62ADEBC56003BC4FD /* signal.json in Resources */ = {isa = PBXBuildFile; fileRef = 84E762A42ADEBC56003BC4FD /* signal.json */; };
		84E762AD2ADEBEEE003BC4FD /* pattern.json in Resources */ = {isa = PBXBuildFile; fileRef = 84E762AB2ADEBEEE003BC4FD /* pattern.json */; };
		84E762AE2ADEBEEE003BC4FD /* pattern.json in Resources */ = {isa = PBXBuildFile; fileRef = 84E762AB2ADEBEEE003BC4FD /* pattern.json */; };
		84E762AF2ADEBEEE003BC4FD /* fill.json in Resources */ = {isa = PBXBuildFile; fileRef = 84E762AC2ADEBEEE003BC4FD /* fill.json */; };
		84E762B02ADEBEEE003BC4FD /* fill.json in Resources */ = {isa = PBXBuildFile; fileRef = 84E762AC2ADEBEEE003BC4FD /* fill.json */; };
		84E762B42ADEC0BE003BC4FD /* region.json in Resources */ = {isa = PBXBuildFile; fileRef = 84E762B32ADEC0BE003BC4FD /* region.json */; };
		84E762B52ADEC0BE003BC4FD /* region.json in Resources */ = {isa = PBXBuildFile; fileRef = 84E762B32ADEC0BE003BC4FD /* region.json */; };
		84E762B82ADF6047003BC4FD /* IndicatorSettingSearchController.m in Sources */ = {isa = PBXBuildFile; fileRef = 84E762B72ADF6047003BC4FD /* IndicatorSettingSearchController.m */; };
		84E762BA2ADF6F64003BC4FD /* IndicatorSettingSearchController.swift in Sources */ = {isa = PBXBuildFile; fileRef = 84E762B92ADF6F64003BC4FD /* IndicatorSettingSearchController.swift */; };
/* End PBXBuildFile section */

/* Begin PBXCopyFilesBuildPhase section */
		845D0FC32AA70A32005EE4A0 /* Embed PlugIns */ = {
			isa = PBXCopyFilesBuildPhase;
			buildActionMask = 2147483647;
			dstPath = "";
			dstSubfolderSpec = 13;
			files = (
				840C3F5F2C7B163C00D71821 /* IosRes.bundle in Embed PlugIns */,
			);
			name = "Embed PlugIns";
			runOnlyForDeploymentPostprocessing = 0;
		};
		84984F2D2C7B0D72004B6EDD /* Embed PlugIns */ = {
			isa = PBXCopyFilesBuildPhase;
			buildActionMask = 2147483647;
			dstPath = "";
			dstSubfolderSpec = 13;
			files = (
				84984F242C7B0D72004B6EDD /* IosRes.bundle in Embed PlugIns */,
			);
			name = "Embed PlugIns";
			runOnlyForDeploymentPostprocessing = 0;
		};
/* End PBXCopyFilesBuildPhase section */

/* Begin PBXFileReference section */
		840AB3FC2AAA147500AF21A1 /* InitialConsonantSearch_Swift.app */ = {isa = PBXFileReference; explicitFileType = wrapper.application; includeInIndex = 0; path = InitialConsonantSearch_Swift.app; sourceTree = BUILT_PRODUCTS_DIR; };
		840AB3FE2AAA147500AF21A1 /* AppDelegate.swift */ = {isa = PBXFileReference; lastKnownFileType = sourcecode.swift; path = AppDelegate.swift; sourceTree = "<group>"; };
		840AB4002AAA147500AF21A1 /* SceneDelegate.swift */ = {isa = PBXFileReference; lastKnownFileType = sourcecode.swift; path = SceneDelegate.swift; sourceTree = "<group>"; };
		840AB4022AAA147500AF21A1 /* ViewController.swift */ = {isa = PBXFileReference; lastKnownFileType = sourcecode.swift; path = ViewController.swift; sourceTree = "<group>"; };
		840AB4072AAA147700AF21A1 /* Assets.xcassets */ = {isa = PBXFileReference; lastKnownFileType = folder.assetcatalog; path = Assets.xcassets; sourceTree = "<group>"; };
		840AB40A2AAA147700AF21A1 /* Base */ = {isa = PBXFileReference; lastKnownFileType = file.storyboard; name = Base; path = Base.lproj/LaunchScreen.storyboard; sourceTree = "<group>"; };
		840AB40C2AAA147700AF21A1 /* Info.plist */ = {isa = PBXFileReference; lastKnownFileType = text.plist.xml; path = Info.plist; sourceTree = "<group>"; };
		840AB4132AAA276700AF21A1 /* ConfigCommonHeaderCell.swift */ = {isa = PBXFileReference; lastKnownFileType = sourcecode.swift; path = ConfigCommonHeaderCell.swift; sourceTree = "<group>"; };
		840AB4152AAA27AF00AF21A1 /* ConfigCommonHeaderCell.xib */ = {isa = PBXFileReference; fileEncoding = 4; lastKnownFileType = file.xib; path = ConfigCommonHeaderCell.xib; sourceTree = "<group>"; };
		840C3F652C7C066200D71821 /* 240826a1.jpg */ = {isa = PBXFileReference; lastKnownFileType = image.jpeg; path = 240826a1.jpg; sourceTree = "<group>"; };
		843A680A2AB44523001199C9 /* Base */ = {isa = PBXFileReference; lastKnownFileType = file.storyboard; name = Base; path = Base.lproj/Main.storyboard; sourceTree = "<group>"; };
		845D0FC42AA70B74005EE4A0 /* InitialConsonantSearch-Bridging-Header.h */ = {isa = PBXFileReference; lastKnownFileType = sourcecode.c.h; path = "InitialConsonantSearch-Bridging-Header.h"; sourceTree = "<group>"; };
		845D0FC52AA70B75005EE4A0 /* File.swift */ = {isa = PBXFileReference; lastKnownFileType = sourcecode.swift; path = File.swift; sourceTree = "<group>"; };
		847ACE8D2AC2676A0079F370 /* IndicatorSettingViewController.h */ = {isa = PBXFileReference; lastKnownFileType = sourcecode.c.h; path = IndicatorSettingViewController.h; sourceTree = "<group>"; };
		847ACE8E2AC2676A0079F370 /* IndicatorSettingViewController.m */ = {isa = PBXFileReference; lastKnownFileType = sourcecode.c.objc; path = IndicatorSettingViewController.m; sourceTree = "<group>"; };
		847F76EA2AD4FE4A00A04185 /* IndicatorSettingContentController.h */ = {isa = PBXFileReference; lastKnownFileType = sourcecode.c.h; path = IndicatorSettingContentController.h; sourceTree = "<group>"; };
		847F76EB2AD4FE4A00A04185 /* IndicatorSettingContentController.m */ = {isa = PBXFileReference; lastKnownFileType = sourcecode.c.objc; path = IndicatorSettingContentController.m; sourceTree = "<group>"; };
		847F76ED2AD502BF00A04185 /* IndicatorSettingCell.h */ = {isa = PBXFileReference; lastKnownFileType = sourcecode.c.h; path = IndicatorSettingCell.h; sourceTree = "<group>"; };
		847F76EE2AD502BF00A04185 /* IndicatorSettingCell.m */ = {isa = PBXFileReference; lastKnownFileType = sourcecode.c.objc; path = IndicatorSettingCell.m; sourceTree = "<group>"; };
		847F76F02AD504FE00A04185 /* IndicatorSettingViewModel.h */ = {isa = PBXFileReference; lastKnownFileType = sourcecode.c.h; path = IndicatorSettingViewModel.h; sourceTree = "<group>"; };
		847F76F12AD504FE00A04185 /* IndicatorSettingViewModel.m */ = {isa = PBXFileReference; lastKnownFileType = sourcecode.c.objc; path = IndicatorSettingViewModel.m; sourceTree = "<group>"; };
		847F76F42AD7645B00A04185 /* Defines.h */ = {isa = PBXFileReference; lastKnownFileType = sourcecode.c.h; path = Defines.h; sourceTree = "<group>"; };
		847F76F52AD7645B00A04185 /* Defines.m */ = {isa = PBXFileReference; lastKnownFileType = sourcecode.c.objc; path = Defines.m; sourceTree = "<group>"; };
		847F771C2AD7BF8800A04185 /* IndicatorSettingViewController.swift */ = {isa = PBXFileReference; lastKnownFileType = sourcecode.swift; path = IndicatorSettingViewController.swift; sourceTree = "<group>"; };
		847F771E2AD7C3A500A04185 /* IndicatorSettingContentController.swift */ = {isa = PBXFileReference; lastKnownFileType = sourcecode.swift; path = IndicatorSettingContentController.swift; sourceTree = "<group>"; };
		847F77202AD7C76D00A04185 /* IndicatorSettingViewModel.swift */ = {isa = PBXFileReference; lastKnownFileType = sourcecode.swift; path = IndicatorSettingViewModel.swift; sourceTree = "<group>"; };
		847F77242AD7DF6400A04185 /* Defines.swift */ = {isa = PBXFileReference; lastKnownFileType = sourcecode.swift; path = Defines.swift; sourceTree = "<group>"; };
		847F77262AD7DFCE00A04185 /* IndicatorSettingCell.swift */ = {isa = PBXFileReference; lastKnownFileType = sourcecode.swift; path = IndicatorSettingCell.swift; sourceTree = "<group>"; };
		848B5FA52A92DEE3008190CC /* README.md */ = {isa = PBXFileReference; lastKnownFileType = net.daringfireball.markdown; path = README.md; sourceTree = "<group>"; };
		84984F1F2C7B0D72004B6EDD /* IosRes.bundle */ = {isa = PBXFileReference; lastKnownFileType = "wrapper.plug-in"; name = IosRes.bundle; path = ../IosLib/IosRes.bundle; sourceTree = "<group>"; };
		84984F202C7B0D72004B6EDD /* IosKit.framework */ = {isa = PBXFileReference; lastKnownFileType = wrapper.framework; name = IosKit.framework; path = ../IosLib/IosKit.framework; sourceTree = "<group>"; };
		84984F212C7B0D72004B6EDD /* GraphicsKit.framework */ = {isa = PBXFileReference; lastKnownFileType = wrapper.framework; name = GraphicsKit.framework; path = ../IosLib/GraphicsKit.framework; sourceTree = "<group>"; };
		84984F222C7B0D72004B6EDD /* AudioKit.framework */ = {isa = PBXFileReference; lastKnownFileType = wrapper.framework; name = AudioKit.framework; path = ../IosLib/AudioKit.framework; sourceTree = "<group>"; };
		84984F232C7B0D72004B6EDD /* BaseKit.framework */ = {isa = PBXFileReference; lastKnownFileType = wrapper.framework; name = BaseKit.framework; path = ../IosLib/BaseKit.framework; sourceTree = "<group>"; };
		84ABAF152A949B650012499C /* ConfigCommonHeaderCell.xib */ = {isa = PBXFileReference; lastKnownFileType = file.xib; path = ConfigCommonHeaderCell.xib; sourceTree = "<group>"; };
		84ABAF1C2A949BB10012499C /* ConfigCommonHeaderCell.h */ = {isa = PBXFileReference; lastKnownFileType = sourcecode.c.h; path = ConfigCommonHeaderCell.h; sourceTree = "<group>"; };
		84ABAF1D2A949BB10012499C /* ConfigCommonHeaderCell.m */ = {isa = PBXFileReference; lastKnownFileType = sourcecode.c.objc; path = ConfigCommonHeaderCell.m; sourceTree = "<group>"; };
		84B01BB72AEA4B6C00B416C0 /* IndicatorSettingDetailViewModel.h */ = {isa = PBXFileReference; fileEncoding = 4; lastKnownFileType = sourcecode.c.h; path = IndicatorSettingDetailViewModel.h; sourceTree = "<group>"; };
		84B01BB82AEA4B6C00B416C0 /* IndicatorSettingDetailCell.m */ = {isa = PBXFileReference; fileEncoding = 4; lastKnownFileType = sourcecode.c.objc; path = IndicatorSettingDetailCell.m; sourceTree = "<group>"; };
		84B01BB92AEA4B6C00B416C0 /* IndicatorSettingDetailCell.h */ = {isa = PBXFileReference; fileEncoding = 4; lastKnownFileType = sourcecode.c.h; path = IndicatorSettingDetailCell.h; sourceTree = "<group>"; };
		84B01BBA2AEA4B6C00B416C0 /* IndicatorSettingDetailViewModel.m */ = {isa = PBXFileReference; fileEncoding = 4; lastKnownFileType = sourcecode.c.objc; path = IndicatorSettingDetailViewModel.m; sourceTree = "<group>"; };
		84B01BBE2AEA52C700B416C0 /* IndicatorSettingDetailViewModel.swift */ = {isa = PBXFileReference; fileEncoding = 4; lastKnownFileType = sourcecode.swift; path = IndicatorSettingDetailViewModel.swift; sourceTree = "<group>"; };
		84B01BC02AEA5DE100B416C0 /* IndicatorSettingDetailCell.swift */ = {isa = PBXFileReference; fileEncoding = 4; lastKnownFileType = sourcecode.swift; path = IndicatorSettingDetailCell.swift; sourceTree = "<group>"; };
		84B01BCF2AEB557100B416C0 /* IndicatorSettingViewModel+Enum.swift */ = {isa = PBXFileReference; fileEncoding = 4; lastKnownFileType = sourcecode.swift; path = "IndicatorSettingViewModel+Enum.swift"; sourceTree = "<group>"; };
		84B01BD12AEB96FF00B416C0 /* IndicatorSettingViewModel+Enum.h */ = {isa = PBXFileReference; lastKnownFileType = sourcecode.c.h; path = "IndicatorSettingViewModel+Enum.h"; sourceTree = "<group>"; };
		84B01BD22AEB96FF00B416C0 /* IndicatorSettingViewModel+Enum.m */ = {isa = PBXFileReference; lastKnownFileType = sourcecode.c.objc; path = "IndicatorSettingViewModel+Enum.m"; sourceTree = "<group>"; };
		84BB8D732AF8FFCD00F6B9D1 /* HelpRanges.json */ = {isa = PBXFileReference; fileEncoding = 4; lastKnownFileType = text.json; path = HelpRanges.json; sourceTree = "<group>"; };
		84BB8D742AF8FFCD00F6B9D1 /* HelpIndica.json */ = {isa = PBXFileReference; fileEncoding = 4; lastKnownFileType = text.json; path = HelpIndica.json; sourceTree = "<group>"; };
		84BB8D752AF8FFCD00F6B9D1 /* HelpSignals.json */ = {isa = PBXFileReference; fileEncoding = 4; lastKnownFileType = text.json; path = HelpSignals.json; sourceTree = "<group>"; };
		84BB8D762AF8FFCD00F6B9D1 /* HelpPatterns.json */ = {isa = PBXFileReference; fileEncoding = 4; lastKnownFileType = text.json; path = HelpPatterns.json; sourceTree = "<group>"; };
		84BB8D772AF8FFCD00F6B9D1 /* HelpFill.json */ = {isa = PBXFileReference; fileEncoding = 4; lastKnownFileType = text.json; path = HelpFill.json; sourceTree = "<group>"; };
		84DAFD082AE49C44001136FD /* IndicatorSettingDetailController.h */ = {isa = PBXFileReference; lastKnownFileType = sourcecode.c.h; path = IndicatorSettingDetailController.h; sourceTree = "<group>"; };
		84DAFD092AE49C44001136FD /* IndicatorSettingDetailController.m */ = {isa = PBXFileReference; lastKnownFileType = sourcecode.c.objc; path = IndicatorSettingDetailController.m; sourceTree = "<group>"; };
		84DAFD0B2AE49C5C001136FD /* IndicatorSettingDetailController.swift */ = {isa = PBXFileReference; lastKnownFileType = sourcecode.swift; path = IndicatorSettingDetailController.swift; sourceTree = "<group>"; };
		84E161E92A8E15A30015FAED /* InitialConsonantSearch.app */ = {isa = PBXFileReference; explicitFileType = wrapper.application; includeInIndex = 0; path = InitialConsonantSearch.app; sourceTree = BUILT_PRODUCTS_DIR; };
		84E161EC2A8E15A30015FAED /* AppDelegate.h */ = {isa = PBXFileReference; lastKnownFileType = sourcecode.c.h; path = AppDelegate.h; sourceTree = "<group>"; };
		84E161ED2A8E15A30015FAED /* AppDelegate.m */ = {isa = PBXFileReference; lastKnownFileType = sourcecode.c.objc; path = AppDelegate.m; sourceTree = "<group>"; };
		84E161EF2A8E15A30015FAED /* SceneDelegate.h */ = {isa = PBXFileReference; lastKnownFileType = sourcecode.c.h; path = SceneDelegate.h; sourceTree = "<group>"; };
		84E161F02A8E15A30015FAED /* SceneDelegate.m */ = {isa = PBXFileReference; lastKnownFileType = sourcecode.c.objc; path = SceneDelegate.m; sourceTree = "<group>"; };
		84E161F62A8E15A30015FAED /* Base */ = {isa = PBXFileReference; lastKnownFileType = file.storyboard; name = Base; path = Base.lproj/Main.storyboard; sourceTree = "<group>"; };
		84E161F82A8E15A40015FAED /* Assets.xcassets */ = {isa = PBXFileReference; lastKnownFileType = folder.assetcatalog; path = Assets.xcassets; sourceTree = "<group>"; };
		84E161FB2A8E15A40015FAED /* Base */ = {isa = PBXFileReference; lastKnownFileType = file.storyboard; name = Base; path = Base.lproj/LaunchScreen.storyboard; sourceTree = "<group>"; };
		84E161FD2A8E15A40015FAED /* Info.plist */ = {isa = PBXFileReference; lastKnownFileType = text.plist.xml; path = Info.plist; sourceTree = "<group>"; };
		84E161FE2A8E15A40015FAED /* main.m */ = {isa = PBXFileReference; lastKnownFileType = sourcecode.c.objc; path = main.m; sourceTree = "<group>"; };
		84E7629F2ADEB91D003BC4FD /* indica.json */ = {isa = PBXFileReference; fileEncoding = 4; lastKnownFileType = text.json; path = indica.json; sourceTree = "<group>"; };
		84E762A42ADEBC56003BC4FD /* signal.json */ = {isa = PBXFileReference; fileEncoding = 4; lastKnownFileType = text.json; path = signal.json; sourceTree = "<group>"; };
		84E762AB2ADEBEEE003BC4FD /* pattern.json */ = {isa = PBXFileReference; fileEncoding = 4; lastKnownFileType = text.json; path = pattern.json; sourceTree = "<group>"; };
		84E762AC2ADEBEEE003BC4FD /* fill.json */ = {isa = PBXFileReference; fileEncoding = 4; lastKnownFileType = text.json; path = fill.json; sourceTree = "<group>"; };
		84E762B32ADEC0BE003BC4FD /* region.json */ = {isa = PBXFileReference; fileEncoding = 4; lastKnownFileType = text.json; path = region.json; sourceTree = "<group>"; };
		84E762B62ADF6047003BC4FD /* IndicatorSettingSearchController.h */ = {isa = PBXFileReference; lastKnownFileType = sourcecode.c.h; path = IndicatorSettingSearchController.h; sourceTree = "<group>"; };
		84E762B72ADF6047003BC4FD /* IndicatorSettingSearchController.m */ = {isa = PBXFileReference; lastKnownFileType = sourcecode.c.objc; path = IndicatorSettingSearchController.m; sourceTree = "<group>"; };
		84E762B92ADF6F64003BC4FD /* IndicatorSettingSearchController.swift */ = {isa = PBXFileReference; lastKnownFileType = sourcecode.swift; path = IndicatorSettingSearchController.swift; sourceTree = "<group>"; };
/* End PBXFileReference section */

/* Begin PBXFrameworksBuildPhase section */
		840AB3F92AAA147500AF21A1 /* Frameworks */ = {
			isa = PBXFrameworksBuildPhase;
			buildActionMask = 2147483647;
			files = (
				84984F2B2C7B0D72004B6EDD /* BaseKit.framework in Frameworks */,
				84984F292C7B0D72004B6EDD /* AudioKit.framework in Frameworks */,
				84984F272C7B0D72004B6EDD /* GraphicsKit.framework in Frameworks */,
				84984F252C7B0D72004B6EDD /* IosKit.framework in Frameworks */,
			);
			runOnlyForDeploymentPostprocessing = 0;
		};
		84E161E62A8E15A30015FAED /* Frameworks */ = {
			isa = PBXFrameworksBuildPhase;
			buildActionMask = 2147483647;
			files = (
				840C3F592C7B163C00D71821 /* BaseKit.framework in Frameworks */,
				840C3F572C7B163C00D71821 /* AudioKit.framework in Frameworks */,
				840C3F5B2C7B163C00D71821 /* GraphicsKit.framework in Frameworks */,
				840C3F5D2C7B163C00D71821 /* IosKit.framework in Frameworks */,
			);
			runOnlyForDeploymentPostprocessing = 0;
		};
/* End PBXFrameworksBuildPhase section */

/* Begin PBXGroup section */
		840AB3FD2AAA147500AF21A1 /* InitialConsonantSearch_Swift */ = {
			isa = PBXGroup;
			children = (
				840AB3FE2AAA147500AF21A1 /* AppDelegate.swift */,
				840AB4002AAA147500AF21A1 /* SceneDelegate.swift */,
				840AB4022AAA147500AF21A1 /* ViewController.swift */,
				840AB4102AAA271C00AF21A1 /* Main */,
				840AB4072AAA147700AF21A1 /* Assets.xcassets */,
				843A68092AB44523001199C9 /* Main.storyboard */,
				840AB4092AAA147700AF21A1 /* LaunchScreen.storyboard */,
				840AB40C2AAA147700AF21A1 /* Info.plist */,
			);
			path = InitialConsonantSearch_Swift;
			sourceTree = "<group>";
		};
		840AB4102AAA271C00AF21A1 /* Main */ = {
			isa = PBXGroup;
			children = (
				847F771C2AD7BF8800A04185 /* IndicatorSettingViewController.swift */,
				847F771E2AD7C3A500A04185 /* IndicatorSettingContentController.swift */,
				84E762B92ADF6F64003BC4FD /* IndicatorSettingSearchController.swift */,
				84DAFD0B2AE49C5C001136FD /* IndicatorSettingDetailController.swift */,
				84B01BBD2AEA528B00B416C0 /* Cell ViewModel ETC */,
				847F77242AD7DF6400A04185 /* Defines.swift */,
			);
			path = Main;
			sourceTree = "<group>";
		};
		840AB4112AAA272400AF21A1 /* Header */ = {
			isa = PBXGroup;
			children = (
				840AB4132AAA276700AF21A1 /* ConfigCommonHeaderCell.swift */,
				840AB4152AAA27AF00AF21A1 /* ConfigCommonHeaderCell.xib */,
			);
			path = Header;
			sourceTree = "<group>";
		};
		840C3F612C7B172400D71821 /* Resource */ = {
			isa = PBXGroup;
			children = (
				840C3F622C7B174B00D71821 /* JSON */,
				840C3F632C7B175800D71821 /* HELP_JSON */,
			);
			path = Resource;
			sourceTree = "<group>";
		};
		840C3F622C7B174B00D71821 /* JSON */ = {
			isa = PBXGroup;
			children = (
				84E7629F2ADEB91D003BC4FD /* indica.json */,
				84E762A42ADEBC56003BC4FD /* signal.json */,
				84E762AC2ADEBEEE003BC4FD /* fill.json */,
				84E762AB2ADEBEEE003BC4FD /* pattern.json */,
				84E762B32ADEC0BE003BC4FD /* region.json */,
			);
			name = JSON;
			sourceTree = "<group>";
		};
		840C3F632C7B175800D71821 /* HELP_JSON */ = {
			isa = PBXGroup;
			children = (
				84BB8D732AF8FFCD00F6B9D1 /* HelpRanges.json */,
				84BB8D742AF8FFCD00F6B9D1 /* HelpIndica.json */,
				84BB8D752AF8FFCD00F6B9D1 /* HelpSignals.json */,
				84BB8D762AF8FFCD00F6B9D1 /* HelpPatterns.json */,
				84BB8D772AF8FFCD00F6B9D1 /* HelpFill.json */,
			);
			name = HELP_JSON;
			sourceTree = "<group>";
		};
		840C3F642C7C063700D71821 /* screenshot */ = {
			isa = PBXGroup;
			children = (
				840C3F652C7C066200D71821 /* 240826a1.jpg */,
			);
			path = screenshot;
			sourceTree = "<group>";
		};
		843496252AA1C21E00EA2677 /* Main */ = {
			isa = PBXGroup;
			children = (
				847ACE8D2AC2676A0079F370 /* IndicatorSettingViewController.h */,
				847ACE8E2AC2676A0079F370 /* IndicatorSettingViewController.m */,
				847F76EA2AD4FE4A00A04185 /* IndicatorSettingContentController.h */,
				847F76EB2AD4FE4A00A04185 /* IndicatorSettingContentController.m */,
				84E762B62ADF6047003BC4FD /* IndicatorSettingSearchController.h */,
				84E762B72ADF6047003BC4FD /* IndicatorSettingSearchController.m */,
				84DAFD082AE49C44001136FD /* IndicatorSettingDetailController.h */,
				84DAFD092AE49C44001136FD /* IndicatorSettingDetailController.m */,
				84B01BB62AEA4B1200B416C0 /* Cell ViewModel ETC */,
				847F76F32AD7642400A04185 /* Util */,
			);
			path = Main;
			sourceTree = "<group>";
		};
		845D0FB32AA70A28005EE4A0 /* Frameworks */ = {
			isa = PBXGroup;
			children = (
				84984F222C7B0D72004B6EDD /* AudioKit.framework */,
				84984F232C7B0D72004B6EDD /* BaseKit.framework */,
				84984F212C7B0D72004B6EDD /* GraphicsKit.framework */,
				84984F202C7B0D72004B6EDD /* IosKit.framework */,
				84984F1F2C7B0D72004B6EDD /* IosRes.bundle */,
			);
			name = Frameworks;
			sourceTree = "<group>";
		};
		847F76F32AD7642400A04185 /* Util */ = {
			isa = PBXGroup;
			children = (
				847F76F42AD7645B00A04185 /* Defines.h */,
				847F76F52AD7645B00A04185 /* Defines.m */,
			);
			path = Util;
			sourceTree = "<group>";
		};
		84ABAF732A96E4390012499C /* Header */ = {
			isa = PBXGroup;
			children = (
				84ABAF1C2A949BB10012499C /* ConfigCommonHeaderCell.h */,
				84ABAF1D2A949BB10012499C /* ConfigCommonHeaderCell.m */,
				84ABAF152A949B650012499C /* ConfigCommonHeaderCell.xib */,
			);
			path = Header;
			sourceTree = "<group>";
		};
		84B01BB62AEA4B1200B416C0 /* Cell ViewModel ETC */ = {
			isa = PBXGroup;
			children = (
				84ABAF732A96E4390012499C /* Header */,
				847F76F02AD504FE00A04185 /* IndicatorSettingViewModel.h */,
				847F76F12AD504FE00A04185 /* IndicatorSettingViewModel.m */,
				84B01BD12AEB96FF00B416C0 /* IndicatorSettingViewModel+Enum.h */,
				84B01BD22AEB96FF00B416C0 /* IndicatorSettingViewModel+Enum.m */,
				84B01BB72AEA4B6C00B416C0 /* IndicatorSettingDetailViewModel.h */,
				84B01BBA2AEA4B6C00B416C0 /* IndicatorSettingDetailViewModel.m */,
				847F76ED2AD502BF00A04185 /* IndicatorSettingCell.h */,
				847F76EE2AD502BF00A04185 /* IndicatorSettingCell.m */,
				84B01BB92AEA4B6C00B416C0 /* IndicatorSettingDetailCell.h */,
				84B01BB82AEA4B6C00B416C0 /* IndicatorSettingDetailCell.m */,
			);
			path = "Cell ViewModel ETC";
			sourceTree = "<group>";
		};
		84B01BBD2AEA528B00B416C0 /* Cell ViewModel ETC */ = {
			isa = PBXGroup;
			children = (
				847F77202AD7C76D00A04185 /* IndicatorSettingViewModel.swift */,
				84B01BCF2AEB557100B416C0 /* IndicatorSettingViewModel+Enum.swift */,
				84B01BBE2AEA52C700B416C0 /* IndicatorSettingDetailViewModel.swift */,
				84B01BC02AEA5DE100B416C0 /* IndicatorSettingDetailCell.swift */,
				847F77262AD7DFCE00A04185 /* IndicatorSettingCell.swift */,
				840AB4112AAA272400AF21A1 /* Header */,
			);
			path = "Cell ViewModel ETC";
			sourceTree = "<group>";
		};
		84E161E02A8E15A30015FAED = {
			isa = PBXGroup;
			children = (
				848B5FA52A92DEE3008190CC /* README.md */,
				840C3F642C7C063700D71821 /* screenshot */,
				840C3F612C7B172400D71821 /* Resource */,
				84E161EB2A8E15A30015FAED /* InitialConsonantSearch */,
				840AB3FD2AAA147500AF21A1 /* InitialConsonantSearch_Swift */,
				84E161EA2A8E15A30015FAED /* Products */,
				845D0FB32AA70A28005EE4A0 /* Frameworks */,
			);
			sourceTree = "<group>";
		};
		84E161EA2A8E15A30015FAED /* Products */ = {
			isa = PBXGroup;
			children = (
				84E161E92A8E15A30015FAED /* InitialConsonantSearch.app */,
				840AB3FC2AAA147500AF21A1 /* InitialConsonantSearch_Swift.app */,
			);
			name = Products;
			sourceTree = "<group>";
		};
		84E161EB2A8E15A30015FAED /* InitialConsonantSearch */ = {
			isa = PBXGroup;
			children = (
				84E161EC2A8E15A30015FAED /* AppDelegate.h */,
				84E161ED2A8E15A30015FAED /* AppDelegate.m */,
				84E161EF2A8E15A30015FAED /* SceneDelegate.h */,
				84E161F02A8E15A30015FAED /* SceneDelegate.m */,
				843496252AA1C21E00EA2677 /* Main */,
				84E161F52A8E15A30015FAED /* Main.storyboard */,
				84E161F82A8E15A40015FAED /* Assets.xcassets */,
				84E161FA2A8E15A40015FAED /* LaunchScreen.storyboard */,
				84E161FD2A8E15A40015FAED /* Info.plist */,
				84E161FE2A8E15A40015FAED /* main.m */,
				845D0FC52AA70B75005EE4A0 /* File.swift */,
				845D0FC42AA70B74005EE4A0 /* InitialConsonantSearch-Bridging-Header.h */,
			);
			path = InitialConsonantSearch;
			sourceTree = "<group>";
		};
/* End PBXGroup section */

/* Begin PBXNativeTarget section */
		840AB3FB2AAA147500AF21A1 /* InitialConsonantSearch_Swift */ = {
			isa = PBXNativeTarget;
			buildConfigurationList = 840AB40D2AAA147700AF21A1 /* Build configuration list for PBXNativeTarget "InitialConsonantSearch_Swift" */;
			buildPhases = (
				840AB3F82AAA147500AF21A1 /* Sources */,
				840AB3F92AAA147500AF21A1 /* Frameworks */,
				840AB3FA2AAA147500AF21A1 /* Resources */,
				84984F2D2C7B0D72004B6EDD /* Embed PlugIns */,
			);
			buildRules = (
			);
			dependencies = (
			);
			name = InitialConsonantSearch_Swift;
			productName = ChartType_Swift;
			productReference = 840AB3FC2AAA147500AF21A1 /* InitialConsonantSearch_Swift.app */;
			productType = "com.apple.product-type.application";
		};
		84E161E82A8E15A30015FAED /* InitialConsonantSearch */ = {
			isa = PBXNativeTarget;
			buildConfigurationList = 84E162022A8E15A40015FAED /* Build configuration list for PBXNativeTarget "InitialConsonantSearch" */;
			buildPhases = (
				84E161E52A8E15A30015FAED /* Sources */,
				84E161E62A8E15A30015FAED /* Frameworks */,
				84E161E72A8E15A30015FAED /* Resources */,
				845D0FC32AA70A32005EE4A0 /* Embed PlugIns */,
			);
			buildRules = (
			);
			dependencies = (
			);
			name = InitialConsonantSearch;
			productName = AAAAA;
			productReference = 84E161E92A8E15A30015FAED /* InitialConsonantSearch.app */;
			productType = "com.apple.product-type.application";
		};
/* End PBXNativeTarget section */

/* Begin PBXProject section */
		84E161E12A8E15A30015FAED /* Project object */ = {
			isa = PBXProject;
			attributes = {
				BuildIndependentTargetsInParallel = 1;
				LastSwiftUpdateCheck = 1430;
				LastUpgradeCheck = 1500;
				TargetAttributes = {
					840AB3FB2AAA147500AF21A1 = {
						CreatedOnToolsVersion = 14.3.1;
					};
					84E161E82A8E15A30015FAED = {
						CreatedOnToolsVersion = 14.3.1;
						LastSwiftMigration = 1430;
					};
				};
			};
			buildConfigurationList = 84E161E42A8E15A30015FAED /* Build configuration list for PBXProject "InitialConsonantSearch" */;
			compatibilityVersion = "Xcode 14.0";
			developmentRegion = en;
			hasScannedForEncodings = 0;
			knownRegions = (
				en,
				Base,
			);
			mainGroup = 84E161E02A8E15A30015FAED;
			productRefGroup = 84E161EA2A8E15A30015FAED /* Products */;
			projectDirPath = "";
			projectRoot = "";
			targets = (
				84E161E82A8E15A30015FAED /* InitialConsonantSearch */,
				840AB3FB2AAA147500AF21A1 /* InitialConsonantSearch_Swift */,
			);
		};
/* End PBXProject section */

/* Begin PBXResourcesBuildPhase section */
		840AB3FA2AAA147500AF21A1 /* Resources */ = {
			isa = PBXResourcesBuildPhase;
			buildActionMask = 2147483647;
			files = (
				84BB8D792AF8FFCD00F6B9D1 /* HelpRanges.json in Resources */,
				84E762B02ADEBEEE003BC4FD /* fill.json in Resources */,
				84BB8D7D2AF8FFCD00F6B9D1 /* HelpSignals.json in Resources */,
				840AB4162AAA27AF00AF21A1 /* ConfigCommonHeaderCell.xib in Resources */,
				84E762B52ADEC0BE003BC4FD /* region.json in Resources */,
				84BB8D7F2AF8FFCD00F6B9D1 /* HelpPatterns.json in Resources */,
				84E762A12ADEB91D003BC4FD /* indica.json in Resources */,
				840AB40B2AAA147700AF21A1 /* LaunchScreen.storyboard in Resources */,
				84E762A62ADEBC56003BC4FD /* signal.json in Resources */,
				84E762AE2ADEBEEE003BC4FD /* pattern.json in Resources */,
				840AB4082AAA147700AF21A1 /* Assets.xcassets in Resources */,
				843A680B2AB44523001199C9 /* Main.storyboard in Resources */,
				84BB8D7B2AF8FFCD00F6B9D1 /* HelpIndica.json in Resources */,
				84BB8D812AF8FFCD00F6B9D1 /* HelpFill.json in Resources */,
			);
			runOnlyForDeploymentPostprocessing = 0;
		};
		84E161E72A8E15A30015FAED /* Resources */ = {
			isa = PBXResourcesBuildPhase;
			buildActionMask = 2147483647;
			files = (
				84BB8D782AF8FFCD00F6B9D1 /* HelpRanges.json in Resources */,
				84E762AF2ADEBEEE003BC4FD /* fill.json in Resources */,
				84BB8D7C2AF8FFCD00F6B9D1 /* HelpSignals.json in Resources */,
				84ABAF162A949B650012499C /* ConfigCommonHeaderCell.xib in Resources */,
				84E762B42ADEC0BE003BC4FD /* region.json in Resources */,
				84BB8D7E2AF8FFCD00F6B9D1 /* HelpPatterns.json in Resources */,
				84E762A02ADEB91D003BC4FD /* indica.json in Resources */,
				84E161FC2A8E15A40015FAED /* LaunchScreen.storyboard in Resources */,
				84E762A52ADEBC56003BC4FD /* signal.json in Resources */,
				84E762AD2ADEBEEE003BC4FD /* pattern.json in Resources */,
				84E161F92A8E15A40015FAED /* Assets.xcassets in Resources */,
				84E161F72A8E15A30015FAED /* Main.storyboard in Resources */,
				84BB8D7A2AF8FFCD00F6B9D1 /* HelpIndica.json in Resources */,
				84BB8D802AF8FFCD00F6B9D1 /* HelpFill.json in Resources */,
			);
			runOnlyForDeploymentPostprocessing = 0;
		};
/* End PBXResourcesBuildPhase section */

/* Begin PBXSourcesBuildPhase section */
		840AB3F82AAA147500AF21A1 /* Sources */ = {
			isa = PBXSourcesBuildPhase;
			buildActionMask = 2147483647;
			files = (
				840AB4142AAA276700AF21A1 /* ConfigCommonHeaderCell.swift in Sources */,
				84B01BC12AEA5DE100B416C0 /* IndicatorSettingDetailCell.swift in Sources */,
				847F771D2AD7BF8800A04185 /* IndicatorSettingViewController.swift in Sources */,
				84E762BA2ADF6F64003BC4FD /* IndicatorSettingSearchController.swift in Sources */,
				84B01BD02AEB557100B416C0 /* IndicatorSettingViewModel+Enum.swift in Sources */,
				84B01BBF2AEA52C700B416C0 /* IndicatorSettingDetailViewModel.swift in Sources */,
				847F77212AD7C76D00A04185 /* IndicatorSettingViewModel.swift in Sources */,
				840AB4032AAA147500AF21A1 /* ViewController.swift in Sources */,
				84DAFD0C2AE49C5C001136FD /* IndicatorSettingDetailController.swift in Sources */,
				847F771F2AD7C3A500A04185 /* IndicatorSettingContentController.swift in Sources */,
				847F77272AD7DFCE00A04185 /* IndicatorSettingCell.swift in Sources */,
				840AB3FF2AAA147500AF21A1 /* AppDelegate.swift in Sources */,
				847F77252AD7DF6400A04185 /* Defines.swift in Sources */,
				840AB4012AAA147500AF21A1 /* SceneDelegate.swift in Sources */,
			);
			runOnlyForDeploymentPostprocessing = 0;
		};
		84E161E52A8E15A30015FAED /* Sources */ = {
			isa = PBXSourcesBuildPhase;
			buildActionMask = 2147483647;
			files = (
				847F76F22AD504FE00A04185 /* IndicatorSettingViewModel.m in Sources */,
				84B01BBC2AEA4B6C00B416C0 /* IndicatorSettingDetailViewModel.m in Sources */,
				847F76EC2AD4FE4A00A04185 /* IndicatorSettingContentController.m in Sources */,
				845D0FC62AA70B75005EE4A0 /* File.swift in Sources */,
				84E161EE2A8E15A30015FAED /* AppDelegate.m in Sources */,
				847F76EF2AD502BF00A04185 /* IndicatorSettingCell.m in Sources */,
				84E161FF2A8E15A40015FAED /* main.m in Sources */,
				84ABAF1F2A949BB10012499C /* ConfigCommonHeaderCell.m in Sources */,
				84B01BBB2AEA4B6C00B416C0 /* IndicatorSettingDetailCell.m in Sources */,
				84DAFD0A2AE49C44001136FD /* IndicatorSettingDetailController.m in Sources */,
				84E762B82ADF6047003BC4FD /* IndicatorSettingSearchController.m in Sources */,
				847ACE8F2AC2676A0079F370 /* IndicatorSettingViewController.m in Sources */,
				84E161F12A8E15A30015FAED /* SceneDelegate.m in Sources */,
				847F76F62AD7645B00A04185 /* Defines.m in Sources */,
				84B01BD32AEB96FF00B416C0 /* IndicatorSettingViewModel+Enum.m in Sources */,
			);
			runOnlyForDeploymentPostprocessing = 0;
		};
/* End PBXSourcesBuildPhase section */

/* Begin PBXVariantGroup section */
		840AB4092AAA147700AF21A1 /* LaunchScreen.storyboard */ = {
			isa = PBXVariantGroup;
			children = (
				840AB40A2AAA147700AF21A1 /* Base */,
			);
			name = LaunchScreen.storyboard;
			sourceTree = "<group>";
		};
		843A68092AB44523001199C9 /* Main.storyboard */ = {
			isa = PBXVariantGroup;
			children = (
				843A680A2AB44523001199C9 /* Base */,
			);
			name = Main.storyboard;
			sourceTree = "<group>";
		};
		84E161F52A8E15A30015FAED /* Main.storyboard */ = {
			isa = PBXVariantGroup;
			children = (
				84E161F62A8E15A30015FAED /* Base */,
			);
			name = Main.storyboard;
			sourceTree = "<group>";
		};
		84E161FA2A8E15A40015FAED /* LaunchScreen.storyboard */ = {
			isa = PBXVariantGroup;
			children = (
				84E161FB2A8E15A40015FAED /* Base */,
			);
			name = LaunchScreen.storyboard;
			sourceTree = "<group>";
		};
/* End PBXVariantGroup section */

/* Begin XCBuildConfiguration section */
		840AB40E2AAA147700AF21A1 /* Debug */ = {
			isa = XCBuildConfiguration;
			buildSettings = {
				ASSETCATALOG_COMPILER_APPICON_NAME = AppIcon;
				ASSETCATALOG_COMPILER_GLOBAL_ACCENT_COLOR_NAME = AccentColor;
				CODE_SIGN_STYLE = Automatic;
				CURRENT_PROJECT_VERSION = 1;
				DEFINES_MODULE = YES;
				DEVELOPMENT_TEAM = 5BX7WU6FEL;
				FRAMEWORK_SEARCH_PATHS = (
					"$(inherited)",
					"$(PROJECT_DIR)/../IosLib",
				);
				GENERATE_INFOPLIST_FILE = YES;
				INFOPLIST_FILE = InitialConsonantSearch_Swift/Info.plist;
				INFOPLIST_KEY_UIApplicationSupportsIndirectInputEvents = YES;
				INFOPLIST_KEY_UILaunchStoryboardName = LaunchScreen;
				INFOPLIST_KEY_UIMainStoryboardFile = Main;
				INFOPLIST_KEY_UISupportedInterfaceOrientations_iPad = "UIInterfaceOrientationPortrait UIInterfaceOrientationPortraitUpsideDown UIInterfaceOrientationLandscapeLeft UIInterfaceOrientationLandscapeRight";
				INFOPLIST_KEY_UISupportedInterfaceOrientations_iPhone = "UIInterfaceOrientationPortrait UIInterfaceOrientationLandscapeLeft UIInterfaceOrientationLandscapeRight";
				IPHONEOS_DEPLOYMENT_TARGET = 15.0;
				LD_RUNPATH_SEARCH_PATHS = (
					"$(inherited)",
					"@executable_path/Frameworks",
				);
				MARKETING_VERSION = 1.0;
				OTHER_LDFLAGS = "-ObjC";
				PRODUCT_BUNDLE_IDENTIFIER = "CLChartToolSettingTest-Swift";
				PRODUCT_NAME = "$(TARGET_NAME)";
				SWIFT_ACTIVE_COMPILATION_CONDITIONS = DEBUG;
				SWIFT_EMIT_LOC_STRINGS = YES;
				SWIFT_OPTIMIZATION_LEVEL = "-Onone";
				SWIFT_VERSION = 5.0;
				TARGETED_DEVICE_FAMILY = "1,2";
			};
			name = Debug;
		};
		840AB40F2AAA147700AF21A1 /* Release */ = {
			isa = XCBuildConfiguration;
			buildSettings = {
				ASSETCATALOG_COMPILER_APPICON_NAME = AppIcon;
				ASSETCATALOG_COMPILER_GLOBAL_ACCENT_COLOR_NAME = AccentColor;
				CODE_SIGN_STYLE = Automatic;
				CURRENT_PROJECT_VERSION = 1;
				DEFINES_MODULE = YES;
				DEVELOPMENT_TEAM = 5BX7WU6FEL;
				FRAMEWORK_SEARCH_PATHS = (
					"$(inherited)",
					"$(PROJECT_DIR)/../IosLib",
				);
				GENERATE_INFOPLIST_FILE = YES;
				INFOPLIST_FILE = InitialConsonantSearch_Swift/Info.plist;
				INFOPLIST_KEY_UIApplicationSupportsIndirectInputEvents = YES;
				INFOPLIST_KEY_UILaunchStoryboardName = LaunchScreen;
				INFOPLIST_KEY_UIMainStoryboardFile = Main;
				INFOPLIST_KEY_UISupportedInterfaceOrientations_iPad = "UIInterfaceOrientationPortrait UIInterfaceOrientationPortraitUpsideDown UIInterfaceOrientationLandscapeLeft UIInterfaceOrientationLandscapeRight";
				INFOPLIST_KEY_UISupportedInterfaceOrientations_iPhone = "UIInterfaceOrientationPortrait UIInterfaceOrientationLandscapeLeft UIInterfaceOrientationLandscapeRight";
				IPHONEOS_DEPLOYMENT_TARGET = 15.0;
				LD_RUNPATH_SEARCH_PATHS = (
					"$(inherited)",
					"@executable_path/Frameworks",
				);
				MARKETING_VERSION = 1.0;
				OTHER_LDFLAGS = "-ObjC";
				PRODUCT_BUNDLE_IDENTIFIER = "CLChartToolSettingTest-Swift";
				PRODUCT_NAME = "$(TARGET_NAME)";
				SWIFT_COMPILATION_MODE = wholemodule;
				SWIFT_EMIT_LOC_STRINGS = YES;
				SWIFT_OPTIMIZATION_LEVEL = "-O";
				SWIFT_VERSION = 5.0;
				TARGETED_DEVICE_FAMILY = "1,2";
			};
			name = Release;
		};
		84E162002A8E15A40015FAED /* Debug */ = {
			isa = XCBuildConfiguration;
			buildSettings = {
				ALWAYS_SEARCH_USER_PATHS = NO;
				CLANG_ANALYZER_NONNULL = YES;
				CLANG_ANALYZER_NUMBER_OBJECT_CONVERSION = YES_AGGRESSIVE;
				CLANG_CXX_LANGUAGE_STANDARD = "gnu++20";
				CLANG_ENABLE_MODULES = YES;
				CLANG_ENABLE_OBJC_ARC = YES;
				CLANG_ENABLE_OBJC_WEAK = YES;
				CLANG_WARN_BLOCK_CAPTURE_AUTORELEASING = YES;
				CLANG_WARN_BOOL_CONVERSION = YES;
				CLANG_WARN_COMMA = YES;
				CLANG_WARN_CONSTANT_CONVERSION = YES;
				CLANG_WARN_DEPRECATED_OBJC_IMPLEMENTATIONS = YES;
				CLANG_WARN_DIRECT_OBJC_ISA_USAGE = YES_ERROR;
				CLANG_WARN_DOCUMENTATION_COMMENTS = YES;
				CLANG_WARN_EMPTY_BODY = YES;
				CLANG_WARN_ENUM_CONVERSION = YES;
				CLANG_WARN_INFINITE_RECURSION = YES;
				CLANG_WARN_INT_CONVERSION = YES;
				CLANG_WARN_NON_LITERAL_NULL_CONVERSION = YES;
				CLANG_WARN_OBJC_IMPLICIT_RETAIN_SELF = YES;
				CLANG_WARN_OBJC_LITERAL_CONVERSION = YES;
				CLANG_WARN_OBJC_ROOT_CLASS = YES_ERROR;
				CLANG_WARN_QUOTED_INCLUDE_IN_FRAMEWORK_HEADER = YES;
				CLANG_WARN_RANGE_LOOP_ANALYSIS = YES;
				CLANG_WARN_STRICT_PROTOTYPES = YES;
				CLANG_WARN_SUSPICIOUS_MOVE = YES;
				CLANG_WARN_UNGUARDED_AVAILABILITY = YES_AGGRESSIVE;
				CLANG_WARN_UNREACHABLE_CODE = YES;
				CLANG_WARN__DUPLICATE_METHOD_MATCH = YES;
				COPY_PHASE_STRIP = NO;
				DEBUG_INFORMATION_FORMAT = dwarf;
				ENABLE_STRICT_OBJC_MSGSEND = YES;
				ENABLE_TESTABILITY = YES;
				GCC_C_LANGUAGE_STANDARD = gnu11;
				GCC_DYNAMIC_NO_PIC = NO;
				GCC_NO_COMMON_BLOCKS = YES;
				GCC_OPTIMIZATION_LEVEL = 0;
				GCC_PREPROCESSOR_DEFINITIONS = (
					"DEBUG=1",
					"$(inherited)",
				);
				GCC_WARN_64_TO_32_BIT_CONVERSION = YES;
				GCC_WARN_ABOUT_RETURN_TYPE = YES_ERROR;
				GCC_WARN_UNDECLARED_SELECTOR = YES;
				GCC_WARN_UNINITIALIZED_AUTOS = YES_AGGRESSIVE;
				GCC_WARN_UNUSED_FUNCTION = YES;
				GCC_WARN_UNUSED_VARIABLE = YES;
				IPHONEOS_DEPLOYMENT_TARGET = 15.0;
				MTL_ENABLE_DEBUG_INFO = INCLUDE_SOURCE;
				MTL_FAST_MATH = YES;
				ONLY_ACTIVE_ARCH = YES;
				SDKROOT = iphoneos;
			};
			name = Debug;
		};
		84E162012A8E15A40015FAED /* Release */ = {
			isa = XCBuildConfiguration;
			buildSettings = {
				ALWAYS_SEARCH_USER_PATHS = NO;
				CLANG_ANALYZER_NONNULL = YES;
				CLANG_ANALYZER_NUMBER_OBJECT_CONVERSION = YES_AGGRESSIVE;
				CLANG_CXX_LANGUAGE_STANDARD = "gnu++20";
				CLANG_ENABLE_MODULES = YES;
				CLANG_ENABLE_OBJC_ARC = YES;
				CLANG_ENABLE_OBJC_WEAK = YES;
				CLANG_WARN_BLOCK_CAPTURE_AUTORELEASING = YES;
				CLANG_WARN_BOOL_CONVERSION = YES;
				CLANG_WARN_COMMA = YES;
				CLANG_WARN_CONSTANT_CONVERSION = YES;
				CLANG_WARN_DEPRECATED_OBJC_IMPLEMENTATIONS = YES;
				CLANG_WARN_DIRECT_OBJC_ISA_USAGE = YES_ERROR;
				CLANG_WARN_DOCUMENTATION_COMMENTS = YES;
				CLANG_WARN_EMPTY_BODY = YES;
				CLANG_WARN_ENUM_CONVERSION = YES;
				CLANG_WARN_INFINITE_RECURSION = YES;
				CLANG_WARN_INT_CONVERSION = YES;
				CLANG_WARN_NON_LITERAL_NULL_CONVERSION = YES;
				CLANG_WARN_OBJC_IMPLICIT_RETAIN_SELF = YES;
				CLANG_WARN_OBJC_LITERAL_CONVERSION = YES;
				CLANG_WARN_OBJC_ROOT_CLASS = YES_ERROR;
				CLANG_WARN_QUOTED_INCLUDE_IN_FRAMEWORK_HEADER = YES;
				CLANG_WARN_RANGE_LOOP_ANALYSIS = YES;
				CLANG_WARN_STRICT_PROTOTYPES = YES;
				CLANG_WARN_SUSPICIOUS_MOVE = YES;
				CLANG_WARN_UNGUARDED_AVAILABILITY = YES_AGGRESSIVE;
				CLANG_WARN_UNREACHABLE_CODE = YES;
				CLANG_WARN__DUPLICATE_METHOD_MATCH = YES;
				COPY_PHASE_STRIP = NO;
				DEBUG_INFORMATION_FORMAT = "dwarf-with-dsym";
				ENABLE_NS_ASSERTIONS = NO;
				ENABLE_STRICT_OBJC_MSGSEND = YES;
				GCC_C_LANGUAGE_STANDARD = gnu11;
				GCC_NO_COMMON_BLOCKS = YES;
				GCC_WARN_64_TO_32_BIT_CONVERSION = YES;
				GCC_WARN_ABOUT_RETURN_TYPE = YES_ERROR;
				GCC_WARN_UNDECLARED_SELECTOR = YES;
				GCC_WARN_UNINITIALIZED_AUTOS = YES_AGGRESSIVE;
				GCC_WARN_UNUSED_FUNCTION = YES;
				GCC_WARN_UNUSED_VARIABLE = YES;
				IPHONEOS_DEPLOYMENT_TARGET = 15.0;
				MTL_ENABLE_DEBUG_INFO = NO;
				MTL_FAST_MATH = YES;
				SDKROOT = iphoneos;
				VALIDATE_PRODUCT = YES;
			};
			name = Release;
		};
		84E162032A8E15A40015FAED /* Debug */ = {
			isa = XCBuildConfiguration;
			buildSettings = {
				ASSETCATALOG_COMPILER_APPICON_NAME = AppIcon;
				ASSETCATALOG_COMPILER_GLOBAL_ACCENT_COLOR_NAME = AccentColor;
				CLANG_ENABLE_MODULES = YES;
				CODE_SIGN_STYLE = Automatic;
				CURRENT_PROJECT_VERSION = 1;
				DEFINES_MODULE = YES;
				DEVELOPMENT_TEAM = 42X7W4DHQ6;
				FRAMEWORK_SEARCH_PATHS = (
					"$(inherited)",
					"$(PROJECT_DIR)/../IosLib",
				);
				GENERATE_INFOPLIST_FILE = YES;
				INFOPLIST_FILE = InitialConsonantSearch/Info.plist;
				INFOPLIST_KEY_UIApplicationSupportsIndirectInputEvents = YES;
				INFOPLIST_KEY_UILaunchStoryboardName = LaunchScreen;
				INFOPLIST_KEY_UIMainStoryboardFile = Main;
				INFOPLIST_KEY_UISupportedInterfaceOrientations_iPad = "UIInterfaceOrientationPortrait UIInterfaceOrientationPortraitUpsideDown UIInterfaceOrientationLandscapeLeft UIInterfaceOrientationLandscapeRight";
				INFOPLIST_KEY_UISupportedInterfaceOrientations_iPhone = "UIInterfaceOrientationPortrait UIInterfaceOrientationLandscapeLeft UIInterfaceOrientationLandscapeRight";
				IPHONEOS_DEPLOYMENT_TARGET = 15.0;
				LD_RUNPATH_SEARCH_PATHS = (
					"$(inherited)",
					"@executable_path/Frameworks",
				);
				MARKETING_VERSION = 1.0;
				OTHER_LDFLAGS = "-ObjC";
				PRODUCT_BUNDLE_IDENTIFIER = com.mulgrim.ToolSettingTest;
				PRODUCT_NAME = "$(TARGET_NAME)";
				SUPPORTED_PLATFORMS = "iphoneos iphonesimulator";
				SUPPORTS_MACCATALYST = NO;
				SUPPORTS_MAC_DESIGNED_FOR_IPHONE_IPAD = NO;
				SWIFT_EMIT_LOC_STRINGS = YES;
				SWIFT_OBJC_BRIDGING_HEADER = "InitialConsonantSearch/InitialConsonantSearch-Bridging-Header.h";
				SWIFT_OPTIMIZATION_LEVEL = "-Onone";
				SWIFT_VERSION = 5.0;
				TARGETED_DEVICE_FAMILY = 1;
			};
			name = Debug;
		};
		84E162042A8E15A40015FAED /* Release */ = {
			isa = XCBuildConfiguration;
			buildSettings = {
				ASSETCATALOG_COMPILER_APPICON_NAME = AppIcon;
				ASSETCATALOG_COMPILER_GLOBAL_ACCENT_COLOR_NAME = AccentColor;
				CLANG_ENABLE_MODULES = YES;
				CODE_SIGN_STYLE = Automatic;
				CURRENT_PROJECT_VERSION = 1;
				DEFINES_MODULE = YES;
				DEVELOPMENT_TEAM = 42X7W4DHQ6;
				FRAMEWORK_SEARCH_PATHS = (
					"$(inherited)",
					"$(PROJECT_DIR)/../IosLib",
				);
				GENERATE_INFOPLIST_FILE = YES;
				INFOPLIST_FILE = InitialConsonantSearch/Info.plist;
				INFOPLIST_KEY_UIApplicationSupportsIndirectInputEvents = YES;
				INFOPLIST_KEY_UILaunchStoryboardName = LaunchScreen;
				INFOPLIST_KEY_UIMainStoryboardFile = Main;
				INFOPLIST_KEY_UISupportedInterfaceOrientations_iPad = "UIInterfaceOrientationPortrait UIInterfaceOrientationPortraitUpsideDown UIInterfaceOrientationLandscapeLeft UIInterfaceOrientationLandscapeRight";
				INFOPLIST_KEY_UISupportedInterfaceOrientations_iPhone = "UIInterfaceOrientationPortrait UIInterfaceOrientationLandscapeLeft UIInterfaceOrientationLandscapeRight";
				IPHONEOS_DEPLOYMENT_TARGET = 15.0;
				LD_RUNPATH_SEARCH_PATHS = (
					"$(inherited)",
					"@executable_path/Frameworks",
				);
				MARKETING_VERSION = 1.0;
				OTHER_LDFLAGS = "-ObjC";
				PRODUCT_BUNDLE_IDENTIFIER = com.mulgrim.ToolSettingTest;
				PRODUCT_NAME = "$(TARGET_NAME)";
				SUPPORTED_PLATFORMS = "iphoneos iphonesimulator";
				SUPPORTS_MACCATALYST = NO;
				SUPPORTS_MAC_DESIGNED_FOR_IPHONE_IPAD = NO;
				SWIFT_EMIT_LOC_STRINGS = YES;
				SWIFT_OBJC_BRIDGING_HEADER = "InitialConsonantSearch/InitialConsonantSearch-Bridging-Header.h";
				SWIFT_VERSION = 5.0;
				TARGETED_DEVICE_FAMILY = 1;
			};
			name = Release;
		};
/* End XCBuildConfiguration section */

/* Begin XCConfigurationList section */
		840AB40D2AAA147700AF21A1 /* Build configuration list for PBXNativeTarget "InitialConsonantSearch_Swift" */ = {
			isa = XCConfigurationList;
			buildConfigurations = (
				840AB40E2AAA147700AF21A1 /* Debug */,
				840AB40F2AAA147700AF21A1 /* Release */,
			);
			defaultConfigurationIsVisible = 0;
			defaultConfigurationName = Release;
		};
		84E161E42A8E15A30015FAED /* Build configuration list for PBXProject "InitialConsonantSearch" */ = {
			isa = XCConfigurationList;
			buildConfigurations = (
				84E162002A8E15A40015FAED /* Debug */,
				84E162012A8E15A40015FAED /* Release */,
			);
			defaultConfigurationIsVisible = 0;
			defaultConfigurationName = Release;
		};
		84E162022A8E15A40015FAED /* Build configuration list for PBXNativeTarget "InitialConsonantSearch" */ = {
			isa = XCConfigurationList;
			buildConfigurations = (
				84E162032A8E15A40015FAED /* Debug */,
				84E162042A8E15A40015FAED /* Release */,
			);
			defaultConfigurationIsVisible = 0;
			defaultConfigurationName = Release;
		};
/* End XCConfigurationList section */
	};
	rootObject = 84E161E12A8E15A30015FAED /* Project object */;
}
