// !$*UTF8*$!
{
	archiveVersion = 1;
	classes = {
	};
	objectVersion = 56;
	objects = {

/* Begin PBXBuildFile section */
		4804030E2924B53A002D5EB3 /* MGPHello.m in Sources */ = {isa = PBXBuildFile; fileRef = 4804030D2924B53A002D5EB3 /* MGPHello.m */; };
		4816DFB5292479F200AC5A98 /* BaseKit.framework in Frameworks */ = {isa = PBXBuildFile; fileRef = 4816DFB1292479F200AC5A98 /* BaseKit.framework */; };
		4816DFB7292479F200AC5A98 /* GraphicsKit.framework in Frameworks */ = {isa = PBXBuildFile; fileRef = 4816DFB2292479F200AC5A98 /* GraphicsKit.framework */; };
		4816DFB9292479F200AC5A98 /* MacKit.framework in Frameworks */ = {isa = PBXBuildFile; fileRef = 4816DFB3292479F200AC5A98 /* MacKit.framework */; };
		4816DFBB292479F200AC5A98 /* MacRes.bundle in Embed PlugIns */ = {isa = PBXBuildFile; fileRef = 4816DFB4292479F200AC5A98 /* MacRes.bundle */; settings = {ATTRIBUTES = (CodeSignOnCopy, RemoveHeadersOnCopy, ); }; };
		4816DFC029247A0400AC5A98 /* BaseKit.framework in Frameworks */ = {isa = PBXBuildFile; fileRef = 4816DFBE29247A0400AC5A98 /* BaseKit.framework */; };
		4816DFC229247A0400AC5A98 /* GraphicsKit.framework in Frameworks */ = {isa = PBXBuildFile; fileRef = 4816DFBF29247A0400AC5A98 /* GraphicsKit.framework */; };
		4816DFC429247A0400AC5A98 /* MacKit.framework in Frameworks */ = {isa = PBXBuildFile; fileRef = 4816DFB3292479F200AC5A98 /* MacKit.framework */; };
		4816DFC629247A0400AC5A98 /* MacRes.bundle in Embed PlugIns */ = {isa = PBXBuildFile; fileRef = 4816DFB4292479F200AC5A98 /* MacRes.bundle */; settings = {ATTRIBUTES = (CodeSignOnCopy, RemoveHeadersOnCopy, ); }; };
		4816DFCD29247A1600AC5A98 /* BaseKit.framework in Frameworks */ = {isa = PBXBuildFile; fileRef = 4816DFC929247A1600AC5A98 /* BaseKit.framework */; };
		4816DFCF29247A1600AC5A98 /* GraphicsKit.framework in Frameworks */ = {isa = PBXBuildFile; fileRef = 4816DFCA29247A1600AC5A98 /* GraphicsKit.framework */; };
		4816DFD129247A1600AC5A98 /* IosKit.framework in Frameworks */ = {isa = PBXBuildFile; fileRef = 4816DFCB29247A1600AC5A98 /* IosKit.framework */; };
		4816DFD329247A1600AC5A98 /* IosRes.bundle in Embed PlugIns */ = {isa = PBXBuildFile; fileRef = 4816DFCC29247A1600AC5A98 /* IosRes.bundle */; settings = {ATTRIBUTES = (CodeSignOnCopy, RemoveHeadersOnCopy, ); }; };
		4816DFDA29247A2400AC5A98 /* BaseKit.framework in Frameworks */ = {isa = PBXBuildFile; fileRef = 4816DFD629247A2400AC5A98 /* BaseKit.framework */; };
		4816DFDC29247A2400AC5A98 /* GraphicsKit.framework in Frameworks */ = {isa = PBXBuildFile; fileRef = 4816DFD729247A2400AC5A98 /* GraphicsKit.framework */; };
		4816DFDE29247A2400AC5A98 /* IosKit.framework in Frameworks */ = {isa = PBXBuildFile; fileRef = 4816DFD829247A2400AC5A98 /* IosKit.framework */; };
		4816DFE029247A2400AC5A98 /* IosRes.bundle in Embed PlugIns */ = {isa = PBXBuildFile; fileRef = 4816DFD929247A2400AC5A98 /* IosRes.bundle */; settings = {ATTRIBUTES = (CodeSignOnCopy, RemoveHeadersOnCopy, ); }; };
		48ACED892927E56D003B0458 /* AudioKit.framework in Frameworks */ = {isa = PBXBuildFile; fileRef = 48ACED882927E56D003B0458 /* AudioKit.framework */; };
		48ACED8D2927E574003B0458 /* AudioKit.framework in Frameworks */ = {isa = PBXBuildFile; fileRef = 48ACED8C2927E574003B0458 /* AudioKit.framework */; };
		48ACED912927E57D003B0458 /* AudioKit.framework in Frameworks */ = {isa = PBXBuildFile; fileRef = 48ACED902927E57D003B0458 /* AudioKit.framework */; };
		48ACED952927E585003B0458 /* AudioKit.framework in Frameworks */ = {isa = PBXBuildFile; fileRef = 48ACED942927E585003B0458 /* AudioKit.framework */; };
		48E8732429240DCD0033F23F /* WatchSwiftEmptyApp.swift in Sources */ = {isa = PBXBuildFile; fileRef = 48E8732329240DCD0033F23F /* WatchSwiftEmptyApp.swift */; };
		48E8732629240DCD0033F23F /* ContentView.swift in Sources */ = {isa = PBXBuildFile; fileRef = 48E8732529240DCD0033F23F /* ContentView.swift */; };
		48E8732829240DCE0033F23F /* Assets.xcassets in Resources */ = {isa = PBXBuildFile; fileRef = 48E8732729240DCE0033F23F /* Assets.xcassets */; };
		48E8732B29240DCE0033F23F /* Preview Assets.xcassets in Resources */ = {isa = PBXBuildFile; fileRef = 48E8732A29240DCE0033F23F /* Preview Assets.xcassets */; };
		48E8732E29240DCE0033F23F /* WatchSwiftSample.app in Embed Watch Content */ = {isa = PBXBuildFile; fileRef = 48E8732129240DCC0033F23F /* WatchSwiftSample.app */; settings = {ATTRIBUTES = (RemoveHeadersOnCopy, ); }; };
		48E8737E29240F910033F23F /* File.swift in Sources */ = {isa = PBXBuildFile; fileRef = 48E8737D29240F910033F23F /* File.swift */; };
		48E8738129240F9D0033F23F /* File.swift in Sources */ = {isa = PBXBuildFile; fileRef = 48E8738029240F9D0033F23F /* File.swift */; };
		48F00E4529240D2900DBA3FC /* AppDelegate.m in Sources */ = {isa = PBXBuildFile; fileRef = 48F00E4429240D2900DBA3FC /* AppDelegate.m */; };
		48F00E4829240D2900DBA3FC /* SceneDelegate.m in Sources */ = {isa = PBXBuildFile; fileRef = 48F00E4729240D2900DBA3FC /* SceneDelegate.m */; };
		48F00E5029240D2A00DBA3FC /* Assets.xcassets in Resources */ = {isa = PBXBuildFile; fileRef = 48F00E4F29240D2A00DBA3FC /* Assets.xcassets */; };
		48F00E5329240D2A00DBA3FC /* LaunchScreen.storyboard in Resources */ = {isa = PBXBuildFile; fileRef = 48F00E5129240D2A00DBA3FC /* LaunchScreen.storyboard */; };
		48F00E5629240D2A00DBA3FC /* main.m in Sources */ = {isa = PBXBuildFile; fileRef = 48F00E5529240D2A00DBA3FC /* main.m */; };
		48F00E6129240D3B00DBA3FC /* AppDelegate.swift in Sources */ = {isa = PBXBuildFile; fileRef = 48F00E6029240D3B00DBA3FC /* AppDelegate.swift */; };
		48F00E6329240D3B00DBA3FC /* SceneDelegate.swift in Sources */ = {isa = PBXBuildFile; fileRef = 48F00E6229240D3B00DBA3FC /* SceneDelegate.swift */; };
		48F00E6529240D3B00DBA3FC /* ViewController.swift in Sources */ = {isa = PBXBuildFile; fileRef = 48F00E6429240D3B00DBA3FC /* ViewController.swift */; };
		48F00E6829240D3B00DBA3FC /* Main.storyboard in Resources */ = {isa = PBXBuildFile; fileRef = 48F00E6629240D3B00DBA3FC /* Main.storyboard */; };
		48F00E6A29240D3C00DBA3FC /* Assets.xcassets in Resources */ = {isa = PBXBuildFile; fileRef = 48F00E6929240D3C00DBA3FC /* Assets.xcassets */; };
		48F00E6D29240D3C00DBA3FC /* LaunchScreen.storyboard in Resources */ = {isa = PBXBuildFile; fileRef = 48F00E6B29240D3C00DBA3FC /* LaunchScreen.storyboard */; };
		48F00E7A29240D5600DBA3FC /* AppDelegate.m in Sources */ = {isa = PBXBuildFile; fileRef = 48F00E7929240D5600DBA3FC /* AppDelegate.m */; };
		48F00E7C29240D5800DBA3FC /* Assets.xcassets in Resources */ = {isa = PBXBuildFile; fileRef = 48F00E7B29240D5800DBA3FC /* Assets.xcassets */; };
		48F00E7F29240D5800DBA3FC /* MainMenu.xib in Resources */ = {isa = PBXBuildFile; fileRef = 48F00E7D29240D5800DBA3FC /* MainMenu.xib */; };
		48F00E8129240D5800DBA3FC /* main.m in Sources */ = {isa = PBXBuildFile; fileRef = 48F00E8029240D5800DBA3FC /* main.m */; };
		48F00E8D29240D7400DBA3FC /* AppDelegate.swift in Sources */ = {isa = PBXBuildFile; fileRef = 48F00E8C29240D7400DBA3FC /* AppDelegate.swift */; };
		48F00E8F29240D7500DBA3FC /* Assets.xcassets in Resources */ = {isa = PBXBuildFile; fileRef = 48F00E8E29240D7500DBA3FC /* Assets.xcassets */; };
		48F00E9229240D7500DBA3FC /* MainMenu.xib in Resources */ = {isa = PBXBuildFile; fileRef = 48F00E9029240D7500DBA3FC /* MainMenu.xib */; };
		845A30F52929B6EA004588E4 /* Item.m in Sources */ = {isa = PBXBuildFile; fileRef = 845A30F32929B6EA004588E4 /* Item.m */; };
		845A30F62929B6EA004588E4 /* ItemsForTableView.m in Sources */ = {isa = PBXBuildFile; fileRef = 845A30F42929B6EA004588E4 /* ItemsForTableView.m */; };
		845A31242929B7DD004588E4 /* MainTableViewController.m in Sources */ = {isa = PBXBuildFile; fileRef = 845A31232929B7DD004588E4 /* MainTableViewController.m */; };
		84C2DC6F292BA86C00991C13 /* ViewController4.xib in Resources */ = {isa = PBXBuildFile; fileRef = 84C2DC54292BA86C00991C13 /* ViewController4.xib */; };
		84C2DC70292BA86C00991C13 /* ViewController4.m in Sources */ = {isa = PBXBuildFile; fileRef = 84C2DC56292BA86C00991C13 /* ViewController4.m */; };
		84C2DC71292BA86C00991C13 /* ViewController6.m in Sources */ = {isa = PBXBuildFile; fileRef = 84C2DC58292BA86C00991C13 /* ViewController6.m */; };
		84C2DC72292BA86C00991C13 /* ModalViewController.xib in Resources */ = {isa = PBXBuildFile; fileRef = 84C2DC59292BA86C00991C13 /* ModalViewController.xib */; };
		84C2DC73292BA86C00991C13 /* ModalViewController.m in Sources */ = {isa = PBXBuildFile; fileRef = 84C2DC5A292BA86C00991C13 /* ModalViewController.m */; };
		84C2DC74292BA86C00991C13 /* ViewController6.xib in Resources */ = {isa = PBXBuildFile; fileRef = 84C2DC5B292BA86C00991C13 /* ViewController6.xib */; };
		84C2DC75292BA86C00991C13 /* ViewController1.m in Sources */ = {isa = PBXBuildFile; fileRef = 84C2DC5F292BA86C00991C13 /* ViewController1.m */; };
		84C2DC76292BA86C00991C13 /* ViewController7.m in Sources */ = {isa = PBXBuildFile; fileRef = 84C2DC63292BA86C00991C13 /* ViewController7.m */; };
		84C2DC77292BA86C00991C13 /* ViewController5.xib in Resources */ = {isa = PBXBuildFile; fileRef = 84C2DC65292BA86C00991C13 /* ViewController5.xib */; };
		84C2DC78292BA86C00991C13 /* ViewController5.m in Sources */ = {isa = PBXBuildFile; fileRef = 84C2DC66292BA86C00991C13 /* ViewController5.m */; };
		84C2DC79292BA86C00991C13 /* ViewController2.xib in Resources */ = {isa = PBXBuildFile; fileRef = 84C2DC69292BA86C00991C13 /* ViewController2.xib */; };
		84C2DC7A292BA86C00991C13 /* ViewController2.m in Sources */ = {isa = PBXBuildFile; fileRef = 84C2DC6A292BA86C00991C13 /* ViewController2.m */; };
		84C2DC7B292BA86C00991C13 /* ViewController2A.xib in Resources */ = {isa = PBXBuildFile; fileRef = 84C2DC6D292BA86C00991C13 /* ViewController2A.xib */; };
		84C2DC7C292BA86C00991C13 /* ViewController2A.m in Sources */ = {isa = PBXBuildFile; fileRef = 84C2DC6E292BA86C00991C13 /* ViewController2A.m */; };
/* End PBXBuildFile section */

/* Begin PBXContainerItemProxy section */
		48E8732C29240DCE0033F23F /* PBXContainerItemProxy */ = {
			isa = PBXContainerItemProxy;
			containerPortal = 482D491A2923C71A005CA28D /* Project object */;
			proxyType = 1;
			remoteGlobalIDString = 48E8732029240DCC0033F23F;
			remoteInfo = "WatchSwiftEmpty Watch App";
		};
/* End PBXContainerItemProxy section */

/* Begin PBXCopyFilesBuildPhase section */
		4816DFBD292479F200AC5A98 /* Embed PlugIns */ = {
			isa = PBXCopyFilesBuildPhase;
			buildActionMask = 2147483647;
			dstPath = "";
			dstSubfolderSpec = 7;
			files = (
				4816DFBB292479F200AC5A98 /* MacRes.bundle in Embed PlugIns */,
			);
			name = "Embed PlugIns";
			runOnlyForDeploymentPostprocessing = 0;
		};
		4816DFC829247A0400AC5A98 /* Embed PlugIns */ = {
			isa = PBXCopyFilesBuildPhase;
			buildActionMask = 2147483647;
			dstPath = "";
			dstSubfolderSpec = 7;
			files = (
				4816DFC629247A0400AC5A98 /* MacRes.bundle in Embed PlugIns */,
			);
			name = "Embed PlugIns";
			runOnlyForDeploymentPostprocessing = 0;
		};
		4816DFD529247A1700AC5A98 /* Embed PlugIns */ = {
			isa = PBXCopyFilesBuildPhase;
			buildActionMask = 2147483647;
			dstPath = "";
			dstSubfolderSpec = 7;
			files = (
				4816DFD329247A1600AC5A98 /* IosRes.bundle in Embed PlugIns */,
			);
			name = "Embed PlugIns";
			runOnlyForDeploymentPostprocessing = 0;
		};
		4816DFE229247A2500AC5A98 /* Embed PlugIns */ = {
			isa = PBXCopyFilesBuildPhase;
			buildActionMask = 2147483647;
			dstPath = "";
			dstSubfolderSpec = 7;
			files = (
				4816DFE029247A2400AC5A98 /* IosRes.bundle in Embed PlugIns */,
			);
			name = "Embed PlugIns";
			runOnlyForDeploymentPostprocessing = 0;
		};
		48E8732F29240DCF0033F23F /* Embed Watch Content */ = {
			isa = PBXCopyFilesBuildPhase;
			buildActionMask = 2147483647;
			dstPath = "$(CONTENTS_FOLDER_PATH)/Watch";
			dstSubfolderSpec = 16;
			files = (
				48E8732E29240DCE0033F23F /* WatchSwiftSample.app in Embed Watch Content */,
			);
			name = "Embed Watch Content";
			runOnlyForDeploymentPostprocessing = 0;
		};
/* End PBXCopyFilesBuildPhase section */

/* Begin PBXFileReference section */
		4804030B2924B539002D5EB3 /* IosSwiftEmpty-Bridging-Header.h */ = {isa = PBXFileReference; lastKnownFileType = sourcecode.c.h; path = "IosSwiftEmpty-Bridging-Header.h"; sourceTree = "<group>"; };
		4804030C2924B53A002D5EB3 /* MGPHello.h */ = {isa = PBXFileReference; lastKnownFileType = sourcecode.c.h; path = MGPHello.h; sourceTree = "<group>"; };
		4804030D2924B53A002D5EB3 /* MGPHello.m */ = {isa = PBXFileReference; lastKnownFileType = sourcecode.c.objc; path = MGPHello.m; sourceTree = "<group>"; };
		4816DFB1292479F200AC5A98 /* BaseKit.framework */ = {isa = PBXFileReference; explicitFileType = wrapper.framework; path = BaseKit.framework; sourceTree = BUILT_PRODUCTS_DIR; };
		4816DFB2292479F200AC5A98 /* GraphicsKit.framework */ = {isa = PBXFileReference; explicitFileType = wrapper.framework; path = GraphicsKit.framework; sourceTree = BUILT_PRODUCTS_DIR; };
		4816DFB3292479F200AC5A98 /* MacKit.framework */ = {isa = PBXFileReference; explicitFileType = wrapper.framework; path = MacKit.framework; sourceTree = BUILT_PRODUCTS_DIR; };
		4816DFB4292479F200AC5A98 /* MacRes.bundle */ = {isa = PBXFileReference; explicitFileType = wrapper.cfbundle; path = MacRes.bundle; sourceTree = BUILT_PRODUCTS_DIR; };
		4816DFBE29247A0400AC5A98 /* BaseKit.framework */ = {isa = PBXFileReference; explicitFileType = wrapper.framework; path = BaseKit.framework; sourceTree = BUILT_PRODUCTS_DIR; };
		4816DFBF29247A0400AC5A98 /* GraphicsKit.framework */ = {isa = PBXFileReference; explicitFileType = wrapper.framework; path = GraphicsKit.framework; sourceTree = BUILT_PRODUCTS_DIR; };
		4816DFC929247A1600AC5A98 /* BaseKit.framework */ = {isa = PBXFileReference; explicitFileType = wrapper.framework; path = BaseKit.framework; sourceTree = BUILT_PRODUCTS_DIR; };
		4816DFCA29247A1600AC5A98 /* GraphicsKit.framework */ = {isa = PBXFileReference; explicitFileType = wrapper.framework; path = GraphicsKit.framework; sourceTree = BUILT_PRODUCTS_DIR; };
		4816DFCB29247A1600AC5A98 /* IosKit.framework */ = {isa = PBXFileReference; explicitFileType = wrapper.framework; path = IosKit.framework; sourceTree = BUILT_PRODUCTS_DIR; };
		4816DFCC29247A1600AC5A98 /* IosRes.bundle */ = {isa = PBXFileReference; explicitFileType = wrapper.cfbundle; path = IosRes.bundle; sourceTree = BUILT_PRODUCTS_DIR; };
		4816DFD629247A2400AC5A98 /* BaseKit.framework */ = {isa = PBXFileReference; explicitFileType = wrapper.framework; path = BaseKit.framework; sourceTree = BUILT_PRODUCTS_DIR; };
		4816DFD729247A2400AC5A98 /* GraphicsKit.framework */ = {isa = PBXFileReference; explicitFileType = wrapper.framework; path = GraphicsKit.framework; sourceTree = BUILT_PRODUCTS_DIR; };
		4816DFD829247A2400AC5A98 /* IosKit.framework */ = {isa = PBXFileReference; explicitFileType = wrapper.framework; path = IosKit.framework; sourceTree = BUILT_PRODUCTS_DIR; };
		4816DFD929247A2400AC5A98 /* IosRes.bundle */ = {isa = PBXFileReference; explicitFileType = wrapper.cfbundle; path = IosRes.bundle; sourceTree = BUILT_PRODUCTS_DIR; };
		48ACED882927E56D003B0458 /* AudioKit.framework */ = {isa = PBXFileReference; explicitFileType = wrapper.framework; path = AudioKit.framework; sourceTree = BUILT_PRODUCTS_DIR; };
		48ACED8C2927E574003B0458 /* AudioKit.framework */ = {isa = PBXFileReference; explicitFileType = wrapper.framework; path = AudioKit.framework; sourceTree = BUILT_PRODUCTS_DIR; };
		48ACED902927E57D003B0458 /* AudioKit.framework */ = {isa = PBXFileReference; explicitFileType = wrapper.framework; path = AudioKit.framework; sourceTree = BUILT_PRODUCTS_DIR; };
		48ACED942927E585003B0458 /* AudioKit.framework */ = {isa = PBXFileReference; explicitFileType = wrapper.framework; path = AudioKit.framework; sourceTree = BUILT_PRODUCTS_DIR; };
		48E8732129240DCC0033F23F /* WatchSwiftSample.app */ = {isa = PBXFileReference; explicitFileType = wrapper.application; includeInIndex = 0; path = WatchSwiftSample.app; sourceTree = BUILT_PRODUCTS_DIR; };
		48E8732329240DCD0033F23F /* WatchSwiftEmptyApp.swift */ = {isa = PBXFileReference; lastKnownFileType = sourcecode.swift; path = WatchSwiftEmptyApp.swift; sourceTree = "<group>"; };
		48E8732529240DCD0033F23F /* ContentView.swift */ = {isa = PBXFileReference; lastKnownFileType = sourcecode.swift; path = ContentView.swift; sourceTree = "<group>"; };
		48E8732729240DCE0033F23F /* Assets.xcassets */ = {isa = PBXFileReference; lastKnownFileType = folder.assetcatalog; path = Assets.xcassets; sourceTree = "<group>"; };
		48E8732A29240DCE0033F23F /* Preview Assets.xcassets */ = {isa = PBXFileReference; lastKnownFileType = folder.assetcatalog; path = "Preview Assets.xcassets"; sourceTree = "<group>"; };
		48E8737C29240F900033F23F /* IosObjcEmpty-Bridging-Header.h */ = {isa = PBXFileReference; lastKnownFileType = sourcecode.c.h; path = "IosObjcEmpty-Bridging-Header.h"; sourceTree = "<group>"; };
		48E8737D29240F910033F23F /* File.swift */ = {isa = PBXFileReference; lastKnownFileType = sourcecode.swift; path = File.swift; sourceTree = "<group>"; };
		48E8737F29240F9C0033F23F /* MacObjcEmpty-Bridging-Header.h */ = {isa = PBXFileReference; lastKnownFileType = sourcecode.c.h; path = "MacObjcEmpty-Bridging-Header.h"; sourceTree = "<group>"; };
		48E8738029240F9D0033F23F /* File.swift */ = {isa = PBXFileReference; lastKnownFileType = sourcecode.swift; path = File.swift; sourceTree = "<group>"; };
		48F00E4129240D2800DBA3FC /* IosObjcSample.app */ = {isa = PBXFileReference; explicitFileType = wrapper.application; includeInIndex = 0; path = IosObjcSample.app; sourceTree = BUILT_PRODUCTS_DIR; };
		48F00E4329240D2900DBA3FC /* AppDelegate.h */ = {isa = PBXFileReference; lastKnownFileType = sourcecode.c.h; path = AppDelegate.h; sourceTree = "<group>"; };
		48F00E4429240D2900DBA3FC /* AppDelegate.m */ = {isa = PBXFileReference; lastKnownFileType = sourcecode.c.objc; path = AppDelegate.m; sourceTree = "<group>"; };
		48F00E4629240D2900DBA3FC /* SceneDelegate.h */ = {isa = PBXFileReference; lastKnownFileType = sourcecode.c.h; path = SceneDelegate.h; sourceTree = "<group>"; };
		48F00E4729240D2900DBA3FC /* SceneDelegate.m */ = {isa = PBXFileReference; lastKnownFileType = sourcecode.c.objc; path = SceneDelegate.m; sourceTree = "<group>"; };
		48F00E4F29240D2A00DBA3FC /* Assets.xcassets */ = {isa = PBXFileReference; lastKnownFileType = folder.assetcatalog; path = Assets.xcassets; sourceTree = "<group>"; };
		48F00E5229240D2A00DBA3FC /* Base */ = {isa = PBXFileReference; lastKnownFileType = file.storyboard; name = Base; path = Base.lproj/LaunchScreen.storyboard; sourceTree = "<group>"; };
		48F00E5429240D2A00DBA3FC /* Info.plist */ = {isa = PBXFileReference; lastKnownFileType = text.plist.xml; path = Info.plist; sourceTree = "<group>"; };
		48F00E5529240D2A00DBA3FC /* main.m */ = {isa = PBXFileReference; lastKnownFileType = sourcecode.c.objc; path = main.m; sourceTree = "<group>"; };
		48F00E5E29240D3B00DBA3FC /* IosSwiftSample.app */ = {isa = PBXFileReference; explicitFileType = wrapper.application; includeInIndex = 0; path = IosSwiftSample.app; sourceTree = BUILT_PRODUCTS_DIR; };
		48F00E6029240D3B00DBA3FC /* AppDelegate.swift */ = {isa = PBXFileReference; lastKnownFileType = sourcecode.swift; path = AppDelegate.swift; sourceTree = "<group>"; };
		48F00E6229240D3B00DBA3FC /* SceneDelegate.swift */ = {isa = PBXFileReference; lastKnownFileType = sourcecode.swift; path = SceneDelegate.swift; sourceTree = "<group>"; };
		48F00E6429240D3B00DBA3FC /* ViewController.swift */ = {isa = PBXFileReference; lastKnownFileType = sourcecode.swift; path = ViewController.swift; sourceTree = "<group>"; };
		48F00E6729240D3B00DBA3FC /* Base */ = {isa = PBXFileReference; lastKnownFileType = file.storyboard; name = Base; path = Base.lproj/Main.storyboard; sourceTree = "<group>"; };
		48F00E6929240D3C00DBA3FC /* Assets.xcassets */ = {isa = PBXFileReference; lastKnownFileType = folder.assetcatalog; path = Assets.xcassets; sourceTree = "<group>"; };
		48F00E6C29240D3C00DBA3FC /* Base */ = {isa = PBXFileReference; lastKnownFileType = file.storyboard; name = Base; path = Base.lproj/LaunchScreen.storyboard; sourceTree = "<group>"; };
		48F00E6E29240D3C00DBA3FC /* Info.plist */ = {isa = PBXFileReference; lastKnownFileType = text.plist.xml; path = Info.plist; sourceTree = "<group>"; };
		48F00E7629240D5600DBA3FC /* MacObjcSample.app */ = {isa = PBXFileReference; explicitFileType = wrapper.application; includeInIndex = 0; path = MacObjcSample.app; sourceTree = BUILT_PRODUCTS_DIR; };
		48F00E7829240D5600DBA3FC /* AppDelegate.h */ = {isa = PBXFileReference; lastKnownFileType = sourcecode.c.h; path = AppDelegate.h; sourceTree = "<group>"; };
		48F00E7929240D5600DBA3FC /* AppDelegate.m */ = {isa = PBXFileReference; lastKnownFileType = sourcecode.c.objc; path = AppDelegate.m; sourceTree = "<group>"; };
		48F00E7B29240D5800DBA3FC /* Assets.xcassets */ = {isa = PBXFileReference; lastKnownFileType = folder.assetcatalog; path = Assets.xcassets; sourceTree = "<group>"; };
		48F00E7E29240D5800DBA3FC /* Base */ = {isa = PBXFileReference; lastKnownFileType = file.xib; name = Base; path = Base.lproj/MainMenu.xib; sourceTree = "<group>"; };
		48F00E8029240D5800DBA3FC /* main.m */ = {isa = PBXFileReference; lastKnownFileType = sourcecode.c.objc; path = main.m; sourceTree = "<group>"; };
		48F00E8229240D5800DBA3FC /* MacObjcEmpty.entitlements */ = {isa = PBXFileReference; lastKnownFileType = text.plist.entitlements; path = MacObjcEmpty.entitlements; sourceTree = "<group>"; };
		48F00E8A29240D7400DBA3FC /* MacSwiftSample.app */ = {isa = PBXFileReference; explicitFileType = wrapper.application; includeInIndex = 0; path = MacSwiftSample.app; sourceTree = BUILT_PRODUCTS_DIR; };
		48F00E8C29240D7400DBA3FC /* AppDelegate.swift */ = {isa = PBXFileReference; lastKnownFileType = sourcecode.swift; path = AppDelegate.swift; sourceTree = "<group>"; };
		48F00E8E29240D7500DBA3FC /* Assets.xcassets */ = {isa = PBXFileReference; lastKnownFileType = folder.assetcatalog; path = Assets.xcassets; sourceTree = "<group>"; };
		48F00E9129240D7500DBA3FC /* Base */ = {isa = PBXFileReference; lastKnownFileType = file.xib; name = Base; path = Base.lproj/MainMenu.xib; sourceTree = "<group>"; };
		48F00E9329240D7500DBA3FC /* MacSwiftEmpty.entitlements */ = {isa = PBXFileReference; lastKnownFileType = text.plist.entitlements; path = MacSwiftEmpty.entitlements; sourceTree = "<group>"; };
		842766A7292BA768005252EA /* RESegmentedControl_original.zip */ = {isa = PBXFileReference; lastKnownFileType = archive.zip; path = RESegmentedControl_original.zip; sourceTree = "<group>"; };
		842766A8292BA768005252EA /* MGXSegmentedControl_ver1.zip */ = {isa = PBXFileReference; lastKnownFileType = archive.zip; path = MGXSegmentedControl_ver1.zip; sourceTree = "<group>"; };
		842766AA292BA768005252EA /* LivelyButton Screenshot.gif */ = {isa = PBXFileReference; lastKnownFileType = image.gif; path = "LivelyButton Screenshot.gif"; sourceTree = "<group>"; };
		842766AB292BA768005252EA /* MGXSegmentedControl.graffle */ = {isa = PBXFileReference; lastKnownFileType = wrapper; path = MGXSegmentedControl.graffle; sourceTree = "<group>"; };
		842766AC292BA768005252EA /* Licence_ZFRippleButton.pdf */ = {isa = PBXFileReference; lastKnownFileType = image.pdf; path = Licence_ZFRippleButton.pdf; sourceTree = "<group>"; };
		845A30F12929B6EA004588E4 /* Item.h */ = {isa = PBXFileReference; fileEncoding = 4; lastKnownFileType = sourcecode.c.h; path = Item.h; sourceTree = "<group>"; };
		845A30F22929B6EA004588E4 /* ItemsForTableView.h */ = {isa = PBXFileReference; fileEncoding = 4; lastKnownFileType = sourcecode.c.h; path = ItemsForTableView.h; sourceTree = "<group>"; };
		845A30F32929B6EA004588E4 /* Item.m */ = {isa = PBXFileReference; fileEncoding = 4; lastKnownFileType = sourcecode.c.objc; path = Item.m; sourceTree = "<group>"; };
		845A30F42929B6EA004588E4 /* ItemsForTableView.m */ = {isa = PBXFileReference; fileEncoding = 4; lastKnownFileType = sourcecode.c.objc; path = ItemsForTableView.m; sourceTree = "<group>"; };
		845A31222929B7DD004588E4 /* MainTableViewController.h */ = {isa = PBXFileReference; fileEncoding = 4; lastKnownFileType = sourcecode.c.h; path = MainTableViewController.h; sourceTree = "<group>"; };
		845A31232929B7DD004588E4 /* MainTableViewController.m */ = {isa = PBXFileReference; fileEncoding = 4; lastKnownFileType = sourcecode.c.objc; path = MainTableViewController.m; sourceTree = "<group>"; };
		84B3BF00292B4CD40065DEA3 /* README.md */ = {isa = PBXFileReference; lastKnownFileType = net.daringfireball.markdown; path = README.md; sourceTree = "<group>"; };
		84C2DC54292BA86C00991C13 /* ViewController4.xib */ = {isa = PBXFileReference; fileEncoding = 4; lastKnownFileType = file.xib; path = ViewController4.xib; sourceTree = "<group>"; };
		84C2DC55292BA86C00991C13 /* ViewController4.h */ = {isa = PBXFileReference; fileEncoding = 4; lastKnownFileType = sourcecode.c.h; path = ViewController4.h; sourceTree = "<group>"; };
		84C2DC56292BA86C00991C13 /* ViewController4.m */ = {isa = PBXFileReference; fileEncoding = 4; lastKnownFileType = sourcecode.c.objc; path = ViewController4.m; sourceTree = "<group>"; };
		84C2DC58292BA86C00991C13 /* ViewController6.m */ = {isa = PBXFileReference; fileEncoding = 4; lastKnownFileType = sourcecode.c.objc; path = ViewController6.m; sourceTree = "<group>"; };
		84C2DC59292BA86C00991C13 /* ModalViewController.xib */ = {isa = PBXFileReference; fileEncoding = 4; lastKnownFileType = file.xib; path = ModalViewController.xib; sourceTree = "<group>"; };
		84C2DC5A292BA86C00991C13 /* ModalViewController.m */ = {isa = PBXFileReference; fileEncoding = 4; lastKnownFileType = sourcecode.c.objc; path = ModalViewController.m; sourceTree = "<group>"; };
		84C2DC5B292BA86C00991C13 /* ViewController6.xib */ = {isa = PBXFileReference; fileEncoding = 4; lastKnownFileType = file.xib; path = ViewController6.xib; sourceTree = "<group>"; };
		84C2DC5C292BA86C00991C13 /* ModalViewController.h */ = {isa = PBXFileReference; fileEncoding = 4; lastKnownFileType = sourcecode.c.h; path = ModalViewController.h; sourceTree = "<group>"; };
		84C2DC5D292BA86C00991C13 /* ViewController6.h */ = {isa = PBXFileReference; fileEncoding = 4; lastKnownFileType = sourcecode.c.h; path = ViewController6.h; sourceTree = "<group>"; };
		84C2DC5F292BA86C00991C13 /* ViewController1.m */ = {isa = PBXFileReference; fileEncoding = 4; lastKnownFileType = sourcecode.c.objc; path = ViewController1.m; sourceTree = "<group>"; };
		84C2DC60292BA86C00991C13 /* ViewController1.h */ = {isa = PBXFileReference; fileEncoding = 4; lastKnownFileType = sourcecode.c.h; path = ViewController1.h; sourceTree = "<group>"; };
		84C2DC62292BA86C00991C13 /* ViewController7.h */ = {isa = PBXFileReference; fileEncoding = 4; lastKnownFileType = sourcecode.c.h; path = ViewController7.h; sourceTree = "<group>"; };
		84C2DC63292BA86C00991C13 /* ViewController7.m */ = {isa = PBXFileReference; fileEncoding = 4; lastKnownFileType = sourcecode.c.objc; path = ViewController7.m; sourceTree = "<group>"; };
		84C2DC65292BA86C00991C13 /* ViewController5.xib */ = {isa = PBXFileReference; fileEncoding = 4; lastKnownFileType = file.xib; path = ViewController5.xib; sourceTree = "<group>"; };
		84C2DC66292BA86C00991C13 /* ViewController5.m */ = {isa = PBXFileReference; fileEncoding = 4; lastKnownFileType = sourcecode.c.objc; path = ViewController5.m; sourceTree = "<group>"; };
		84C2DC67292BA86C00991C13 /* ViewController5.h */ = {isa = PBXFileReference; fileEncoding = 4; lastKnownFileType = sourcecode.c.h; path = ViewController5.h; sourceTree = "<group>"; };
		84C2DC69292BA86C00991C13 /* ViewController2.xib */ = {isa = PBXFileReference; fileEncoding = 4; lastKnownFileType = file.xib; path = ViewController2.xib; sourceTree = "<group>"; };
		84C2DC6A292BA86C00991C13 /* ViewController2.m */ = {isa = PBXFileReference; fileEncoding = 4; lastKnownFileType = sourcecode.c.objc; path = ViewController2.m; sourceTree = "<group>"; };
		84C2DC6B292BA86C00991C13 /* ViewController2A.h */ = {isa = PBXFileReference; fileEncoding = 4; lastKnownFileType = sourcecode.c.h; path = ViewController2A.h; sourceTree = "<group>"; };
		84C2DC6C292BA86C00991C13 /* ViewController2.h */ = {isa = PBXFileReference; fileEncoding = 4; lastKnownFileType = sourcecode.c.h; path = ViewController2.h; sourceTree = "<group>"; };
		84C2DC6D292BA86C00991C13 /* ViewController2A.xib */ = {isa = PBXFileReference; fileEncoding = 4; lastKnownFileType = file.xib; path = ViewController2A.xib; sourceTree = "<group>"; };
		84C2DC6E292BA86C00991C13 /* ViewController2A.m */ = {isa = PBXFileReference; fileEncoding = 4; lastKnownFileType = sourcecode.c.objc; path = ViewController2A.m; sourceTree = "<group>"; };
/* End PBXFileReference section */

/* Begin PBXFrameworksBuildPhase section */
		48E8731E29240DCC0033F23F /* Frameworks */ = {
			isa = PBXFrameworksBuildPhase;
			buildActionMask = 2147483647;
			files = (
			);
			runOnlyForDeploymentPostprocessing = 0;
		};
		48F00E3E29240D2800DBA3FC /* Frameworks */ = {
			isa = PBXFrameworksBuildPhase;
			buildActionMask = 2147483647;
			files = (
				4816DFCD29247A1600AC5A98 /* BaseKit.framework in Frameworks */,
				48ACED912927E57D003B0458 /* AudioKit.framework in Frameworks */,
				4816DFCF29247A1600AC5A98 /* GraphicsKit.framework in Frameworks */,
				4816DFD129247A1600AC5A98 /* IosKit.framework in Frameworks */,
			);
			runOnlyForDeploymentPostprocessing = 0;
		};
		48F00E5B29240D3B00DBA3FC /* Frameworks */ = {
			isa = PBXFrameworksBuildPhase;
			buildActionMask = 2147483647;
			files = (
				4816DFDA29247A2400AC5A98 /* BaseKit.framework in Frameworks */,
				48ACED952927E585003B0458 /* AudioKit.framework in Frameworks */,
				4816DFDC29247A2400AC5A98 /* GraphicsKit.framework in Frameworks */,
				4816DFDE29247A2400AC5A98 /* IosKit.framework in Frameworks */,
			);
			runOnlyForDeploymentPostprocessing = 0;
		};
		48F00E7329240D5600DBA3FC /* Frameworks */ = {
			isa = PBXFrameworksBuildPhase;
			buildActionMask = 2147483647;
			files = (
				4816DFB5292479F200AC5A98 /* BaseKit.framework in Frameworks */,
				48ACED892927E56D003B0458 /* AudioKit.framework in Frameworks */,
				4816DFB7292479F200AC5A98 /* GraphicsKit.framework in Frameworks */,
				4816DFB9292479F200AC5A98 /* MacKit.framework in Frameworks */,
			);
			runOnlyForDeploymentPostprocessing = 0;
		};
		48F00E8729240D7400DBA3FC /* Frameworks */ = {
			isa = PBXFrameworksBuildPhase;
			buildActionMask = 2147483647;
			files = (
				4816DFC029247A0400AC5A98 /* BaseKit.framework in Frameworks */,
				48ACED8D2927E574003B0458 /* AudioKit.framework in Frameworks */,
				4816DFC229247A0400AC5A98 /* GraphicsKit.framework in Frameworks */,
				4816DFC429247A0400AC5A98 /* MacKit.framework in Frameworks */,
			);
			runOnlyForDeploymentPostprocessing = 0;
		};
/* End PBXFrameworksBuildPhase section */

/* Begin PBXGroup section */
		482D49192923C71A005CA28D = {
			isa = PBXGroup;
			children = (
				48F00E4229240D2900DBA3FC /* IosObjcSample */,
				48F00E7729240D5600DBA3FC /* MacObjcSample */,
				48F00E5F29240D3B00DBA3FC /* IosSwiftSample */,
				48F00E8B29240D7400DBA3FC /* MacSwiftSample */,
				48E8732229240DCD0033F23F /* WatchSwiftSample */,
				482D49232923C71A005CA28D /* Products */,
				48E8733329240EC30033F23F /* Frameworks */,
			);
			sourceTree = "<group>";
		};
		482D49232923C71A005CA28D /* Products */ = {
			isa = PBXGroup;
			children = (
				48F00E4129240D2800DBA3FC /* IosObjcSample.app */,
				48F00E5E29240D3B00DBA3FC /* IosSwiftSample.app */,
				48F00E7629240D5600DBA3FC /* MacObjcSample.app */,
				48F00E8A29240D7400DBA3FC /* MacSwiftSample.app */,
				48E8732129240DCC0033F23F /* WatchSwiftSample.app */,
			);
			name = Products;
			sourceTree = "<group>";
		};
		48E8732229240DCD0033F23F /* WatchSwiftSample */ = {
			isa = PBXGroup;
			children = (
				48E8732329240DCD0033F23F /* WatchSwiftEmptyApp.swift */,
				48E8732529240DCD0033F23F /* ContentView.swift */,
				48E8732729240DCE0033F23F /* Assets.xcassets */,
				48E8732929240DCE0033F23F /* Preview Content */,
			);
			path = WatchSwiftSample;
			sourceTree = "<group>";
		};
		48E8732929240DCE0033F23F /* Preview Content */ = {
			isa = PBXGroup;
			children = (
				48E8732A29240DCE0033F23F /* Preview Assets.xcassets */,
			);
			path = "Preview Content";
			sourceTree = "<group>";
		};
		48E8733329240EC30033F23F /* Frameworks */ = {
			isa = PBXGroup;
			children = (
				48ACED942927E585003B0458 /* AudioKit.framework */,
				48ACED902927E57D003B0458 /* AudioKit.framework */,
				48ACED8C2927E574003B0458 /* AudioKit.framework */,
				48ACED882927E56D003B0458 /* AudioKit.framework */,
				4816DFD629247A2400AC5A98 /* BaseKit.framework */,
				4816DFD729247A2400AC5A98 /* GraphicsKit.framework */,
				4816DFD829247A2400AC5A98 /* IosKit.framework */,
				4816DFD929247A2400AC5A98 /* IosRes.bundle */,
				4816DFC929247A1600AC5A98 /* BaseKit.framework */,
				4816DFCA29247A1600AC5A98 /* GraphicsKit.framework */,
				4816DFCB29247A1600AC5A98 /* IosKit.framework */,
				4816DFCC29247A1600AC5A98 /* IosRes.bundle */,
				4816DFBE29247A0400AC5A98 /* BaseKit.framework */,
				4816DFBF29247A0400AC5A98 /* GraphicsKit.framework */,
				4816DFB1292479F200AC5A98 /* BaseKit.framework */,
				4816DFB2292479F200AC5A98 /* GraphicsKit.framework */,
				4816DFB3292479F200AC5A98 /* MacKit.framework */,
				4816DFB4292479F200AC5A98 /* MacRes.bundle */,
			);
			name = Frameworks;
			sourceTree = "<group>";
		};
		48F00E4229240D2900DBA3FC /* IosObjcSample */ = {
			isa = PBXGroup;
			children = (
				84B3BEFF292B4CB50065DEA3 /* Document */,
				48F00E4329240D2900DBA3FC /* AppDelegate.h */,
				48F00E4429240D2900DBA3FC /* AppDelegate.m */,
				48F00E4629240D2900DBA3FC /* SceneDelegate.h */,
				48F00E4729240D2900DBA3FC /* SceneDelegate.m */,
				845A31222929B7DD004588E4 /* MainTableViewController.h */,
				845A31232929B7DD004588E4 /* MainTableViewController.m */,
				845A30F72929B6FE004588E4 /* Examples */,
				845A30EC2929B452004588E4 /* Supporting Files */,
			);
			path = IosObjcSample;
			sourceTree = "<group>";
		};
		48F00E5F29240D3B00DBA3FC /* IosSwiftSample */ = {
			isa = PBXGroup;
			children = (
				48F00E6029240D3B00DBA3FC /* AppDelegate.swift */,
				48F00E6229240D3B00DBA3FC /* SceneDelegate.swift */,
				48F00E6429240D3B00DBA3FC /* ViewController.swift */,
				4804030C2924B53A002D5EB3 /* MGPHello.h */,
				4804030D2924B53A002D5EB3 /* MGPHello.m */,
				48F00E6629240D3B00DBA3FC /* Main.storyboard */,
				48F00E6929240D3C00DBA3FC /* Assets.xcassets */,
				48F00E6B29240D3C00DBA3FC /* LaunchScreen.storyboard */,
				48F00E6E29240D3C00DBA3FC /* Info.plist */,
				4804030B2924B539002D5EB3 /* IosSwiftEmpty-Bridging-Header.h */,
			);
			path = IosSwiftSample;
			sourceTree = "<group>";
		};
		48F00E7729240D5600DBA3FC /* MacObjcSample */ = {
			isa = PBXGroup;
			children = (
				48F00E7829240D5600DBA3FC /* AppDelegate.h */,
				48F00E7929240D5600DBA3FC /* AppDelegate.m */,
				48F00E7B29240D5800DBA3FC /* Assets.xcassets */,
				48F00E7D29240D5800DBA3FC /* MainMenu.xib */,
				48F00E8029240D5800DBA3FC /* main.m */,
				48F00E8229240D5800DBA3FC /* MacObjcEmpty.entitlements */,
				48E8738029240F9D0033F23F /* File.swift */,
				48E8737F29240F9C0033F23F /* MacObjcEmpty-Bridging-Header.h */,
			);
			path = MacObjcSample;
			sourceTree = "<group>";
		};
		48F00E8B29240D7400DBA3FC /* MacSwiftSample */ = {
			isa = PBXGroup;
			children = (
				48F00E8C29240D7400DBA3FC /* AppDelegate.swift */,
				48F00E8E29240D7500DBA3FC /* Assets.xcassets */,
				48F00E9029240D7500DBA3FC /* MainMenu.xib */,
				48F00E9329240D7500DBA3FC /* MacSwiftEmpty.entitlements */,
			);
			path = MacSwiftSample;
			sourceTree = "<group>";
		};
		842766A5292BA768005252EA /* Archive */ = {
			isa = PBXGroup;
			children = (
				842766A6292BA768005252EA /* MGX_ */,
			);
			path = Archive;
			sourceTree = "<group>";
		};
		842766A6292BA768005252EA /* MGX_ */ = {
			isa = PBXGroup;
			children = (
				842766A7292BA768005252EA /* RESegmentedControl_original.zip */,
				842766A8292BA768005252EA /* MGXSegmentedControl_ver1.zip */,
			);
			path = MGX_;
			sourceTree = "<group>";
		};
		842766A9292BA768005252EA /* ScreenShot */ = {
			isa = PBXGroup;
			children = (
				842766AA292BA768005252EA /* LivelyButton Screenshot.gif */,
			);
			path = ScreenShot;
			sourceTree = "<group>";
		};
		845A30EC2929B452004588E4 /* Supporting Files */ = {
			isa = PBXGroup;
			children = (
				845A30F02929B6EA004588E4 /* Model */,
				48F00E4F29240D2A00DBA3FC /* Assets.xcassets */,
				48F00E5129240D2A00DBA3FC /* LaunchScreen.storyboard */,
				48F00E5429240D2A00DBA3FC /* Info.plist */,
				48F00E5529240D2A00DBA3FC /* main.m */,
				48E8737D29240F910033F23F /* File.swift */,
				48E8737C29240F900033F23F /* IosObjcEmpty-Bridging-Header.h */,
			);
			path = "Supporting Files";
			sourceTree = "<group>";
		};
		845A30F02929B6EA004588E4 /* Model */ = {
			isa = PBXGroup;
			children = (
				845A30F12929B6EA004588E4 /* Item.h */,
				845A30F22929B6EA004588E4 /* ItemsForTableView.h */,
				845A30F32929B6EA004588E4 /* Item.m */,
				845A30F42929B6EA004588E4 /* ItemsForTableView.m */,
			);
			path = Model;
			sourceTree = "<group>";
		};
		845A30F72929B6FE004588E4 /* Examples */ = {
			isa = PBXGroup;
			children = (
				84C2DC53292BA86C00991C13 /* MGRButton Example */,
				84C2DC57292BA86C00991C13 /* MGRLivelyButton Example */,
				84C2DC64292BA86C00991C13 /* MGRRippleButton Example */,
				84C2DC5E292BA86C00991C13 /* MGRSegmentedControl Example */,
				84C2DC61292BA86C00991C13 /* MGUDisplaySwitcherButton Example */,
				84C2DC68292BA86C00991C13 /* MGXSegmentedControl Example */,
			);
			path = Examples;
			sourceTree = "<group>";
		};
		84B3BEFF292B4CB50065DEA3 /* Document */ = {
			isa = PBXGroup;
			children = (
				84B3BF00292B4CD40065DEA3 /* README.md */,
				842766A5292BA768005252EA /* Archive */,
				842766AC292BA768005252EA /* Licence_ZFRippleButton.pdf */,
				842766AB292BA768005252EA /* MGXSegmentedControl.graffle */,
				842766A9292BA768005252EA /* ScreenShot */,
			);
			path = Document;
			sourceTree = "<group>";
		};
		84C2DC53292BA86C00991C13 /* MGRButton Example */ = {
			isa = PBXGroup;
			children = (
				84C2DC54292BA86C00991C13 /* ViewController4.xib */,
				84C2DC55292BA86C00991C13 /* ViewController4.h */,
				84C2DC56292BA86C00991C13 /* ViewController4.m */,
			);
			path = "MGRButton Example";
			sourceTree = "<group>";
		};
		84C2DC57292BA86C00991C13 /* MGRLivelyButton Example */ = {
			isa = PBXGroup;
			children = (
				84C2DC58292BA86C00991C13 /* ViewController6.m */,
				84C2DC59292BA86C00991C13 /* ModalViewController.xib */,
				84C2DC5A292BA86C00991C13 /* ModalViewController.m */,
				84C2DC5B292BA86C00991C13 /* ViewController6.xib */,
				84C2DC5C292BA86C00991C13 /* ModalViewController.h */,
				84C2DC5D292BA86C00991C13 /* ViewController6.h */,
			);
			path = "MGRLivelyButton Example";
			sourceTree = "<group>";
		};
		84C2DC5E292BA86C00991C13 /* MGRSegmentedControl Example */ = {
			isa = PBXGroup;
			children = (
				84C2DC5F292BA86C00991C13 /* ViewController1.m */,
				84C2DC60292BA86C00991C13 /* ViewController1.h */,
			);
			path = "MGRSegmentedControl Example";
			sourceTree = "<group>";
		};
		84C2DC61292BA86C00991C13 /* MGUDisplaySwitcherButton Example */ = {
			isa = PBXGroup;
			children = (
				84C2DC62292BA86C00991C13 /* ViewController7.h */,
				84C2DC63292BA86C00991C13 /* ViewController7.m */,
			);
			path = "MGUDisplaySwitcherButton Example";
			sourceTree = "<group>";
		};
		84C2DC64292BA86C00991C13 /* MGRRippleButton Example */ = {
			isa = PBXGroup;
			children = (
				84C2DC65292BA86C00991C13 /* ViewController5.xib */,
				84C2DC66292BA86C00991C13 /* ViewController5.m */,
				84C2DC67292BA86C00991C13 /* ViewController5.h */,
			);
			path = "MGRRippleButton Example";
			sourceTree = "<group>";
		};
		84C2DC68292BA86C00991C13 /* MGXSegmentedControl Example */ = {
			isa = PBXGroup;
			children = (
				84C2DC6C292BA86C00991C13 /* ViewController2.h */,
				84C2DC6A292BA86C00991C13 /* ViewController2.m */,
				84C2DC69292BA86C00991C13 /* ViewController2.xib */,
				84C2DC6B292BA86C00991C13 /* ViewController2A.h */,
				84C2DC6E292BA86C00991C13 /* ViewController2A.m */,
				84C2DC6D292BA86C00991C13 /* ViewController2A.xib */,
			);
			path = "MGXSegmentedControl Example";
			sourceTree = "<group>";
		};
/* End PBXGroup section */

/* Begin PBXNativeTarget section */
		48E8732029240DCC0033F23F /* WatchSwiftSample */ = {
			isa = PBXNativeTarget;
			buildConfigurationList = 48E8733229240DCF0033F23F /* Build configuration list for PBXNativeTarget "WatchSwiftSample" */;
			buildPhases = (
				48E8731D29240DCC0033F23F /* Sources */,
				48E8731E29240DCC0033F23F /* Frameworks */,
				48E8731F29240DCC0033F23F /* Resources */,
			);
			buildRules = (
			);
			dependencies = (
			);
			name = WatchSwiftSample;
			productName = "WatchSwiftEmpty Watch App";
			productReference = 48E8732129240DCC0033F23F /* WatchSwiftSample.app */;
			productType = "com.apple.product-type.application";
		};
		48F00E4029240D2800DBA3FC /* IosObjcSample */ = {
			isa = PBXNativeTarget;
			buildConfigurationList = 48F00E5929240D2A00DBA3FC /* Build configuration list for PBXNativeTarget "IosObjcSample" */;
			buildPhases = (
				48F00E3D29240D2800DBA3FC /* Sources */,
				48F00E3E29240D2800DBA3FC /* Frameworks */,
				48F00E3F29240D2800DBA3FC /* Resources */,
				4816DFD529247A1700AC5A98 /* Embed PlugIns */,
			);
			buildRules = (
			);
			dependencies = (
			);
			name = IosObjcSample;
			productName = IosObjcEmpty;
			productReference = 48F00E4129240D2800DBA3FC /* IosObjcSample.app */;
			productType = "com.apple.product-type.application";
		};
		48F00E5D29240D3B00DBA3FC /* IosSwiftSample */ = {
			isa = PBXNativeTarget;
			buildConfigurationList = 48F00E6F29240D3C00DBA3FC /* Build configuration list for PBXNativeTarget "IosSwiftSample" */;
			buildPhases = (
				48F00E5A29240D3B00DBA3FC /* Sources */,
				48F00E5B29240D3B00DBA3FC /* Frameworks */,
				48F00E5C29240D3B00DBA3FC /* Resources */,
				48E8732F29240DCF0033F23F /* Embed Watch Content */,
				4816DFE229247A2500AC5A98 /* Embed PlugIns */,
			);
			buildRules = (
			);
			dependencies = (
				48E8732D29240DCE0033F23F /* PBXTargetDependency */,
			);
			name = IosSwiftSample;
			productName = IosSwiftEmpty;
			productReference = 48F00E5E29240D3B00DBA3FC /* IosSwiftSample.app */;
			productType = "com.apple.product-type.application";
		};
		48F00E7529240D5600DBA3FC /* MacObjcSample */ = {
			isa = PBXNativeTarget;
			buildConfigurationList = 48F00E8329240D5800DBA3FC /* Build configuration list for PBXNativeTarget "MacObjcSample" */;
			buildPhases = (
				48F00E7229240D5600DBA3FC /* Sources */,
				48F00E7329240D5600DBA3FC /* Frameworks */,
				48F00E7429240D5600DBA3FC /* Resources */,
				4816DFBD292479F200AC5A98 /* Embed PlugIns */,
			);
			buildRules = (
			);
			dependencies = (
			);
			name = MacObjcSample;
			productName = MacObjcEmpty;
			productReference = 48F00E7629240D5600DBA3FC /* MacObjcSample.app */;
			productType = "com.apple.product-type.application";
		};
		48F00E8929240D7400DBA3FC /* MacSwiftSample */ = {
			isa = PBXNativeTarget;
			buildConfigurationList = 48F00E9429240D7500DBA3FC /* Build configuration list for PBXNativeTarget "MacSwiftSample" */;
			buildPhases = (
				48F00E8629240D7400DBA3FC /* Sources */,
				48F00E8729240D7400DBA3FC /* Frameworks */,
				48F00E8829240D7400DBA3FC /* Resources */,
				4816DFC829247A0400AC5A98 /* Embed PlugIns */,
			);
			buildRules = (
			);
			dependencies = (
			);
			name = MacSwiftSample;
			productName = MacSwiftEmpty;
			productReference = 48F00E8A29240D7400DBA3FC /* MacSwiftSample.app */;
			productType = "com.apple.product-type.application";
		};
/* End PBXNativeTarget section */

/* Begin PBXProject section */
		482D491A2923C71A005CA28D /* Project object */ = {
			isa = PBXProject;
			attributes = {
				BuildIndependentTargetsInParallel = 1;
				LastSwiftUpdateCheck = 1400;
				LastUpgradeCheck = 1410;
				TargetAttributes = {
					48E8732029240DCC0033F23F = {
						CreatedOnToolsVersion = 14.0.1;
					};
					48F00E4029240D2800DBA3FC = {
						CreatedOnToolsVersion = 14.0.1;
						LastSwiftMigration = 1400;
					};
					48F00E5D29240D3B00DBA3FC = {
						CreatedOnToolsVersion = 14.0.1;
						LastSwiftMigration = 1400;
					};
					48F00E7529240D5600DBA3FC = {
						CreatedOnToolsVersion = 14.0.1;
						LastSwiftMigration = 1400;
					};
					48F00E8929240D7400DBA3FC = {
						CreatedOnToolsVersion = 14.0.1;
					};
				};
			};
			buildConfigurationList = 482D491D2923C71A005CA28D /* Build configuration list for PBXProject "MGUButtonsProject" */;
			compatibilityVersion = "Xcode 14.0";
			developmentRegion = en;
			hasScannedForEncodings = 0;
			knownRegions = (
				en,
				Base,
			);
			mainGroup = 482D49192923C71A005CA28D;
			productRefGroup = 482D49232923C71A005CA28D /* Products */;
			projectDirPath = "";
			projectRoot = "";
			targets = (
				48F00E4029240D2800DBA3FC /* IosObjcSample */,
				48F00E7529240D5600DBA3FC /* MacObjcSample */,
				48F00E8929240D7400DBA3FC /* MacSwiftSample */,
				48F00E5D29240D3B00DBA3FC /* IosSwiftSample */,
				48E8732029240DCC0033F23F /* WatchSwiftSample */,
			);
		};
/* End PBXProject section */

/* Begin PBXResourcesBuildPhase section */
		48E8731F29240DCC0033F23F /* Resources */ = {
			isa = PBXResourcesBuildPhase;
			buildActionMask = 2147483647;
			files = (
				48E8732B29240DCE0033F23F /* Preview Assets.xcassets in Resources */,
				48E8732829240DCE0033F23F /* Assets.xcassets in Resources */,
			);
			runOnlyForDeploymentPostprocessing = 0;
		};
		48F00E3F29240D2800DBA3FC /* Resources */ = {
			isa = PBXResourcesBuildPhase;
			buildActionMask = 2147483647;
			files = (
				84C2DC77292BA86C00991C13 /* ViewController5.xib in Resources */,
				84C2DC72292BA86C00991C13 /* ModalViewController.xib in Resources */,
				84C2DC74292BA86C00991C13 /* ViewController6.xib in Resources */,
				84C2DC6F292BA86C00991C13 /* ViewController4.xib in Resources */,
				48F00E5329240D2A00DBA3FC /* LaunchScreen.storyboard in Resources */,
				48F00E5029240D2A00DBA3FC /* Assets.xcassets in Resources */,
				84C2DC79292BA86C00991C13 /* ViewController2.xib in Resources */,
				84C2DC7B292BA86C00991C13 /* ViewController2A.xib in Resources */,
			);
			runOnlyForDeploymentPostprocessing = 0;
		};
		48F00E5C29240D3B00DBA3FC /* Resources */ = {
			isa = PBXResourcesBuildPhase;
			buildActionMask = 2147483647;
			files = (
				48F00E6D29240D3C00DBA3FC /* LaunchScreen.storyboard in Resources */,
				48F00E6A29240D3C00DBA3FC /* Assets.xcassets in Resources */,
				48F00E6829240D3B00DBA3FC /* Main.storyboard in Resources */,
			);
			runOnlyForDeploymentPostprocessing = 0;
		};
		48F00E7429240D5600DBA3FC /* Resources */ = {
			isa = PBXResourcesBuildPhase;
			buildActionMask = 2147483647;
			files = (
				48F00E7C29240D5800DBA3FC /* Assets.xcassets in Resources */,
				48F00E7F29240D5800DBA3FC /* MainMenu.xib in Resources */,
			);
			runOnlyForDeploymentPostprocessing = 0;
		};
		48F00E8829240D7400DBA3FC /* Resources */ = {
			isa = PBXResourcesBuildPhase;
			buildActionMask = 2147483647;
			files = (
				48F00E8F29240D7500DBA3FC /* Assets.xcassets in Resources */,
				48F00E9229240D7500DBA3FC /* MainMenu.xib in Resources */,
			);
			runOnlyForDeploymentPostprocessing = 0;
		};
/* End PBXResourcesBuildPhase section */

/* Begin PBXSourcesBuildPhase section */
		48E8731D29240DCC0033F23F /* Sources */ = {
			isa = PBXSourcesBuildPhase;
			buildActionMask = 2147483647;
			files = (
				48E8732629240DCD0033F23F /* ContentView.swift in Sources */,
				48E8732429240DCD0033F23F /* WatchSwiftEmptyApp.swift in Sources */,
			);
			runOnlyForDeploymentPostprocessing = 0;
		};
		48F00E3D29240D2800DBA3FC /* Sources */ = {
			isa = PBXSourcesBuildPhase;
			buildActionMask = 2147483647;
			files = (
				845A30F52929B6EA004588E4 /* Item.m in Sources */,
				48E8737E29240F910033F23F /* File.swift in Sources */,
				84C2DC76292BA86C00991C13 /* ViewController7.m in Sources */,
				84C2DC73292BA86C00991C13 /* ModalViewController.m in Sources */,
				84C2DC71292BA86C00991C13 /* ViewController6.m in Sources */,
				84C2DC7C292BA86C00991C13 /* ViewController2A.m in Sources */,
				845A30F62929B6EA004588E4 /* ItemsForTableView.m in Sources */,
				48F00E4529240D2900DBA3FC /* AppDelegate.m in Sources */,
				84C2DC7A292BA86C00991C13 /* ViewController2.m in Sources */,
				48F00E5629240D2A00DBA3FC /* main.m in Sources */,
				84C2DC78292BA86C00991C13 /* ViewController5.m in Sources */,
				84C2DC75292BA86C00991C13 /* ViewController1.m in Sources */,
				845A31242929B7DD004588E4 /* MainTableViewController.m in Sources */,
				48F00E4829240D2900DBA3FC /* SceneDelegate.m in Sources */,
				84C2DC70292BA86C00991C13 /* ViewController4.m in Sources */,
			);
			runOnlyForDeploymentPostprocessing = 0;
		};
		48F00E5A29240D3B00DBA3FC /* Sources */ = {
			isa = PBXSourcesBuildPhase;
			buildActionMask = 2147483647;
			files = (
				48F00E6529240D3B00DBA3FC /* ViewController.swift in Sources */,
				4804030E2924B53A002D5EB3 /* MGPHello.m in Sources */,
				48F00E6129240D3B00DBA3FC /* AppDelegate.swift in Sources */,
				48F00E6329240D3B00DBA3FC /* SceneDelegate.swift in Sources */,
			);
			runOnlyForDeploymentPostprocessing = 0;
		};
		48F00E7229240D5600DBA3FC /* Sources */ = {
			isa = PBXSourcesBuildPhase;
			buildActionMask = 2147483647;
			files = (
				48F00E8129240D5800DBA3FC /* main.m in Sources */,
				48E8738129240F9D0033F23F /* File.swift in Sources */,
				48F00E7A29240D5600DBA3FC /* AppDelegate.m in Sources */,
			);
			runOnlyForDeploymentPostprocessing = 0;
		};
		48F00E8629240D7400DBA3FC /* Sources */ = {
			isa = PBXSourcesBuildPhase;
			buildActionMask = 2147483647;
			files = (
				48F00E8D29240D7400DBA3FC /* AppDelegate.swift in Sources */,
			);
			runOnlyForDeploymentPostprocessing = 0;
		};
/* End PBXSourcesBuildPhase section */

/* Begin PBXTargetDependency section */
		48E8732D29240DCE0033F23F /* PBXTargetDependency */ = {
			isa = PBXTargetDependency;
			target = 48E8732029240DCC0033F23F /* WatchSwiftSample */;
			targetProxy = 48E8732C29240DCE0033F23F /* PBXContainerItemProxy */;
		};
/* End PBXTargetDependency section */

/* Begin PBXVariantGroup section */
		48F00E5129240D2A00DBA3FC /* LaunchScreen.storyboard */ = {
			isa = PBXVariantGroup;
			children = (
				48F00E5229240D2A00DBA3FC /* Base */,
			);
			name = LaunchScreen.storyboard;
			sourceTree = "<group>";
		};
		48F00E6629240D3B00DBA3FC /* Main.storyboard */ = {
			isa = PBXVariantGroup;
			children = (
				48F00E6729240D3B00DBA3FC /* Base */,
			);
			name = Main.storyboard;
			sourceTree = "<group>";
		};
		48F00E6B29240D3C00DBA3FC /* LaunchScreen.storyboard */ = {
			isa = PBXVariantGroup;
			children = (
				48F00E6C29240D3C00DBA3FC /* Base */,
			);
			name = LaunchScreen.storyboard;
			sourceTree = "<group>";
		};
		48F00E7D29240D5800DBA3FC /* MainMenu.xib */ = {
			isa = PBXVariantGroup;
			children = (
				48F00E7E29240D5800DBA3FC /* Base */,
			);
			name = MainMenu.xib;
			sourceTree = "<group>";
		};
		48F00E9029240D7500DBA3FC /* MainMenu.xib */ = {
			isa = PBXVariantGroup;
			children = (
				48F00E9129240D7500DBA3FC /* Base */,
			);
			name = MainMenu.xib;
			sourceTree = "<group>";
		};
/* End PBXVariantGroup section */

/* Begin XCBuildConfiguration section */
		482D492F2923C71B005CA28D /* Debug */ = {
			isa = XCBuildConfiguration;
			buildSettings = {
				ALWAYS_SEARCH_USER_PATHS = NO;
				CLANG_ANALYZER_NONNULL = YES;
				CLANG_ANALYZER_NUMBER_OBJECT_CONVERSION = YES_AGGRESSIVE;
				CLANG_CXX_LANGUAGE_STANDARD = "gnu++20";
				CLANG_ENABLE_MODULES = YES;
				CLANG_ENABLE_OBJC_ARC = YES;
				CLANG_ENABLE_OBJC_WEAK = YES;
				CLANG_WARN_BLOCK_CAPTURE_AUTORELEASING = YES;
				CLANG_WARN_BOOL_CONVERSION = YES;
				CLANG_WARN_COMMA = YES;
				CLANG_WARN_CONSTANT_CONVERSION = YES;
				CLANG_WARN_DEPRECATED_OBJC_IMPLEMENTATIONS = YES;
				CLANG_WARN_DIRECT_OBJC_ISA_USAGE = YES_ERROR;
				CLANG_WARN_DOCUMENTATION_COMMENTS = YES;
				CLANG_WARN_EMPTY_BODY = YES;
				CLANG_WARN_ENUM_CONVERSION = YES;
				CLANG_WARN_INFINITE_RECURSION = YES;
				CLANG_WARN_INT_CONVERSION = YES;
				CLANG_WARN_NON_LITERAL_NULL_CONVERSION = YES;
				CLANG_WARN_OBJC_IMPLICIT_RETAIN_SELF = YES;
				CLANG_WARN_OBJC_LITERAL_CONVERSION = YES;
				CLANG_WARN_OBJC_ROOT_CLASS = YES_ERROR;
				CLANG_WARN_QUOTED_INCLUDE_IN_FRAMEWORK_HEADER = YES;
				CLANG_WARN_RANGE_LOOP_ANALYSIS = YES;
				CLANG_WARN_STRICT_PROTOTYPES = YES;
				CLANG_WARN_SUSPICIOUS_MOVE = YES;
				CLANG_WARN_UNGUARDED_AVAILABILITY = YES_AGGRESSIVE;
				CLANG_WARN_UNREACHABLE_CODE = YES;
				CLANG_WARN__DUPLICATE_METHOD_MATCH = YES;
				COPY_PHASE_STRIP = NO;
				DEAD_CODE_STRIPPING = YES;
				DEBUG_INFORMATION_FORMAT = dwarf;
				ENABLE_STRICT_OBJC_MSGSEND = YES;
				ENABLE_TESTABILITY = YES;
				GCC_C_LANGUAGE_STANDARD = gnu11;
				GCC_DYNAMIC_NO_PIC = NO;
				GCC_NO_COMMON_BLOCKS = YES;
				GCC_OPTIMIZATION_LEVEL = 0;
				GCC_PREPROCESSOR_DEFINITIONS = (
					"DEBUG=1",
					"$(inherited)",
				);
				GCC_WARN_64_TO_32_BIT_CONVERSION = YES;
				GCC_WARN_ABOUT_RETURN_TYPE = YES_ERROR;
				GCC_WARN_UNDECLARED_SELECTOR = YES;
				GCC_WARN_UNINITIALIZED_AUTOS = YES_AGGRESSIVE;
				GCC_WARN_UNUSED_FUNCTION = YES;
				GCC_WARN_UNUSED_VARIABLE = YES;
				IPHONEOS_DEPLOYMENT_TARGET = 14.0;
				MACOSX_DEPLOYMENT_TARGET = 11.0;
				MTL_ENABLE_DEBUG_INFO = INCLUDE_SOURCE;
				MTL_FAST_MATH = YES;
				ONLY_ACTIVE_ARCH = YES;
				OTHER_LDFLAGS = "-ObjC";
				SWIFT_ACTIVE_COMPILATION_CONDITIONS = DEBUG;
				SWIFT_OPTIMIZATION_LEVEL = "-Onone";
				WATCHOS_DEPLOYMENT_TARGET = 8.0;
			};
			name = Debug;
		};
		482D49302923C71B005CA28D /* Release */ = {
			isa = XCBuildConfiguration;
			buildSettings = {
				ALWAYS_SEARCH_USER_PATHS = NO;
				CLANG_ANALYZER_NONNULL = YES;
				CLANG_ANALYZER_NUMBER_OBJECT_CONVERSION = YES_AGGRESSIVE;
				CLANG_CXX_LANGUAGE_STANDARD = "gnu++20";
				CLANG_ENABLE_MODULES = YES;
				CLANG_ENABLE_OBJC_ARC = YES;
				CLANG_ENABLE_OBJC_WEAK = YES;
				CLANG_WARN_BLOCK_CAPTURE_AUTORELEASING = YES;
				CLANG_WARN_BOOL_CONVERSION = YES;
				CLANG_WARN_COMMA = YES;
				CLANG_WARN_CONSTANT_CONVERSION = YES;
				CLANG_WARN_DEPRECATED_OBJC_IMPLEMENTATIONS = YES;
				CLANG_WARN_DIRECT_OBJC_ISA_USAGE = YES_ERROR;
				CLANG_WARN_DOCUMENTATION_COMMENTS = YES;
				CLANG_WARN_EMPTY_BODY = YES;
				CLANG_WARN_ENUM_CONVERSION = YES;
				CLANG_WARN_INFINITE_RECURSION = YES;
				CLANG_WARN_INT_CONVERSION = YES;
				CLANG_WARN_NON_LITERAL_NULL_CONVERSION = YES;
				CLANG_WARN_OBJC_IMPLICIT_RETAIN_SELF = YES;
				CLANG_WARN_OBJC_LITERAL_CONVERSION = YES;
				CLANG_WARN_OBJC_ROOT_CLASS = YES_ERROR;
				CLANG_WARN_QUOTED_INCLUDE_IN_FRAMEWORK_HEADER = YES;
				CLANG_WARN_RANGE_LOOP_ANALYSIS = YES;
				CLANG_WARN_STRICT_PROTOTYPES = YES;
				CLANG_WARN_SUSPICIOUS_MOVE = YES;
				CLANG_WARN_UNGUARDED_AVAILABILITY = YES_AGGRESSIVE;
				CLANG_WARN_UNREACHABLE_CODE = YES;
				CLANG_WARN__DUPLICATE_METHOD_MATCH = YES;
				COPY_PHASE_STRIP = NO;
				DEAD_CODE_STRIPPING = YES;
				DEBUG_INFORMATION_FORMAT = "dwarf-with-dsym";
				ENABLE_NS_ASSERTIONS = NO;
				ENABLE_STRICT_OBJC_MSGSEND = YES;
				GCC_C_LANGUAGE_STANDARD = gnu11;
				GCC_NO_COMMON_BLOCKS = YES;
				GCC_WARN_64_TO_32_BIT_CONVERSION = YES;
				GCC_WARN_ABOUT_RETURN_TYPE = YES_ERROR;
				GCC_WARN_UNDECLARED_SELECTOR = YES;
				GCC_WARN_UNINITIALIZED_AUTOS = YES_AGGRESSIVE;
				GCC_WARN_UNUSED_FUNCTION = YES;
				GCC_WARN_UNUSED_VARIABLE = YES;
				IPHONEOS_DEPLOYMENT_TARGET = 14.0;
				MACOSX_DEPLOYMENT_TARGET = 11.0;
				MTL_ENABLE_DEBUG_INFO = NO;
				MTL_FAST_MATH = YES;
				OTHER_LDFLAGS = "-ObjC";
				SWIFT_COMPILATION_MODE = wholemodule;
				SWIFT_OPTIMIZATION_LEVEL = "-O";
				WATCHOS_DEPLOYMENT_TARGET = 8.0;
			};
			name = Release;
		};
		48E8733029240DCF0033F23F /* Debug */ = {
			isa = XCBuildConfiguration;
			buildSettings = {
				ASSETCATALOG_COMPILER_APPICON_NAME = AppIcon;
				ASSETCATALOG_COMPILER_GLOBAL_ACCENT_COLOR_NAME = AccentColor;
				CODE_SIGN_STYLE = Automatic;
				CURRENT_PROJECT_VERSION = 1;
				DEVELOPMENT_ASSET_PATHS = "WatchSwiftEmpty/Preview\\ Content";
				DEVELOPMENT_TEAM = BZN6F8UN94;
				ENABLE_PREVIEWS = YES;
				GENERATE_INFOPLIST_FILE = YES;
				INFOPLIST_KEY_CFBundleDisplayName = WatchSwiftEmpty;
				INFOPLIST_KEY_UISupportedInterfaceOrientations = "UIInterfaceOrientationPortrait UIInterfaceOrientationPortraitUpsideDown";
				INFOPLIST_KEY_WKCompanionAppBundleIdentifier = com.mulgrim.IosSwiftEmpty;
				LD_RUNPATH_SEARCH_PATHS = (
					"$(inherited)",
					"@executable_path/Frameworks",
				);
				MARKETING_VERSION = 1.0;
				PRODUCT_BUNDLE_IDENTIFIER = com.mulgrim.IosSwiftEmpty.watchkitapp;
				PRODUCT_NAME = "$(TARGET_NAME)";
				SDKROOT = watchos;
				SKIP_INSTALL = YES;
				SWIFT_EMIT_LOC_STRINGS = YES;
				SWIFT_VERSION = 5.0;
				TARGETED_DEVICE_FAMILY = 4;
			};
			name = Debug;
		};
		48E8733129240DCF0033F23F /* Release */ = {
			isa = XCBuildConfiguration;
			buildSettings = {
				ASSETCATALOG_COMPILER_APPICON_NAME = AppIcon;
				ASSETCATALOG_COMPILER_GLOBAL_ACCENT_COLOR_NAME = AccentColor;
				CODE_SIGN_STYLE = Automatic;
				CURRENT_PROJECT_VERSION = 1;
				DEVELOPMENT_ASSET_PATHS = "WatchSwiftEmpty/Preview\\ Content";
				DEVELOPMENT_TEAM = BZN6F8UN94;
				ENABLE_PREVIEWS = YES;
				GENERATE_INFOPLIST_FILE = YES;
				INFOPLIST_KEY_CFBundleDisplayName = WatchSwiftEmpty;
				INFOPLIST_KEY_UISupportedInterfaceOrientations = "UIInterfaceOrientationPortrait UIInterfaceOrientationPortraitUpsideDown";
				INFOPLIST_KEY_WKCompanionAppBundleIdentifier = com.mulgrim.IosSwiftEmpty;
				LD_RUNPATH_SEARCH_PATHS = (
					"$(inherited)",
					"@executable_path/Frameworks",
				);
				MARKETING_VERSION = 1.0;
				PRODUCT_BUNDLE_IDENTIFIER = com.mulgrim.IosSwiftEmpty.watchkitapp;
				PRODUCT_NAME = "$(TARGET_NAME)";
				SDKROOT = watchos;
				SKIP_INSTALL = YES;
				SWIFT_EMIT_LOC_STRINGS = YES;
				SWIFT_VERSION = 5.0;
				TARGETED_DEVICE_FAMILY = 4;
				VALIDATE_PRODUCT = YES;
			};
			name = Release;
		};
		48F00E5729240D2A00DBA3FC /* Debug */ = {
			isa = XCBuildConfiguration;
			buildSettings = {
				ASSETCATALOG_COMPILER_APPICON_NAME = AppIcon;
				ASSETCATALOG_COMPILER_GLOBAL_ACCENT_COLOR_NAME = AccentColor;
				CLANG_ENABLE_MODULES = YES;
				CODE_SIGN_STYLE = Automatic;
				CURRENT_PROJECT_VERSION = 1;
				DEVELOPMENT_TEAM = BZN6F8UN94;
				GENERATE_INFOPLIST_FILE = YES;
				INFOPLIST_FILE = "IosObjcSample/Supporting Files/Info.plist";
				INFOPLIST_KEY_UIApplicationSupportsIndirectInputEvents = YES;
				INFOPLIST_KEY_UILaunchStoryboardName = LaunchScreen;
				INFOPLIST_KEY_UISupportedInterfaceOrientations_iPad = "UIInterfaceOrientationPortrait UIInterfaceOrientationPortraitUpsideDown UIInterfaceOrientationLandscapeLeft UIInterfaceOrientationLandscapeRight";
				INFOPLIST_KEY_UISupportedInterfaceOrientations_iPhone = "UIInterfaceOrientationPortrait UIInterfaceOrientationLandscapeLeft UIInterfaceOrientationLandscapeRight";
				LD_RUNPATH_SEARCH_PATHS = (
					"$(inherited)",
					"@executable_path/Frameworks",
				);
				MARKETING_VERSION = 1.0;
				PRODUCT_BUNDLE_IDENTIFIER = com.mulgrim.IosObjcEmpty;
				PRODUCT_NAME = "$(TARGET_NAME)";
				SDKROOT = iphoneos;
				SUPPORTED_PLATFORMS = "iphoneos iphonesimulator";
				SUPPORTS_MACCATALYST = NO;
				SUPPORTS_MAC_DESIGNED_FOR_IPHONE_IPAD = NO;
				SWIFT_EMIT_LOC_STRINGS = YES;
				SWIFT_OBJC_BRIDGING_HEADER = "IosObjcSample/Supporting Files/IosObjcEmpty-Bridging-Header.h";
				SWIFT_OPTIMIZATION_LEVEL = "-Onone";
				SWIFT_VERSION = 5.0;
				TARGETED_DEVICE_FAMILY = "1,2";
			};
			name = Debug;
		};
		48F00E5829240D2A00DBA3FC /* Release */ = {
			isa = XCBuildConfiguration;
			buildSettings = {
				ASSETCATALOG_COMPILER_APPICON_NAME = AppIcon;
				ASSETCATALOG_COMPILER_GLOBAL_ACCENT_COLOR_NAME = AccentColor;
				CLANG_ENABLE_MODULES = YES;
				CODE_SIGN_STYLE = Automatic;
				CURRENT_PROJECT_VERSION = 1;
				DEVELOPMENT_TEAM = BZN6F8UN94;
				GENERATE_INFOPLIST_FILE = YES;
				INFOPLIST_FILE = "IosObjcSample/Supporting Files/Info.plist";
				INFOPLIST_KEY_UIApplicationSupportsIndirectInputEvents = YES;
				INFOPLIST_KEY_UILaunchStoryboardName = LaunchScreen;
				INFOPLIST_KEY_UISupportedInterfaceOrientations_iPad = "UIInterfaceOrientationPortrait UIInterfaceOrientationPortraitUpsideDown UIInterfaceOrientationLandscapeLeft UIInterfaceOrientationLandscapeRight";
				INFOPLIST_KEY_UISupportedInterfaceOrientations_iPhone = "UIInterfaceOrientationPortrait UIInterfaceOrientationLandscapeLeft UIInterfaceOrientationLandscapeRight";
				LD_RUNPATH_SEARCH_PATHS = (
					"$(inherited)",
					"@executable_path/Frameworks",
				);
				MARKETING_VERSION = 1.0;
				PRODUCT_BUNDLE_IDENTIFIER = com.mulgrim.IosObjcEmpty;
				PRODUCT_NAME = "$(TARGET_NAME)";
				SDKROOT = iphoneos;
				SUPPORTED_PLATFORMS = "iphoneos iphonesimulator";
				SUPPORTS_MACCATALYST = NO;
				SUPPORTS_MAC_DESIGNED_FOR_IPHONE_IPAD = NO;
				SWIFT_EMIT_LOC_STRINGS = YES;
				SWIFT_OBJC_BRIDGING_HEADER = "IosObjcSample/Supporting Files/IosObjcEmpty-Bridging-Header.h";
				SWIFT_VERSION = 5.0;
				TARGETED_DEVICE_FAMILY = "1,2";
				VALIDATE_PRODUCT = YES;
			};
			name = Release;
		};
		48F00E7029240D3C00DBA3FC /* Debug */ = {
			isa = XCBuildConfiguration;
			buildSettings = {
				ALWAYS_EMBED_SWIFT_STANDARD_LIBRARIES = YES;
				ASSETCATALOG_COMPILER_APPICON_NAME = AppIcon;
				ASSETCATALOG_COMPILER_GLOBAL_ACCENT_COLOR_NAME = AccentColor;
				CLANG_ENABLE_MODULES = YES;
				CODE_SIGN_STYLE = Automatic;
				CURRENT_PROJECT_VERSION = 1;
				DEVELOPMENT_TEAM = BZN6F8UN94;
				GENERATE_INFOPLIST_FILE = YES;
				INFOPLIST_FILE = IosSwiftEmpty/Info.plist;
				INFOPLIST_KEY_UIApplicationSupportsIndirectInputEvents = YES;
				INFOPLIST_KEY_UILaunchStoryboardName = LaunchScreen;
				INFOPLIST_KEY_UIMainStoryboardFile = Main;
				INFOPLIST_KEY_UISupportedInterfaceOrientations_iPad = "UIInterfaceOrientationPortrait UIInterfaceOrientationPortraitUpsideDown UIInterfaceOrientationLandscapeLeft UIInterfaceOrientationLandscapeRight";
				INFOPLIST_KEY_UISupportedInterfaceOrientations_iPhone = "UIInterfaceOrientationPortrait UIInterfaceOrientationLandscapeLeft UIInterfaceOrientationLandscapeRight";
				LD_RUNPATH_SEARCH_PATHS = (
					"$(inherited)",
					"@executable_path/Frameworks",
				);
				MARKETING_VERSION = 1.0;
				PRODUCT_BUNDLE_IDENTIFIER = com.mulgrim.IosSwiftEmpty;
				PRODUCT_NAME = "$(TARGET_NAME)";
				SDKROOT = iphoneos;
				SUPPORTED_PLATFORMS = "iphoneos iphonesimulator";
				SUPPORTS_MACCATALYST = NO;
				SUPPORTS_MAC_DESIGNED_FOR_IPHONE_IPAD = NO;
				SWIFT_EMIT_LOC_STRINGS = YES;
				SWIFT_OBJC_BRIDGING_HEADER = "IosSwiftEmpty/IosSwiftEmpty-Bridging-Header.h";
				SWIFT_OPTIMIZATION_LEVEL = "-Onone";
				SWIFT_VERSION = 5.0;
				TARGETED_DEVICE_FAMILY = "1,2";
			};
			name = Debug;
		};
		48F00E7129240D3C00DBA3FC /* Release */ = {
			isa = XCBuildConfiguration;
			buildSettings = {
				ALWAYS_EMBED_SWIFT_STANDARD_LIBRARIES = YES;
				ASSETCATALOG_COMPILER_APPICON_NAME = AppIcon;
				ASSETCATALOG_COMPILER_GLOBAL_ACCENT_COLOR_NAME = AccentColor;
				CLANG_ENABLE_MODULES = YES;
				CODE_SIGN_STYLE = Automatic;
				CURRENT_PROJECT_VERSION = 1;
				DEVELOPMENT_TEAM = BZN6F8UN94;
				GENERATE_INFOPLIST_FILE = YES;
				INFOPLIST_FILE = IosSwiftEmpty/Info.plist;
				INFOPLIST_KEY_UIApplicationSupportsIndirectInputEvents = YES;
				INFOPLIST_KEY_UILaunchStoryboardName = LaunchScreen;
				INFOPLIST_KEY_UIMainStoryboardFile = Main;
				INFOPLIST_KEY_UISupportedInterfaceOrientations_iPad = "UIInterfaceOrientationPortrait UIInterfaceOrientationPortraitUpsideDown UIInterfaceOrientationLandscapeLeft UIInterfaceOrientationLandscapeRight";
				INFOPLIST_KEY_UISupportedInterfaceOrientations_iPhone = "UIInterfaceOrientationPortrait UIInterfaceOrientationLandscapeLeft UIInterfaceOrientationLandscapeRight";
				LD_RUNPATH_SEARCH_PATHS = (
					"$(inherited)",
					"@executable_path/Frameworks",
				);
				MARKETING_VERSION = 1.0;
				PRODUCT_BUNDLE_IDENTIFIER = com.mulgrim.IosSwiftEmpty;
				PRODUCT_NAME = "$(TARGET_NAME)";
				SDKROOT = iphoneos;
				SUPPORTED_PLATFORMS = "iphoneos iphonesimulator";
				SUPPORTS_MACCATALYST = NO;
				SUPPORTS_MAC_DESIGNED_FOR_IPHONE_IPAD = NO;
				SWIFT_EMIT_LOC_STRINGS = YES;
				SWIFT_OBJC_BRIDGING_HEADER = "IosSwiftEmpty/IosSwiftEmpty-Bridging-Header.h";
				SWIFT_VERSION = 5.0;
				TARGETED_DEVICE_FAMILY = "1,2";
				VALIDATE_PRODUCT = YES;
			};
			name = Release;
		};
		48F00E8429240D5800DBA3FC /* Debug */ = {
			isa = XCBuildConfiguration;
			buildSettings = {
				ASSETCATALOG_COMPILER_APPICON_NAME = AppIcon;
				ASSETCATALOG_COMPILER_GLOBAL_ACCENT_COLOR_NAME = AccentColor;
				CLANG_ENABLE_MODULES = YES;
				CODE_SIGN_ENTITLEMENTS = MacObjcSample/MacObjcEmpty.entitlements;
				CODE_SIGN_IDENTITY = "-";
				CODE_SIGN_STYLE = Automatic;
				COMBINE_HIDPI_IMAGES = YES;
				CURRENT_PROJECT_VERSION = 1;
				DEVELOPMENT_TEAM = BZN6F8UN94;
				ENABLE_HARDENED_RUNTIME = YES;
				GENERATE_INFOPLIST_FILE = YES;
				INFOPLIST_KEY_NSHumanReadableCopyright = "";
				INFOPLIST_KEY_NSMainNibFile = MainMenu;
				INFOPLIST_KEY_NSPrincipalClass = NSApplication;
				LD_RUNPATH_SEARCH_PATHS = (
					"$(inherited)",
					"@executable_path/../Frameworks",
				);
				MARKETING_VERSION = 1.0;
				PRODUCT_BUNDLE_IDENTIFIER = com.mulgrim.MacObjcEmpty;
				PRODUCT_NAME = "$(TARGET_NAME)";
				SDKROOT = macosx;
				SWIFT_EMIT_LOC_STRINGS = YES;
				SWIFT_OBJC_BRIDGING_HEADER = "MacObjcSample/MacObjcEmpty-Bridging-Header.h";
				SWIFT_OPTIMIZATION_LEVEL = "-Onone";
				SWIFT_VERSION = 5.0;
			};
			name = Debug;
		};
		48F00E8529240D5800DBA3FC /* Release */ = {
			isa = XCBuildConfiguration;
			buildSettings = {
				ASSETCATALOG_COMPILER_APPICON_NAME = AppIcon;
				ASSETCATALOG_COMPILER_GLOBAL_ACCENT_COLOR_NAME = AccentColor;
				CLANG_ENABLE_MODULES = YES;
				CODE_SIGN_ENTITLEMENTS = MacObjcSample/MacObjcEmpty.entitlements;
				CODE_SIGN_IDENTITY = "-";
				CODE_SIGN_STYLE = Automatic;
				COMBINE_HIDPI_IMAGES = YES;
				CURRENT_PROJECT_VERSION = 1;
				DEVELOPMENT_TEAM = BZN6F8UN94;
				ENABLE_HARDENED_RUNTIME = YES;
				GENERATE_INFOPLIST_FILE = YES;
				INFOPLIST_KEY_NSHumanReadableCopyright = "";
				INFOPLIST_KEY_NSMainNibFile = MainMenu;
				INFOPLIST_KEY_NSPrincipalClass = NSApplication;
				LD_RUNPATH_SEARCH_PATHS = (
					"$(inherited)",
					"@executable_path/../Frameworks",
				);
				MARKETING_VERSION = 1.0;
				PRODUCT_BUNDLE_IDENTIFIER = com.mulgrim.MacObjcEmpty;
				PRODUCT_NAME = "$(TARGET_NAME)";
				SDKROOT = macosx;
				SWIFT_EMIT_LOC_STRINGS = YES;
				SWIFT_OBJC_BRIDGING_HEADER = "MacObjcSample/MacObjcEmpty-Bridging-Header.h";
				SWIFT_VERSION = 5.0;
			};
			name = Release;
		};
		48F00E9529240D7500DBA3FC /* Debug */ = {
			isa = XCBuildConfiguration;
			buildSettings = {
				ASSETCATALOG_COMPILER_APPICON_NAME = AppIcon;
				ASSETCATALOG_COMPILER_GLOBAL_ACCENT_COLOR_NAME = AccentColor;
				CODE_SIGN_ENTITLEMENTS = MacSwiftEmpty/MacSwiftEmpty.entitlements;
				CODE_SIGN_IDENTITY = "-";
				CODE_SIGN_STYLE = Automatic;
				COMBINE_HIDPI_IMAGES = YES;
				CURRENT_PROJECT_VERSION = 1;
				DEVELOPMENT_TEAM = BZN6F8UN94;
				ENABLE_HARDENED_RUNTIME = YES;
				GENERATE_INFOPLIST_FILE = YES;
				INFOPLIST_KEY_NSHumanReadableCopyright = "";
				INFOPLIST_KEY_NSMainNibFile = MainMenu;
				INFOPLIST_KEY_NSPrincipalClass = NSApplication;
				LD_RUNPATH_SEARCH_PATHS = (
					"$(inherited)",
					"@executable_path/../Frameworks",
				);
				MARKETING_VERSION = 1.0;
				PRODUCT_BUNDLE_IDENTIFIER = com.mulgrim.MacSwiftEmpty;
				PRODUCT_NAME = "$(TARGET_NAME)";
				SDKROOT = macosx;
				SWIFT_EMIT_LOC_STRINGS = YES;
				SWIFT_VERSION = 5.0;
			};
			name = Debug;
		};
		48F00E9629240D7500DBA3FC /* Release */ = {
			isa = XCBuildConfiguration;
			buildSettings = {
				ASSETCATALOG_COMPILER_APPICON_NAME = AppIcon;
				ASSETCATALOG_COMPILER_GLOBAL_ACCENT_COLOR_NAME = AccentColor;
				CODE_SIGN_ENTITLEMENTS = MacSwiftEmpty/MacSwiftEmpty.entitlements;
				CODE_SIGN_IDENTITY = "-";
				CODE_SIGN_STYLE = Automatic;
				COMBINE_HIDPI_IMAGES = YES;
				CURRENT_PROJECT_VERSION = 1;
				DEVELOPMENT_TEAM = BZN6F8UN94;
				ENABLE_HARDENED_RUNTIME = YES;
				GENERATE_INFOPLIST_FILE = YES;
				INFOPLIST_KEY_NSHumanReadableCopyright = "";
				INFOPLIST_KEY_NSMainNibFile = MainMenu;
				INFOPLIST_KEY_NSPrincipalClass = NSApplication;
				LD_RUNPATH_SEARCH_PATHS = (
					"$(inherited)",
					"@executable_path/../Frameworks",
				);
				MARKETING_VERSION = 1.0;
				PRODUCT_BUNDLE_IDENTIFIER = com.mulgrim.MacSwiftEmpty;
				PRODUCT_NAME = "$(TARGET_NAME)";
				SDKROOT = macosx;
				SWIFT_EMIT_LOC_STRINGS = YES;
				SWIFT_VERSION = 5.0;
			};
			name = Release;
		};
/* End XCBuildConfiguration section */

/* Begin XCConfigurationList section */
		482D491D2923C71A005CA28D /* Build configuration list for PBXProject "MGUButtonsProject" */ = {
			isa = XCConfigurationList;
			buildConfigurations = (
				482D492F2923C71B005CA28D /* Debug */,
				482D49302923C71B005CA28D /* Release */,
			);
			defaultConfigurationIsVisible = 0;
			defaultConfigurationName = Release;
		};
		48E8733229240DCF0033F23F /* Build configuration list for PBXNativeTarget "WatchSwiftSample" */ = {
			isa = XCConfigurationList;
			buildConfigurations = (
				48E8733029240DCF0033F23F /* Debug */,
				48E8733129240DCF0033F23F /* Release */,
			);
			defaultConfigurationIsVisible = 0;
			defaultConfigurationName = Release;
		};
		48F00E5929240D2A00DBA3FC /* Build configuration list for PBXNativeTarget "IosObjcSample" */ = {
			isa = XCConfigurationList;
			buildConfigurations = (
				48F00E5729240D2A00DBA3FC /* Debug */,
				48F00E5829240D2A00DBA3FC /* Release */,
			);
			defaultConfigurationIsVisible = 0;
			defaultConfigurationName = Release;
		};
		48F00E6F29240D3C00DBA3FC /* Build configuration list for PBXNativeTarget "IosSwiftSample" */ = {
			isa = XCConfigurationList;
			buildConfigurations = (
				48F00E7029240D3C00DBA3FC /* Debug */,
				48F00E7129240D3C00DBA3FC /* Release */,
			);
			defaultConfigurationIsVisible = 0;
			defaultConfigurationName = Release;
		};
		48F00E8329240D5800DBA3FC /* Build configuration list for PBXNativeTarget "MacObjcSample" */ = {
			isa = XCConfigurationList;
			buildConfigurations = (
				48F00E8429240D5800DBA3FC /* Debug */,
				48F00E8529240D5800DBA3FC /* Release */,
			);
			defaultConfigurationIsVisible = 0;
			defaultConfigurationName = Release;
		};
		48F00E9429240D7500DBA3FC /* Build configuration list for PBXNativeTarget "MacSwiftSample" */ = {
			isa = XCConfigurationList;
			buildConfigurations = (
				48F00E9529240D7500DBA3FC /* Debug */,
				48F00E9629240D7500DBA3FC /* Release */,
			);
			defaultConfigurationIsVisible = 0;
			defaultConfigurationName = Release;
		};
/* End XCConfigurationList section */
	};
	rootObject = 482D491A2923C71A005CA28D /* Project object */;
}
