// !$*UTF8*$!
{
	archiveVersion = 1;
	classes = {
	};
	objectVersion = 56;
	objects = {

/* Begin PBXBuildFile section */
		845902FA28F0D71600E50B56 /* AppDelegate.swift in Sources */ = {isa = PBXBuildFile; fileRef = 845902F928F0D71600E50B56 /* AppDelegate.swift */; };
		845902FC28F0D71600E50B56 /* SceneDelegate.swift in Sources */ = {isa = PBXBuildFile; fileRef = 845902FB28F0D71600E50B56 /* SceneDelegate.swift */; };
		8459030328F0D71700E50B56 /* Assets.xcassets in Resources */ = {isa = PBXBuildFile; fileRef = 8459030228F0D71700E50B56 /* Assets.xcassets */; };
		8459030628F0D71700E50B56 /* LaunchScreen.storyboard in Resources */ = {isa = PBXBuildFile; fileRef = 8459030428F0D71700E50B56 /* LaunchScreen.storyboard */; };
		849B35BF2A14EDEA0075F32E /* ViewControllerB.m in Sources */ = {isa = PBXBuildFile; fileRef = 849B35BD2A14EDEA0075F32E /* ViewControllerB.m */; };
		849B35C02A14EDEA0075F32E /* ViewControllerB.xib in Resources */ = {isa = PBXBuildFile; fileRef = 849B35BE2A14EDEA0075F32E /* ViewControllerB.xib */; };
		849B35C42A14EDF20075F32E /* ViewControllerC.m in Sources */ = {isa = PBXBuildFile; fileRef = 849B35C22A14EDF20075F32E /* ViewControllerC.m */; };
		849B35C52A14EDF20075F32E /* ViewControllerC.xib in Resources */ = {isa = PBXBuildFile; fileRef = 849B35C32A14EDF20075F32E /* ViewControllerC.xib */; };
		849B35C92A14EDFA0075F32E /* ViewControllerD.m in Sources */ = {isa = PBXBuildFile; fileRef = 849B35C72A14EDFA0075F32E /* ViewControllerD.m */; };
		849B35CA2A14EDFA0075F32E /* ViewControllerD.xib in Resources */ = {isa = PBXBuildFile; fileRef = 849B35C82A14EDFA0075F32E /* ViewControllerD.xib */; };
		849B35CE2A14EE000075F32E /* ViewControllerE.m in Sources */ = {isa = PBXBuildFile; fileRef = 849B35CC2A14EE000075F32E /* ViewControllerE.m */; };
		849B35CF2A14EE000075F32E /* ViewControllerE.xib in Resources */ = {isa = PBXBuildFile; fileRef = 849B35CD2A14EE000075F32E /* ViewControllerE.xib */; };
		849B35D22A14EEFA0075F32E /* ViewControllerA.m in Sources */ = {isa = PBXBuildFile; fileRef = 849B35D12A14EEFA0075F32E /* ViewControllerA.m */; };
		849B35DC2A15E8660075F32E /* LNTouchVisualizer.framework in Frameworks */ = {isa = PBXBuildFile; fileRef = 849B35DB2A15E8610075F32E /* LNTouchVisualizer.framework */; };
		849B35DD2A15E8660075F32E /* LNTouchVisualizer.framework in Embed Frameworks */ = {isa = PBXBuildFile; fileRef = 849B35DB2A15E8610075F32E /* LNTouchVisualizer.framework */; settings = {ATTRIBUTES = (CodeSignOnCopy, RemoveHeadersOnCopy, ); }; };
		84A836422A0B1735008F3D25 /* main.swift in Sources */ = {isa = PBXBuildFile; fileRef = 84A836412A0B1735008F3D25 /* main.swift */; };
		84AF26A828F0DBDF00C4E0A3 /* MainTableViewController.swift in Sources */ = {isa = PBXBuildFile; fileRef = 84AF26A628F0DBDF00C4E0A3 /* MainTableViewController.swift */; };
		84AF26D728F372BA00C4E0A3 /* Item.swift in Sources */ = {isa = PBXBuildFile; fileRef = 84AF26D628F372BA00C4E0A3 /* Item.swift */; };
		84AF26D928F376A400C4E0A3 /* ItemsForTableView.swift in Sources */ = {isa = PBXBuildFile; fileRef = 84AF26D828F376A400C4E0A3 /* ItemsForTableView.swift */; };
		84D6B1962A120E380044E02D /* ViewControllerA.xib in Resources */ = {isa = PBXBuildFile; fileRef = 84D6B1952A120E380044E02D /* ViewControllerA.xib */; };
		84D6B1C82A1248710044E02D /* AudioKit.framework in Frameworks */ = {isa = PBXBuildFile; fileRef = 84D6B1C32A1248700044E02D /* AudioKit.framework */; };
		84D6B1CA2A1248710044E02D /* IosKit.framework in Frameworks */ = {isa = PBXBuildFile; fileRef = 84D6B1C42A1248700044E02D /* IosKit.framework */; };
		84D6B1CC2A1248710044E02D /* GraphicsKit.framework in Frameworks */ = {isa = PBXBuildFile; fileRef = 84D6B1C52A1248700044E02D /* GraphicsKit.framework */; };
		84D6B1CE2A1248710044E02D /* BaseKit.framework in Frameworks */ = {isa = PBXBuildFile; fileRef = 84D6B1C62A1248700044E02D /* BaseKit.framework */; };
		84D6B1D02A1248720044E02D /* IosRes.bundle in Embed PlugIns */ = {isa = PBXBuildFile; fileRef = 84D6B1C72A1248700044E02D /* IosRes.bundle */; settings = {ATTRIBUTES = (CodeSignOnCopy, RemoveHeadersOnCopy, ); }; };
/* End PBXBuildFile section */

/* Begin PBXContainerItemProxy section */
		849B35DA2A15E8610075F32E /* PBXContainerItemProxy */ = {
			isa = PBXContainerItemProxy;
			containerPortal = 849B35D62A15E8610075F32E /* LNTouchVisualizer.xcodeproj */;
			proxyType = 2;
			remoteGlobalIDString = 39C38069260B783E00ACF910;
			remoteInfo = LNTouchVisualizer;
		};
/* End PBXContainerItemProxy section */

/* Begin PBXCopyFilesBuildPhase section */
		849B35DE2A15E8670075F32E /* Embed Frameworks */ = {
			isa = PBXCopyFilesBuildPhase;
			buildActionMask = 2147483647;
			dstPath = "";
			dstSubfolderSpec = 10;
			files = (
				849B35DD2A15E8660075F32E /* LNTouchVisualizer.framework in Embed Frameworks */,
			);
			name = "Embed Frameworks";
			runOnlyForDeploymentPostprocessing = 0;
		};
		84D6B1D12A1248720044E02D /* Embed PlugIns */ = {
			isa = PBXCopyFilesBuildPhase;
			buildActionMask = 2147483647;
			dstPath = "";
			dstSubfolderSpec = 7;
			files = (
				84D6B1D02A1248720044E02D /* IosRes.bundle in Embed PlugIns */,
			);
			name = "Embed PlugIns";
			runOnlyForDeploymentPostprocessing = 0;
		};
/* End PBXCopyFilesBuildPhase section */

/* Begin PBXFileReference section */
		845902F628F0D71600E50B56 /* MGUNumKeyboard.app */ = {isa = PBXFileReference; explicitFileType = wrapper.application; includeInIndex = 0; path = MGUNumKeyboard.app; sourceTree = BUILT_PRODUCTS_DIR; };
		845902F928F0D71600E50B56 /* AppDelegate.swift */ = {isa = PBXFileReference; lastKnownFileType = sourcecode.swift; path = AppDelegate.swift; sourceTree = "<group>"; };
		845902FB28F0D71600E50B56 /* SceneDelegate.swift */ = {isa = PBXFileReference; lastKnownFileType = sourcecode.swift; path = SceneDelegate.swift; sourceTree = "<group>"; };
		8459030228F0D71700E50B56 /* Assets.xcassets */ = {isa = PBXFileReference; lastKnownFileType = folder.assetcatalog; path = Assets.xcassets; sourceTree = "<group>"; };
		8459030528F0D71700E50B56 /* Base */ = {isa = PBXFileReference; lastKnownFileType = file.storyboard; name = Base; path = Base.lproj/LaunchScreen.storyboard; sourceTree = "<group>"; };
		8459030728F0D71700E50B56 /* Info.plist */ = {isa = PBXFileReference; lastKnownFileType = text.plist.xml; path = Info.plist; sourceTree = "<group>"; };
		8459030D28F0D7BB00E50B56 /* README.md */ = {isa = PBXFileReference; lastKnownFileType = net.daringfireball.markdown; path = README.md; sourceTree = "<group>"; };
		849B35B42A14B1590075F32E /* Simulator Screen Recording - iPhone 14 - 2023-05-17 at 15.32.22.gif */ = {isa = PBXFileReference; lastKnownFileType = image.gif; path = "Simulator Screen Recording - iPhone 14 - 2023-05-17 at 15.32.22.gif"; sourceTree = "<group>"; };
		849B35B52A14B1950075F32E /* Simulator Screen Recording - iPhone 14 - 2023-05-17 at 15.33.35.gif */ = {isa = PBXFileReference; lastKnownFileType = image.gif; path = "Simulator Screen Recording - iPhone 14 - 2023-05-17 at 15.33.35.gif"; sourceTree = "<group>"; };
		849B35B62A14B1AE0075F32E /* Simulator Screen Recording - iPhone 14 - 2023-05-17 at 15.35.01.gif */ = {isa = PBXFileReference; lastKnownFileType = image.gif; path = "Simulator Screen Recording - iPhone 14 - 2023-05-17 at 15.35.01.gif"; sourceTree = "<group>"; };
		849B35B72A14B1F00075F32E /* Simulator Screen Recording - iPhone 14 - 2023-05-17 at 15.36.04.gif */ = {isa = PBXFileReference; lastKnownFileType = image.gif; path = "Simulator Screen Recording - iPhone 14 - 2023-05-17 at 15.36.04.gif"; sourceTree = "<group>"; };
		849B35BA2A14CEA10075F32E /* 230517a3.jpg */ = {isa = PBXFileReference; lastKnownFileType = image.jpeg; path = 230517a3.jpg; sourceTree = "<group>"; };
		849B35BC2A14EDEA0075F32E /* ViewControllerB.h */ = {isa = PBXFileReference; lastKnownFileType = sourcecode.c.h; path = ViewControllerB.h; sourceTree = "<group>"; };
		849B35BD2A14EDEA0075F32E /* ViewControllerB.m */ = {isa = PBXFileReference; lastKnownFileType = sourcecode.c.objc; path = ViewControllerB.m; sourceTree = "<group>"; };
		849B35BE2A14EDEA0075F32E /* ViewControllerB.xib */ = {isa = PBXFileReference; lastKnownFileType = file.xib; path = ViewControllerB.xib; sourceTree = "<group>"; };
		849B35C12A14EDF20075F32E /* ViewControllerC.h */ = {isa = PBXFileReference; lastKnownFileType = sourcecode.c.h; path = ViewControllerC.h; sourceTree = "<group>"; };
		849B35C22A14EDF20075F32E /* ViewControllerC.m */ = {isa = PBXFileReference; lastKnownFileType = sourcecode.c.objc; path = ViewControllerC.m; sourceTree = "<group>"; };
		849B35C32A14EDF20075F32E /* ViewControllerC.xib */ = {isa = PBXFileReference; lastKnownFileType = file.xib; path = ViewControllerC.xib; sourceTree = "<group>"; };
		849B35C62A14EDFA0075F32E /* ViewControllerD.h */ = {isa = PBXFileReference; lastKnownFileType = sourcecode.c.h; path = ViewControllerD.h; sourceTree = "<group>"; };
		849B35C72A14EDFA0075F32E /* ViewControllerD.m */ = {isa = PBXFileReference; lastKnownFileType = sourcecode.c.objc; path = ViewControllerD.m; sourceTree = "<group>"; };
		849B35C82A14EDFA0075F32E /* ViewControllerD.xib */ = {isa = PBXFileReference; lastKnownFileType = file.xib; path = ViewControllerD.xib; sourceTree = "<group>"; };
		849B35CB2A14EE000075F32E /* ViewControllerE.h */ = {isa = PBXFileReference; lastKnownFileType = sourcecode.c.h; path = ViewControllerE.h; sourceTree = "<group>"; };
		849B35CC2A14EE000075F32E /* ViewControllerE.m */ = {isa = PBXFileReference; lastKnownFileType = sourcecode.c.objc; path = ViewControllerE.m; sourceTree = "<group>"; };
		849B35CD2A14EE000075F32E /* ViewControllerE.xib */ = {isa = PBXFileReference; lastKnownFileType = file.xib; path = ViewControllerE.xib; sourceTree = "<group>"; };
		849B35D02A14EEFA0075F32E /* ViewControllerA.h */ = {isa = PBXFileReference; fileEncoding = 4; lastKnownFileType = sourcecode.c.h; path = ViewControllerA.h; sourceTree = "<group>"; };
		849B35D12A14EEFA0075F32E /* ViewControllerA.m */ = {isa = PBXFileReference; fileEncoding = 4; lastKnownFileType = sourcecode.c.objc; path = ViewControllerA.m; sourceTree = "<group>"; };
		849B35D62A15E8610075F32E /* LNTouchVisualizer.xcodeproj */ = {isa = PBXFileReference; lastKnownFileType = "wrapper.pb-project"; name = LNTouchVisualizer.xcodeproj; path = ../../../Archon/ObjcSubject/Visualizer/LNTouchVisualizer/LNTouchVisualizer/LNTouchVisualizer.xcodeproj; sourceTree = "<group>"; };
		84A8363B2A0AD983008F3D25 /* MGUNumKeyboard-Bridging-Header.h */ = {isa = PBXFileReference; lastKnownFileType = sourcecode.c.h; path = "MGUNumKeyboard-Bridging-Header.h"; sourceTree = "<group>"; };
		84A836412A0B1735008F3D25 /* main.swift */ = {isa = PBXFileReference; lastKnownFileType = sourcecode.swift; path = main.swift; sourceTree = "<group>"; };
		84AF26A628F0DBDF00C4E0A3 /* MainTableViewController.swift */ = {isa = PBXFileReference; lastKnownFileType = sourcecode.swift; path = MainTableViewController.swift; sourceTree = "<group>"; };
		84AF26D628F372BA00C4E0A3 /* Item.swift */ = {isa = PBXFileReference; lastKnownFileType = sourcecode.swift; path = Item.swift; sourceTree = "<group>"; };
		84AF26D828F376A400C4E0A3 /* ItemsForTableView.swift */ = {isa = PBXFileReference; lastKnownFileType = sourcecode.swift; path = ItemsForTableView.swift; sourceTree = "<group>"; };
		84D6B1952A120E380044E02D /* ViewControllerA.xib */ = {isa = PBXFileReference; fileEncoding = 4; lastKnownFileType = file.xib; path = ViewControllerA.xib; sourceTree = "<group>"; };
		84D6B1C32A1248700044E02D /* AudioKit.framework */ = {isa = PBXFileReference; lastKnownFileType = wrapper.framework; name = AudioKit.framework; path = ../IosLib/AudioKit.framework; sourceTree = "<group>"; };
		84D6B1C42A1248700044E02D /* IosKit.framework */ = {isa = PBXFileReference; lastKnownFileType = wrapper.framework; name = IosKit.framework; path = ../IosLib/IosKit.framework; sourceTree = "<group>"; };
		84D6B1C52A1248700044E02D /* GraphicsKit.framework */ = {isa = PBXFileReference; lastKnownFileType = wrapper.framework; name = GraphicsKit.framework; path = ../IosLib/GraphicsKit.framework; sourceTree = "<group>"; };
		84D6B1C62A1248700044E02D /* BaseKit.framework */ = {isa = PBXFileReference; lastKnownFileType = wrapper.framework; name = BaseKit.framework; path = ../IosLib/BaseKit.framework; sourceTree = "<group>"; };
		84D6B1C72A1248700044E02D /* IosRes.bundle */ = {isa = PBXFileReference; lastKnownFileType = "wrapper.plug-in"; name = IosRes.bundle; path = ../IosLib/IosRes.bundle; sourceTree = "<group>"; };
		84E66C442A14996E001CCF28 /* 230517a2.jpg */ = {isa = PBXFileReference; lastKnownFileType = image.jpeg; path = 230517a2.jpg; sourceTree = "<group>"; };
		84E66C452A149CC8001CCF28 /* 230516b1.jpg */ = {isa = PBXFileReference; lastKnownFileType = image.jpeg; path = 230516b1.jpg; sourceTree = "<group>"; };
/* End PBXFileReference section */

/* Begin PBXFrameworksBuildPhase section */
		845902F328F0D71600E50B56 /* Frameworks */ = {
			isa = PBXFrameworksBuildPhase;
			buildActionMask = 2147483647;
			files = (
				84D6B1CE2A1248710044E02D /* BaseKit.framework in Frameworks */,
				84D6B1C82A1248710044E02D /* AudioKit.framework in Frameworks */,
				849B35DC2A15E8660075F32E /* LNTouchVisualizer.framework in Frameworks */,
				84D6B1CA2A1248710044E02D /* IosKit.framework in Frameworks */,
				84D6B1CC2A1248710044E02D /* GraphicsKit.framework in Frameworks */,
			);
			runOnlyForDeploymentPostprocessing = 0;
		};
/* End PBXFrameworksBuildPhase section */

/* Begin PBXGroup section */
		845902ED28F0D71600E50B56 = {
			isa = PBXGroup;
			children = (
				849B35D62A15E8610075F32E /* LNTouchVisualizer.xcodeproj */,
				8459030D28F0D7BB00E50B56 /* README.md */,
				8498FF452A0B754E00E3A721 /* screenshot */,
				845902F828F0D71600E50B56 /* MGUNumKeyboard */,
				845902F728F0D71600E50B56 /* Products */,
				84D6B1742A1200470044E02D /* Frameworks */,
			);
			sourceTree = "<group>";
		};
		845902F728F0D71600E50B56 /* Products */ = {
			isa = PBXGroup;
			children = (
				845902F628F0D71600E50B56 /* MGUNumKeyboard.app */,
			);
			name = Products;
			sourceTree = "<group>";
		};
		845902F828F0D71600E50B56 /* MGUNumKeyboard */ = {
			isa = PBXGroup;
			children = (
				84A836412A0B1735008F3D25 /* main.swift */,
				845902F928F0D71600E50B56 /* AppDelegate.swift */,
				845902FB28F0D71600E50B56 /* SceneDelegate.swift */,
				84AF26A628F0DBDF00C4E0A3 /* MainTableViewController.swift */,
				84AF26DA28F37DD500C4E0A3 /* Examples */,
				8459030E28F0D7C000E50B56 /* Supporting Files */,
			);
			path = MGUNumKeyboard;
			sourceTree = "<group>";
		};
		8459030E28F0D7C000E50B56 /* Supporting Files */ = {
			isa = PBXGroup;
			children = (
				84AF26D528F3711F00C4E0A3 /* Model */,
				84A8363B2A0AD983008F3D25 /* MGUNumKeyboard-Bridging-Header.h */,
				8459030228F0D71700E50B56 /* Assets.xcassets */,
				8459030428F0D71700E50B56 /* LaunchScreen.storyboard */,
				8459030728F0D71700E50B56 /* Info.plist */,
			);
			path = "Supporting Files";
			sourceTree = "<group>";
		};
		8498FF452A0B754E00E3A721 /* screenshot */ = {
			isa = PBXGroup;
			children = (
				849B35B42A14B1590075F32E /* Simulator Screen Recording - iPhone 14 - 2023-05-17 at 15.32.22.gif */,
				849B35B52A14B1950075F32E /* Simulator Screen Recording - iPhone 14 - 2023-05-17 at 15.33.35.gif */,
				849B35B62A14B1AE0075F32E /* Simulator Screen Recording - iPhone 14 - 2023-05-17 at 15.35.01.gif */,
				849B35B72A14B1F00075F32E /* Simulator Screen Recording - iPhone 14 - 2023-05-17 at 15.36.04.gif */,
				84E66C452A149CC8001CCF28 /* 230516b1.jpg */,
				84E66C442A14996E001CCF28 /* 230517a2.jpg */,
				849B35BA2A14CEA10075F32E /* 230517a3.jpg */,
			);
			path = screenshot;
			sourceTree = "<group>";
		};
		849B35D72A15E8610075F32E /* Products */ = {
			isa = PBXGroup;
			children = (
				849B35DB2A15E8610075F32E /* LNTouchVisualizer.framework */,
			);
			name = Products;
			sourceTree = "<group>";
		};
		84AF26D528F3711F00C4E0A3 /* Model */ = {
			isa = PBXGroup;
			children = (
				84AF26D628F372BA00C4E0A3 /* Item.swift */,
				84AF26D828F376A400C4E0A3 /* ItemsForTableView.swift */,
			);
			path = Model;
			sourceTree = "<group>";
		};
		84AF26DA28F37DD500C4E0A3 /* Examples */ = {
			isa = PBXGroup;
			children = (
				849B35D02A14EEFA0075F32E /* ViewControllerA.h */,
				849B35D12A14EEFA0075F32E /* ViewControllerA.m */,
				84D6B1952A120E380044E02D /* ViewControllerA.xib */,
				849B35BC2A14EDEA0075F32E /* ViewControllerB.h */,
				849B35BD2A14EDEA0075F32E /* ViewControllerB.m */,
				849B35BE2A14EDEA0075F32E /* ViewControllerB.xib */,
				849B35C12A14EDF20075F32E /* ViewControllerC.h */,
				849B35C22A14EDF20075F32E /* ViewControllerC.m */,
				849B35C32A14EDF20075F32E /* ViewControllerC.xib */,
				849B35C62A14EDFA0075F32E /* ViewControllerD.h */,
				849B35C72A14EDFA0075F32E /* ViewControllerD.m */,
				849B35C82A14EDFA0075F32E /* ViewControllerD.xib */,
				849B35CB2A14EE000075F32E /* ViewControllerE.h */,
				849B35CC2A14EE000075F32E /* ViewControllerE.m */,
				849B35CD2A14EE000075F32E /* ViewControllerE.xib */,
			);
			path = Examples;
			sourceTree = "<group>";
		};
		84D6B1742A1200470044E02D /* Frameworks */ = {
			isa = PBXGroup;
			children = (
				84D6B1C32A1248700044E02D /* AudioKit.framework */,
				84D6B1C62A1248700044E02D /* BaseKit.framework */,
				84D6B1C52A1248700044E02D /* GraphicsKit.framework */,
				84D6B1C42A1248700044E02D /* IosKit.framework */,
				84D6B1C72A1248700044E02D /* IosRes.bundle */,
			);
			name = Frameworks;
			sourceTree = "<group>";
		};
/* End PBXGroup section */

/* Begin PBXNativeTarget section */
		845902F528F0D71600E50B56 /* MGUNumKeyboard */ = {
			isa = PBXNativeTarget;
			buildConfigurationList = 8459030A28F0D71700E50B56 /* Build configuration list for PBXNativeTarget "MGUNumKeyboard" */;
			buildPhases = (
				845902F228F0D71600E50B56 /* Sources */,
				845902F328F0D71600E50B56 /* Frameworks */,
				845902F428F0D71600E50B56 /* Resources */,
				84D6B1D12A1248720044E02D /* Embed PlugIns */,
				849B35DE2A15E8670075F32E /* Embed Frameworks */,
			);
			buildRules = (
			);
			dependencies = (
			);
			name = MGUNumKeyboard;
			productName = VVVVV;
			productReference = 845902F628F0D71600E50B56 /* MGUNumKeyboard.app */;
			productType = "com.apple.product-type.application";
		};
/* End PBXNativeTarget section */

/* Begin PBXProject section */
		845902EE28F0D71600E50B56 /* Project object */ = {
			isa = PBXProject;
			attributes = {
				BuildIndependentTargetsInParallel = 1;
				LastSwiftUpdateCheck = 1400;
				LastUpgradeCheck = 1400;
				TargetAttributes = {
					845902F528F0D71600E50B56 = {
						CreatedOnToolsVersion = 14.0;
						LastSwiftMigration = 1420;
					};
				};
			};
			buildConfigurationList = 845902F128F0D71600E50B56 /* Build configuration list for PBXProject "MGUNumKeyboard" */;
			compatibilityVersion = "Xcode 14.0";
			developmentRegion = en;
			hasScannedForEncodings = 0;
			knownRegions = (
				en,
				Base,
			);
			mainGroup = 845902ED28F0D71600E50B56;
			productRefGroup = 845902F728F0D71600E50B56 /* Products */;
			projectDirPath = "";
			projectReferences = (
				{
					ProductGroup = 849B35D72A15E8610075F32E /* Products */;
					ProjectRef = 849B35D62A15E8610075F32E /* LNTouchVisualizer.xcodeproj */;
				},
			);
			projectRoot = "";
			targets = (
				845902F528F0D71600E50B56 /* MGUNumKeyboard */,
			);
		};
/* End PBXProject section */

/* Begin PBXReferenceProxy section */
		849B35DB2A15E8610075F32E /* LNTouchVisualizer.framework */ = {
			isa = PBXReferenceProxy;
			fileType = wrapper.framework;
			path = LNTouchVisualizer.framework;
			remoteRef = 849B35DA2A15E8610075F32E /* PBXContainerItemProxy */;
			sourceTree = BUILT_PRODUCTS_DIR;
		};
/* End PBXReferenceProxy section */

/* Begin PBXResourcesBuildPhase section */
		845902F428F0D71600E50B56 /* Resources */ = {
			isa = PBXResourcesBuildPhase;
			buildActionMask = 2147483647;
			files = (
				84D6B1962A120E380044E02D /* ViewControllerA.xib in Resources */,
				849B35CF2A14EE000075F32E /* ViewControllerE.xib in Resources */,
				849B35C02A14EDEA0075F32E /* ViewControllerB.xib in Resources */,
				8459030628F0D71700E50B56 /* LaunchScreen.storyboard in Resources */,
				849B35CA2A14EDFA0075F32E /* ViewControllerD.xib in Resources */,
				849B35C52A14EDF20075F32E /* ViewControllerC.xib in Resources */,
				8459030328F0D71700E50B56 /* Assets.xcassets in Resources */,
			);
			runOnlyForDeploymentPostprocessing = 0;
		};
/* End PBXResourcesBuildPhase section */

/* Begin PBXSourcesBuildPhase section */
		845902F228F0D71600E50B56 /* Sources */ = {
			isa = PBXSourcesBuildPhase;
			buildActionMask = 2147483647;
			files = (
				84AF26D928F376A400C4E0A3 /* ItemsForTableView.swift in Sources */,
				84A836422A0B1735008F3D25 /* main.swift in Sources */,
				849B35C92A14EDFA0075F32E /* ViewControllerD.m in Sources */,
				849B35CE2A14EE000075F32E /* ViewControllerE.m in Sources */,
				84AF26D728F372BA00C4E0A3 /* Item.swift in Sources */,
				845902FA28F0D71600E50B56 /* AppDelegate.swift in Sources */,
				849B35BF2A14EDEA0075F32E /* ViewControllerB.m in Sources */,
				849B35D22A14EEFA0075F32E /* ViewControllerA.m in Sources */,
				84AF26A828F0DBDF00C4E0A3 /* MainTableViewController.swift in Sources */,
				845902FC28F0D71600E50B56 /* SceneDelegate.swift in Sources */,
				849B35C42A14EDF20075F32E /* ViewControllerC.m in Sources */,
			);
			runOnlyForDeploymentPostprocessing = 0;
		};
/* End PBXSourcesBuildPhase section */

/* Begin PBXVariantGroup section */
		8459030428F0D71700E50B56 /* LaunchScreen.storyboard */ = {
			isa = PBXVariantGroup;
			children = (
				8459030528F0D71700E50B56 /* Base */,
			);
			name = LaunchScreen.storyboard;
			sourceTree = "<group>";
		};
/* End PBXVariantGroup section */

/* Begin XCBuildConfiguration section */
		8459030828F0D71700E50B56 /* Debug */ = {
			isa = XCBuildConfiguration;
			buildSettings = {
				ALWAYS_SEARCH_USER_PATHS = NO;
				CLANG_ANALYZER_NONNULL = YES;
				CLANG_ANALYZER_NUMBER_OBJECT_CONVERSION = YES_AGGRESSIVE;
				CLANG_CXX_LANGUAGE_STANDARD = "gnu++20";
				CLANG_ENABLE_MODULES = YES;
				CLANG_ENABLE_OBJC_ARC = YES;
				CLANG_ENABLE_OBJC_WEAK = YES;
				CLANG_WARN_BLOCK_CAPTURE_AUTORELEASING = YES;
				CLANG_WARN_BOOL_CONVERSION = YES;
				CLANG_WARN_COMMA = YES;
				CLANG_WARN_CONSTANT_CONVERSION = YES;
				CLANG_WARN_DEPRECATED_OBJC_IMPLEMENTATIONS = YES;
				CLANG_WARN_DIRECT_OBJC_ISA_USAGE = YES_ERROR;
				CLANG_WARN_DOCUMENTATION_COMMENTS = YES;
				CLANG_WARN_EMPTY_BODY = YES;
				CLANG_WARN_ENUM_CONVERSION = YES;
				CLANG_WARN_INFINITE_RECURSION = YES;
				CLANG_WARN_INT_CONVERSION = YES;
				CLANG_WARN_NON_LITERAL_NULL_CONVERSION = YES;
				CLANG_WARN_OBJC_IMPLICIT_RETAIN_SELF = YES;
				CLANG_WARN_OBJC_LITERAL_CONVERSION = YES;
				CLANG_WARN_OBJC_ROOT_CLASS = YES_ERROR;
				CLANG_WARN_QUOTED_INCLUDE_IN_FRAMEWORK_HEADER = YES;
				CLANG_WARN_RANGE_LOOP_ANALYSIS = YES;
				CLANG_WARN_STRICT_PROTOTYPES = YES;
				CLANG_WARN_SUSPICIOUS_MOVE = YES;
				CLANG_WARN_UNGUARDED_AVAILABILITY = YES_AGGRESSIVE;
				CLANG_WARN_UNREACHABLE_CODE = YES;
				CLANG_WARN__DUPLICATE_METHOD_MATCH = YES;
				COPY_PHASE_STRIP = NO;
				DEBUG_INFORMATION_FORMAT = dwarf;
				ENABLE_STRICT_OBJC_MSGSEND = YES;
				ENABLE_TESTABILITY = YES;
				GCC_C_LANGUAGE_STANDARD = gnu11;
				GCC_DYNAMIC_NO_PIC = NO;
				GCC_NO_COMMON_BLOCKS = YES;
				GCC_OPTIMIZATION_LEVEL = 0;
				GCC_PREPROCESSOR_DEFINITIONS = (
					"DEBUG=1",
					"$(inherited)",
				);
				GCC_WARN_64_TO_32_BIT_CONVERSION = YES;
				GCC_WARN_ABOUT_RETURN_TYPE = YES_ERROR;
				GCC_WARN_UNDECLARED_SELECTOR = YES;
				GCC_WARN_UNINITIALIZED_AUTOS = YES_AGGRESSIVE;
				GCC_WARN_UNUSED_FUNCTION = YES;
				GCC_WARN_UNUSED_VARIABLE = YES;
				IPHONEOS_DEPLOYMENT_TARGET = 15.0;
				MTL_ENABLE_DEBUG_INFO = INCLUDE_SOURCE;
				MTL_FAST_MATH = YES;
				ONLY_ACTIVE_ARCH = YES;
				SDKROOT = iphoneos;
				SWIFT_ACTIVE_COMPILATION_CONDITIONS = DEBUG;
				SWIFT_OPTIMIZATION_LEVEL = "-Onone";
			};
			name = Debug;
		};
		8459030928F0D71700E50B56 /* Release */ = {
			isa = XCBuildConfiguration;
			buildSettings = {
				ALWAYS_SEARCH_USER_PATHS = NO;
				CLANG_ANALYZER_NONNULL = YES;
				CLANG_ANALYZER_NUMBER_OBJECT_CONVERSION = YES_AGGRESSIVE;
				CLANG_CXX_LANGUAGE_STANDARD = "gnu++20";
				CLANG_ENABLE_MODULES = YES;
				CLANG_ENABLE_OBJC_ARC = YES;
				CLANG_ENABLE_OBJC_WEAK = YES;
				CLANG_WARN_BLOCK_CAPTURE_AUTORELEASING = YES;
				CLANG_WARN_BOOL_CONVERSION = YES;
				CLANG_WARN_COMMA = YES;
				CLANG_WARN_CONSTANT_CONVERSION = YES;
				CLANG_WARN_DEPRECATED_OBJC_IMPLEMENTATIONS = YES;
				CLANG_WARN_DIRECT_OBJC_ISA_USAGE = YES_ERROR;
				CLANG_WARN_DOCUMENTATION_COMMENTS = YES;
				CLANG_WARN_EMPTY_BODY = YES;
				CLANG_WARN_ENUM_CONVERSION = YES;
				CLANG_WARN_INFINITE_RECURSION = YES;
				CLANG_WARN_INT_CONVERSION = YES;
				CLANG_WARN_NON_LITERAL_NULL_CONVERSION = YES;
				CLANG_WARN_OBJC_IMPLICIT_RETAIN_SELF = YES;
				CLANG_WARN_OBJC_LITERAL_CONVERSION = YES;
				CLANG_WARN_OBJC_ROOT_CLASS = YES_ERROR;
				CLANG_WARN_QUOTED_INCLUDE_IN_FRAMEWORK_HEADER = YES;
				CLANG_WARN_RANGE_LOOP_ANALYSIS = YES;
				CLANG_WARN_STRICT_PROTOTYPES = YES;
				CLANG_WARN_SUSPICIOUS_MOVE = YES;
				CLANG_WARN_UNGUARDED_AVAILABILITY = YES_AGGRESSIVE;
				CLANG_WARN_UNREACHABLE_CODE = YES;
				CLANG_WARN__DUPLICATE_METHOD_MATCH = YES;
				COPY_PHASE_STRIP = NO;
				DEBUG_INFORMATION_FORMAT = "dwarf-with-dsym";
				ENABLE_NS_ASSERTIONS = NO;
				ENABLE_STRICT_OBJC_MSGSEND = YES;
				GCC_C_LANGUAGE_STANDARD = gnu11;
				GCC_NO_COMMON_BLOCKS = YES;
				GCC_WARN_64_TO_32_BIT_CONVERSION = YES;
				GCC_WARN_ABOUT_RETURN_TYPE = YES_ERROR;
				GCC_WARN_UNDECLARED_SELECTOR = YES;
				GCC_WARN_UNINITIALIZED_AUTOS = YES_AGGRESSIVE;
				GCC_WARN_UNUSED_FUNCTION = YES;
				GCC_WARN_UNUSED_VARIABLE = YES;
				IPHONEOS_DEPLOYMENT_TARGET = 15.0;
				MTL_ENABLE_DEBUG_INFO = NO;
				MTL_FAST_MATH = YES;
				SDKROOT = iphoneos;
				SWIFT_COMPILATION_MODE = wholemodule;
				SWIFT_OPTIMIZATION_LEVEL = "-O";
				VALIDATE_PRODUCT = YES;
			};
			name = Release;
		};
		8459030B28F0D71700E50B56 /* Debug */ = {
			isa = XCBuildConfiguration;
			buildSettings = {
				ASSETCATALOG_COMPILER_APPICON_NAME = AppIcon;
				ASSETCATALOG_COMPILER_GLOBAL_ACCENT_COLOR_NAME = AccentColor;
				CLANG_ENABLE_MODULES = YES;
				CODE_SIGN_STYLE = Automatic;
				CURRENT_PROJECT_VERSION = 1;
				DEFINES_MODULE = YES;
				DEVELOPMENT_TEAM = 42X7W4DHQ6;
				FRAMEWORK_SEARCH_PATHS = (
					"$(inherited)",
					"$(PROJECT_DIR)/../IosLib",
				);
				GENERATE_INFOPLIST_FILE = YES;
				INFOPLIST_FILE = "MGUNumKeyboard/Supporting Files/Info.plist";
				INFOPLIST_KEY_UIApplicationSupportsIndirectInputEvents = YES;
				INFOPLIST_KEY_UILaunchStoryboardName = LaunchScreen;
				INFOPLIST_KEY_UISupportedInterfaceOrientations = UIInterfaceOrientationPortrait;
				INFOPLIST_KEY_UISupportedInterfaceOrientations_iPad = "UIInterfaceOrientationLandscapeLeft UIInterfaceOrientationLandscapeRight UIInterfaceOrientationPortrait UIInterfaceOrientationPortraitUpsideDown";
				LD_RUNPATH_SEARCH_PATHS = (
					"$(inherited)",
					"@executable_path/Frameworks",
				);
				MACH_O_TYPE = mh_execute;
				MARKETING_VERSION = 1.0;
				OTHER_LDFLAGS = "-ObjC";
				PRODUCT_BUNDLE_IDENTIFIER = com.mulgrim.MGUNumKeyboard;
				PRODUCT_NAME = "$(TARGET_NAME)";
				SUPPORTED_PLATFORMS = "iphoneos iphonesimulator";
				SUPPORTS_MACCATALYST = NO;
				SUPPORTS_MAC_DESIGNED_FOR_IPHONE_IPAD = NO;
				SWIFT_EMIT_LOC_STRINGS = YES;
				SWIFT_OBJC_BRIDGING_HEADER = "MGUNumKeyboard/Supporting Files/MGUNumKeyboard-Bridging-Header.h";
				SWIFT_OPTIMIZATION_LEVEL = "-Onone";
				SWIFT_VERSION = 5.0;
				TARGETED_DEVICE_FAMILY = "1,2";
			};
			name = Debug;
		};
		8459030C28F0D71700E50B56 /* Release */ = {
			isa = XCBuildConfiguration;
			buildSettings = {
				ASSETCATALOG_COMPILER_APPICON_NAME = AppIcon;
				ASSETCATALOG_COMPILER_GLOBAL_ACCENT_COLOR_NAME = AccentColor;
				CLANG_ENABLE_MODULES = YES;
				CODE_SIGN_STYLE = Automatic;
				CURRENT_PROJECT_VERSION = 1;
				DEFINES_MODULE = YES;
				DEVELOPMENT_TEAM = 42X7W4DHQ6;
				FRAMEWORK_SEARCH_PATHS = (
					"$(inherited)",
					"$(PROJECT_DIR)/../IosLib",
				);
				GENERATE_INFOPLIST_FILE = YES;
				INFOPLIST_FILE = "MGUNumKeyboard/Supporting Files/Info.plist";
				INFOPLIST_KEY_UIApplicationSupportsIndirectInputEvents = YES;
				INFOPLIST_KEY_UILaunchStoryboardName = LaunchScreen;
				INFOPLIST_KEY_UISupportedInterfaceOrientations = UIInterfaceOrientationPortrait;
				INFOPLIST_KEY_UISupportedInterfaceOrientations_iPad = "UIInterfaceOrientationLandscapeLeft UIInterfaceOrientationLandscapeRight UIInterfaceOrientationPortrait UIInterfaceOrientationPortraitUpsideDown";
				LD_RUNPATH_SEARCH_PATHS = (
					"$(inherited)",
					"@executable_path/Frameworks",
				);
				MACH_O_TYPE = mh_execute;
				MARKETING_VERSION = 1.0;
				OTHER_LDFLAGS = "-ObjC";
				PRODUCT_BUNDLE_IDENTIFIER = com.mulgrim.MGUNumKeyboard;
				PRODUCT_NAME = "$(TARGET_NAME)";
				SUPPORTED_PLATFORMS = "iphoneos iphonesimulator";
				SUPPORTS_MACCATALYST = NO;
				SUPPORTS_MAC_DESIGNED_FOR_IPHONE_IPAD = NO;
				SWIFT_EMIT_LOC_STRINGS = YES;
				SWIFT_OBJC_BRIDGING_HEADER = "MGUNumKeyboard/Supporting Files/MGUNumKeyboard-Bridging-Header.h";
				SWIFT_VERSION = 5.0;
				TARGETED_DEVICE_FAMILY = "1,2";
			};
			name = Release;
		};
/* End XCBuildConfiguration section */

/* Begin XCConfigurationList section */
		845902F128F0D71600E50B56 /* Build configuration list for PBXProject "MGUNumKeyboard" */ = {
			isa = XCConfigurationList;
			buildConfigurations = (
				8459030828F0D71700E50B56 /* Debug */,
				8459030928F0D71700E50B56 /* Release */,
			);
			defaultConfigurationIsVisible = 0;
			defaultConfigurationName = Release;
		};
		8459030A28F0D71700E50B56 /* Build configuration list for PBXNativeTarget "MGUNumKeyboard" */ = {
			isa = XCConfigurationList;
			buildConfigurations = (
				8459030B28F0D71700E50B56 /* Debug */,
				8459030C28F0D71700E50B56 /* Release */,
			);
			defaultConfigurationIsVisible = 0;
			defaultConfigurationName = Release;
		};
/* End XCConfigurationList section */
	};
	rootObject = 845902EE28F0D71600E50B56 /* Project object */;
}
